{
  "version": 4,
  "terraform_version": "1.15.0",
  "serial": 457,
  "lineage": "c80ab762-cd5b-567e-7eba-d5e6a0be7359",
  "outputs": {
    "ansible_inventory": {
      "value": "# Ansible Inventory - Auto-generated by Terraform\n# Generated at: 2026-04-30T11:34:20Z\n\nall:\n  vars:\n    ansible_user: ubuntu\n    ansible_python_interpreter: /usr/bin/python3\n    # SSH config handles ProxyJump - no need for ProxyCommand here\n\n    # Project variables\n    project_name: p-202603061651\n    environment: perf-test\n    region: eu-west-2\n\n    # Kubernetes configuration\n    k8s_version: \"1.28/stable\"\n    k8s_cluster_name: \"mojaloop-perf\"\n\n  children:\n    bastion:\n      hosts:\n        bastion-host:\n          ansible_host: 18.135.5.63\n          ansible_ssh_common_args: '-o StrictHostKeyChecking=no'\n          public_ip: 18.135.5.63\n          private_ip: 10.112.1.25\n          instance_id: i-08eb325b44b9cf2a9\n\n    switch:\n      hosts:\n        sw1-kafka-ctrl-1:\n          ansible_host: sw1-kafka-ctrl-1  # Use hostname from SSH config\n          private_ip: 10.112.2.65\n          instance_id: i-0c0bd218ec2a953ed\n          instance_type: m4.2xlarge\n          role: ml-sw\n          k8s_role: control-plane\n        sw1-kafka-n1:\n          ansible_host: sw1-kafka-n1  # Use hostname from SSH config\n          private_ip: 10.112.2.7\n          instance_id: i-0ae4f8005b3500c32\n          instance_type: m4.2xlarge\n          role: ml-sw\n          k8s_role: control-plane\n        sw1-kafka-n2:\n          ansible_host: sw1-kafka-n2  # Use hostname from SSH config\n          private_ip: 10.112.2.189\n          instance_id: i-08cc8accff20e53af\n          instance_type: m4.2xlarge\n          role: ml-sw\n          k8s_role: control-plane\n        sw1-kafka-n3:\n          ansible_host: sw1-kafka-n3  # Use hostname from SSH config\n          private_ip: 10.112.2.236\n          instance_id: i-0397e512910a52d5d\n          instance_type: m4.2xlarge\n          role: ml-sw\n          k8s_role: control-plane\n        sw1-monitoring:\n          ansible_host: sw1-monitoring  # Use hostname from SSH config\n          private_ip: 10.112.2.23\n          instance_id: i-08ddf18a24b0b1374\n          instance_type: m4.2xlarge\n          role: ml-sw\n          k8s_role: control-plane\n        sw1-mysql:\n          ansible_host: sw1-mysql  # Use hostname from SSH config\n          private_ip: 10.112.2.102\n          instance_id: i-02a5e7ba88d73b6fc\n          instance_type: m4.2xlarge\n          role: ml-sw\n          k8s_role: control-plane\n        sw1-n1:\n          ansible_host: sw1-n1  # Use hostname from SSH config\n          private_ip: 10.112.2.166\n          instance_id: i-009eb70a522b15893\n          instance_type: m4.2xlarge\n          role: ml-sw\n          k8s_role: control-plane\n        sw1-n2:\n          ansible_host: sw1-n2  # Use hostname from SSH config\n          private_ip: 10.112.2.191\n          instance_id: i-035cd05f99a017223\n          instance_type: m4.2xlarge\n          role: ml-sw\n          k8s_role: control-plane\n        sw1-n3:\n          ansible_host: sw1-n3  # Use hostname from SSH config\n          private_ip: 10.112.2.41\n          instance_id: i-0adb2f908a44d5aab\n          instance_type: m4.2xlarge\n          role: ml-sw\n          k8s_role: control-plane\n\n    dfsps:\n      hosts:\n        fsp201:\n          ansible_host: fsp201  # Use hostname from SSH config\n          private_ip: 10.112.2.222\n          instance_id: i-068de0e1fefcf9228\n          instance_type: m4.xlarge\n          role: ml-dfsp\n          k8s_role: worker\n        fsp202:\n          ansible_host: fsp202  # Use hostname from SSH config\n          private_ip: 10.112.2.57\n          instance_id: i-089898425cd15c20e\n          instance_type: m4.xlarge\n          role: ml-dfsp\n          k8s_role: worker\n        fsp203:\n          ansible_host: fsp203  # Use hostname from SSH config\n          private_ip: 10.112.2.134\n          instance_id: i-0a058a9eabe157327\n          instance_type: m4.xlarge\n          role: ml-dfsp\n          k8s_role: worker\n        fsp204:\n          ansible_host: fsp204  # Use hostname from SSH config\n          private_ip: 10.112.2.185\n          instance_id: i-0fe0c289bbdf88e6a\n          instance_type: m4.xlarge\n          role: ml-dfsp\n          k8s_role: worker\n        fsp205:\n          ansible_host: fsp205  # Use hostname from SSH config\n          private_ip: 10.112.2.92\n          instance_id: i-08dc8ed35e0d5fe8d\n          instance_type: m4.xlarge\n          role: ml-dfsp\n          k8s_role: worker\n        fsp206:\n          ansible_host: fsp206  # Use hostname from SSH config\n          private_ip: 10.112.2.160\n          instance_id: i-0b74098dc5cd699f5\n          instance_type: m4.xlarge\n          role: ml-dfsp\n          k8s_role: worker\n        fsp207:\n          ansible_host: fsp207  # Use hostname from SSH config\n          private_ip: 10.112.2.116\n          instance_id: i-0d2e7e15209b9f87e\n          instance_type: m4.xlarge\n          role: ml-dfsp\n          k8s_role: worker\n        fsp208:\n          ansible_host: fsp208  # Use hostname from SSH config\n          private_ip: 10.112.2.15\n          instance_id: i-053ad36fc419fdddf\n          instance_type: m4.xlarge\n          role: ml-dfsp\n          k8s_role: worker\n        k6:\n          ansible_host: k6  # Use hostname from SSH config\n          private_ip: 10.112.2.129\n          instance_id: i-0c4d19aa28b2bcd40\n          instance_type: m4.xlarge\n          role: ml-dfsp\n          k8s_role: worker\n\n    # Grouping by Kubernetes roles\n    k8s_control_plane:\n      hosts:\n        sw1-kafka-ctrl-1:\n        sw1-kafka-n1:\n        sw1-kafka-n2:\n        sw1-kafka-n3:\n        sw1-monitoring:\n        sw1-mysql:\n        sw1-n1:\n        sw1-n2:\n        sw1-n3:\n\n    k8s_workers:\n      hosts:\n        fsp201:\n        fsp202:\n        fsp203:\n        fsp204:\n        fsp205:\n        fsp206:\n        fsp207:\n        fsp208:\n        k6:\n\n    # Grouping all k8s nodes\n    k8s_cluster:\n      children:\n        k8s_control_plane:\n        k8s_workers:\n      # Note: k8s networking vars are now in config.yaml and read by Ansible",
      "type": "string"
    },
    "bastion_instance_id": {
      "value": "i-08eb325b44b9cf2a9",
      "type": "string"
    },
    "bastion_private_ip": {
      "value": "10.112.1.25",
      "type": "string"
    },
    "bastion_public_ip": {
      "value": "18.135.5.63",
      "type": "string"
    },
    "bastion_security_group_id": {
      "value": "sg-05a7850f72345b889",
      "type": "string"
    },
    "dfsp_nodes": {
      "value": {
        "fsp201": {
          "instance_id": "i-068de0e1fefcf9228",
          "name": "fsp201",
          "private_ip": "10.112.2.222"
        },
        "fsp202": {
          "instance_id": "i-089898425cd15c20e",
          "name": "fsp202",
          "private_ip": "10.112.2.57"
        },
        "fsp203": {
          "instance_id": "i-0a058a9eabe157327",
          "name": "fsp203",
          "private_ip": "10.112.2.134"
        },
        "fsp204": {
          "instance_id": "i-0fe0c289bbdf88e6a",
          "name": "fsp204",
          "private_ip": "10.112.2.185"
        },
        "fsp205": {
          "instance_id": "i-08dc8ed35e0d5fe8d",
          "name": "fsp205",
          "private_ip": "10.112.2.92"
        },
        "fsp206": {
          "instance_id": "i-0b74098dc5cd699f5",
          "name": "fsp206",
          "private_ip": "10.112.2.160"
        },
        "fsp207": {
          "instance_id": "i-0d2e7e15209b9f87e",
          "name": "fsp207",
          "private_ip": "10.112.2.116"
        },
        "fsp208": {
          "instance_id": "i-053ad36fc419fdddf",
          "name": "fsp208",
          "private_ip": "10.112.2.15"
        },
        "k6": {
          "instance_id": "i-0c4d19aa28b2bcd40",
          "name": "k6",
          "private_ip": "10.112.2.129"
        }
      },
      "type": [
        "object",
        {
          "fsp201": [
            "object",
            {
              "instance_id": "string",
              "name": "string",
              "private_ip": "string"
            }
          ],
          "fsp202": [
            "object",
            {
              "instance_id": "string",
              "name": "string",
              "private_ip": "string"
            }
          ],
          "fsp203": [
            "object",
            {
              "instance_id": "string",
              "name": "string",
              "private_ip": "string"
            }
          ],
          "fsp204": [
            "object",
            {
              "instance_id": "string",
              "name": "string",
              "private_ip": "string"
            }
          ],
          "fsp205": [
            "object",
            {
              "instance_id": "string",
              "name": "string",
              "private_ip": "string"
            }
          ],
          "fsp206": [
            "object",
            {
              "instance_id": "string",
              "name": "string",
              "private_ip": "string"
            }
          ],
          "fsp207": [
            "object",
            {
              "instance_id": "string",
              "name": "string",
              "private_ip": "string"
            }
          ],
          "fsp208": [
            "object",
            {
              "instance_id": "string",
              "name": "string",
              "private_ip": "string"
            }
          ],
          "k6": [
            "object",
            {
              "instance_id": "string",
              "name": "string",
              "private_ip": "string"
            }
          ]
        }
      ]
    },
    "internal_security_group_id": {
      "value": "sg-04de874c6c25d6ef1",
      "type": "string"
    },
    "nlb_arn": {
      "value": "arn:aws:elasticloadbalancing:eu-west-2:886403637725:loadbalancer/net/p-202603061651-switch-nlb/8d3362f8ec3979a3",
      "type": "string"
    },
    "nlb_dns_name": {
      "value": "p-202603061651-switch-nlb-8d3362f8ec3979a3.elb.eu-west-2.amazonaws.com",
      "type": "string"
    },
    "nlb_zone_id": {
      "value": "ZD4D7Y8KGAS4G",
      "type": "string"
    },
    "placement_group_id": {
      "value": "p-202603061651-cluster-pg",
      "type": "string"
    },
    "placement_group_name": {
      "value": "p-202603061651-cluster-pg",
      "type": "string"
    },
    "private_subnet_id": {
      "value": "subnet-0f11d2b15dab58cc0",
      "type": "string"
    },
    "public_subnet_id": {
      "value": "subnet-0d7a99328fa4c8c35",
      "type": "string"
    },
    "ssh_bastion_command": {
      "value": "ssh -i ~/.ssh/ndelma-gtm-202504091000.pem ubuntu@18.135.5.63",
      "type": "string"
    },
    "ssh_config_file": {
      "value": "../../../performance-tests/results/500tps/artifacts/ssh-config",
      "type": "string"
    },
    "switch_nodes": {
      "value": {
        "sw1-kafka-ctrl-1": {
          "instance_id": "i-0c0bd218ec2a953ed",
          "name": "sw1-kafka-ctrl-1",
          "private_ip": "10.112.2.65"
        },
        "sw1-kafka-n1": {
          "instance_id": "i-0ae4f8005b3500c32",
          "name": "sw1-kafka-n1",
          "private_ip": "10.112.2.7"
        },
        "sw1-kafka-n2": {
          "instance_id": "i-08cc8accff20e53af",
          "name": "sw1-kafka-n2",
          "private_ip": "10.112.2.189"
        },
        "sw1-kafka-n3": {
          "instance_id": "i-0397e512910a52d5d",
          "name": "sw1-kafka-n3",
          "private_ip": "10.112.2.236"
        },
        "sw1-monitoring": {
          "instance_id": "i-08ddf18a24b0b1374",
          "name": "sw1-monitoring",
          "private_ip": "10.112.2.23"
        },
        "sw1-mysql": {
          "instance_id": "i-02a5e7ba88d73b6fc",
          "name": "sw1-mysql",
          "private_ip": "10.112.2.102"
        },
        "sw1-n1": {
          "instance_id": "i-009eb70a522b15893",
          "name": "sw1-n1",
          "private_ip": "10.112.2.166"
        },
        "sw1-n2": {
          "instance_id": "i-035cd05f99a017223",
          "name": "sw1-n2",
          "private_ip": "10.112.2.191"
        },
        "sw1-n3": {
          "instance_id": "i-0adb2f908a44d5aab",
          "name": "sw1-n3",
          "private_ip": "10.112.2.41"
        }
      },
      "type": [
        "object",
        {
          "sw1-kafka-ctrl-1": [
            "object",
            {
              "instance_id": "string",
              "name": "string",
              "private_ip": "string"
            }
          ],
          "sw1-kafka-n1": [
            "object",
            {
              "instance_id": "string",
              "name": "string",
              "private_ip": "string"
            }
          ],
          "sw1-kafka-n2": [
            "object",
            {
              "instance_id": "string",
              "name": "string",
              "private_ip": "string"
            }
          ],
          "sw1-kafka-n3": [
            "object",
            {
              "instance_id": "string",
              "name": "string",
              "private_ip": "string"
            }
          ],
          "sw1-monitoring": [
            "object",
            {
              "instance_id": "string",
              "name": "string",
              "private_ip": "string"
            }
          ],
          "sw1-mysql": [
            "object",
            {
              "instance_id": "string",
              "name": "string",
              "private_ip": "string"
            }
          ],
          "sw1-n1": [
            "object",
            {
              "instance_id": "string",
              "name": "string",
              "private_ip": "string"
            }
          ],
          "sw1-n2": [
            "object",
            {
              "instance_id": "string",
              "name": "string",
              "private_ip": "string"
            }
          ],
          "sw1-n3": [
            "object",
            {
              "instance_id": "string",
              "name": "string",
              "private_ip": "string"
            }
          ]
        }
      ]
    },
    "vpc_id": {
      "value": "vpc-0fc7811d471daa9a9",
      "type": "string"
    }
  },
  "resources": [
    {
      "mode": "data",
      "type": "aws_availability_zones",
      "name": "available",
      "provider": "provider[\"registry.terraform.io/hashicorp/aws\"]",
      "instances": [
        {
          "schema_version": 0,
          "attributes": {
            "all_availability_zones": null,
            "exclude_names": null,
            "exclude_zone_ids": null,
            "filter": null,
            "group_names": [
              "eu-west-2-zg-1"
            ],
            "id": "eu-west-2",
            "names": [
              "eu-west-2a",
              "eu-west-2b",
              "eu-west-2c"
            ],
            "state": "available",
            "timeouts": null,
            "zone_ids": [
              "euw2-az2",
              "euw2-az3",
              "euw2-az1"
            ]
          },
          "sensitive_attributes": [],
          "identity_schema_version": 0
        }
      ]
    },
    {
      "mode": "data",
      "type": "aws_key_pair",
      "name": "existing",
      "provider": "provider[\"registry.terraform.io/hashicorp/aws\"]",
      "instances": [
        {
          "schema_version": 0,
          "attributes": {
            "arn": "arn:aws:ec2:eu-west-2:886403637725:key-pair/ndelma-gtm-202504091000",
            "create_time": "2025-04-09T10:00:52Z",
            "filter": null,
            "fingerprint": "bc:aa:dd:8f:7b:09:30:8e:96:50:ec:e1:b2:28:97:14:e4:7e:92:55",
            "id": "key-0cffbfbfa04651b09",
            "include_public_key": false,
            "key_name": "ndelma-gtm-202504091000",
            "key_pair_id": "key-0cffbfbfa04651b09",
            "key_type": "rsa",
            "public_key": "",
            "tags": {},
            "timeouts": null
          },
          "sensitive_attributes": [],
          "identity_schema_version": 0
        }
      ]
    },
    {
      "mode": "managed",
      "type": "aws_eip",
      "name": "nat",
      "provider": "provider[\"registry.terraform.io/hashicorp/aws\"]",
      "instances": [
        {
          "schema_version": 0,
          "attributes": {
            "address": null,
            "allocation_id": "eipalloc-08ba4e5f490eabb3f",
            "arn": "arn:aws:ec2:eu-west-2:886403637725:elastic-ip/eipalloc-08ba4e5f490eabb3f",
            "associate_with_private_ip": null,
            "association_id": "",
            "carrier_ip": "",
            "customer_owned_ip": "",
            "customer_owned_ipv4_pool": "",
            "domain": "vpc",
            "id": "eipalloc-08ba4e5f490eabb3f",
            "instance": "",
            "ipam_pool_id": null,
            "network_border_group": "eu-west-2",
            "network_interface": "",
            "private_dns": null,
            "private_ip": "",
            "ptr_record": "",
            "public_dns": "ec2-13-135-11-165.eu-west-2.compute.amazonaws.com",
            "public_ip": "13.135.11.165",
            "public_ipv4_pool": "amazon",
            "tags": {
              "CreatedAt": "2026-04-30T11:33:14Z",
              "Environment": "perf-test",
              "ManagedBy": "Terraform",
              "Name": "p-202603061651-nat-eip",
              "Project": "p-202603061651"
            },
            "tags_all": {
              "CreatedAt": "2026-04-30T11:33:14Z",
              "Environment": "perf-test",
              "ManagedBy": "Terraform",
              "Name": "p-202603061651-nat-eip",
              "Project": "p-202603061651"
            },
            "timeouts": null,
            "vpc": true
          },
          "sensitive_attributes": [],
          "identity_schema_version": 0,
          "private": "eyJlMmJmYjczMC1lY2FhLTExZTYtOGY4OC0zNDM2M2JjN2M0YzAiOnsiZGVsZXRlIjoxODAwMDAwMDAwMDAsInJlYWQiOjkwMDAwMDAwMDAwMCwidXBkYXRlIjozMDAwMDAwMDAwMDB9fQ==",
          "dependencies": [
            "aws_internet_gateway.main",
            "aws_vpc.main"
          ]
        }
      ]
    },
    {
      "mode": "managed",
      "type": "aws_instance",
      "name": "bastion",
      "provider": "provider[\"registry.terraform.io/hashicorp/aws\"]",
      "instances": [
        {
          "index_key": 0,
          "schema_version": 1,
          "attributes": {
            "ami": "ami-044415bb13eee2391",
            "arn": "arn:aws:ec2:eu-west-2:886403637725:instance/i-08eb325b44b9cf2a9",
            "associate_public_ip_address": true,
            "availability_zone": "eu-west-2a",
            "capacity_reservation_specification": [
              {
                "capacity_reservation_preference": "open",
                "capacity_reservation_target": []
              }
            ],
            "cpu_core_count": 1,
            "cpu_options": [
              {
                "amd_sev_snp": "",
                "core_count": 1,
                "threads_per_core": 2
              }
            ],
            "cpu_threads_per_core": 2,
            "credit_specification": [
              {
                "cpu_credits": "unlimited"
              }
            ],
            "disable_api_stop": false,
            "disable_api_termination": false,
            "ebs_block_device": [],
            "ebs_optimized": false,
            "enable_primary_ipv6": null,
            "enclave_options": [
              {
                "enabled": false
              }
            ],
            "ephemeral_block_device": [],
            "get_password_data": false,
            "hibernation": false,
            "host_id": "",
            "host_resource_group_arn": null,
            "iam_instance_profile": "",
            "id": "i-08eb325b44b9cf2a9",
            "instance_initiated_shutdown_behavior": "stop",
            "instance_lifecycle": "",
            "instance_market_options": [],
            "instance_state": "running",
            "instance_type": "t3.small",
            "ipv6_address_count": 0,
            "ipv6_addresses": [],
            "key_name": "ndelma-gtm-202504091000",
            "launch_template": [],
            "maintenance_options": [
              {
                "auto_recovery": "default"
              }
            ],
            "metadata_options": [
              {
                "http_endpoint": "enabled",
                "http_protocol_ipv6": "disabled",
                "http_put_response_hop_limit": 2,
                "http_tokens": "required",
                "instance_metadata_tags": "disabled"
              }
            ],
            "monitoring": true,
            "network_interface": [],
            "outpost_arn": "",
            "password_data": "",
            "placement_group": "",
            "placement_partition_number": 0,
            "primary_network_interface_id": "eni-018c0c87e77e81e9c",
            "private_dns": "ip-10-112-1-25.eu-west-2.compute.internal",
            "private_dns_name_options": [
              {
                "enable_resource_name_dns_a_record": false,
                "enable_resource_name_dns_aaaa_record": false,
                "hostname_type": "ip-name"
              }
            ],
            "private_ip": "10.112.1.25",
            "public_dns": "ec2-18-135-5-63.eu-west-2.compute.amazonaws.com",
            "public_ip": "18.135.5.63",
            "root_block_device": [
              {
                "delete_on_termination": true,
                "device_name": "/dev/sda1",
                "encrypted": true,
                "iops": 3000,
                "kms_key_id": "arn:aws:kms:eu-west-2:886403637725:key/b22ce7a5-0dd6-47d8-b624-314db3e7f934",
                "tags": {
                  "CreatedAt": "2026-04-30T11:33:14Z",
                  "Environment": "perf-test",
                  "ManagedBy": "Terraform",
                  "Name": "p-202603061651-bastion-root",
                  "Project": "p-202603061651"
                },
                "tags_all": {
                  "CreatedAt": "2026-04-30T11:33:14Z",
                  "Environment": "perf-test",
                  "ManagedBy": "Terraform",
                  "Name": "p-202603061651-bastion-root",
                  "Project": "p-202603061651"
                },
                "throughput": 125,
                "volume_id": "vol-01f0e660f1d1632eb",
                "volume_size": 16,
                "volume_type": "gp3"
              }
            ],
            "secondary_private_ips": [],
            "security_groups": [],
            "source_dest_check": true,
            "spot_instance_request_id": "",
            "subnet_id": "subnet-0d7a99328fa4c8c35",
            "tags": {
              "CreatedAt": "2026-04-30T11:33:14Z",
              "Environment": "perf-test",
              "ManagedBy": "Terraform",
              "Name": "p-202603061651-bastion",
              "Project": "p-202603061651",
              "Purpose": "SSH jump host",
              "Role": "bastion"
            },
            "tags_all": {
              "CreatedAt": "2026-04-30T11:33:14Z",
              "Environment": "perf-test",
              "ManagedBy": "Terraform",
              "Name": "p-202603061651-bastion",
              "Project": "p-202603061651",
              "Purpose": "SSH jump host",
              "Role": "bastion"
            },
            "tenancy": "default",
            "timeouts": null,
            "user_data": "eecbf8f3eb871a4065008b8ddd5ed0a86726f8f0",
            "user_data_base64": null,
            "user_data_replace_on_change": false,
            "volume_tags": null,
            "vpc_security_group_ids": [
              "sg-05a7850f72345b889"
            ]
          },
          "sensitive_attributes": [],
          "identity_schema_version": 0,
          "private": "eyJlMmJmYjczMC1lY2FhLTExZTYtOGY4OC0zNDM2M2JjN2M0YzAiOnsiY3JlYXRlIjo2MDAwMDAwMDAwMDAsImRlbGV0ZSI6MTIwMDAwMDAwMDAwMCwicmVhZCI6OTAwMDAwMDAwMDAwLCJ1cGRhdGUiOjYwMDAwMDAwMDAwMH0sInNjaGVtYV92ZXJzaW9uIjoiMSJ9",
          "dependencies": [
            "aws_security_group.bastion",
            "aws_subnet.public",
            "aws_vpc.main",
            "data.aws_availability_zones.available",
            "data.aws_key_pair.existing"
          ]
        }
      ]
    },
    {
      "mode": "managed",
      "type": "aws_instance",
      "name": "dfsp",
      "provider": "provider[\"registry.terraform.io/hashicorp/aws\"]",
      "instances": [
        {
          "index_key": "fsp201",
          "schema_version": 1,
          "attributes": {
            "ami": "ami-044415bb13eee2391",
            "arn": "arn:aws:ec2:eu-west-2:886403637725:instance/i-068de0e1fefcf9228",
            "associate_public_ip_address": false,
            "availability_zone": "eu-west-2a",
            "capacity_reservation_specification": [
              {
                "capacity_reservation_preference": "open",
                "capacity_reservation_target": []
              }
            ],
            "cpu_core_count": 4,
            "cpu_options": [
              {
                "amd_sev_snp": "",
                "core_count": 4,
                "threads_per_core": 2
              }
            ],
            "cpu_threads_per_core": 2,
            "credit_specification": [],
            "disable_api_stop": false,
            "disable_api_termination": false,
            "ebs_block_device": [],
            "ebs_optimized": false,
            "enable_primary_ipv6": null,
            "enclave_options": [
              {
                "enabled": false
              }
            ],
            "ephemeral_block_device": [],
            "get_password_data": false,
            "hibernation": false,
            "host_id": "",
            "host_resource_group_arn": null,
            "iam_instance_profile": "",
            "id": "i-068de0e1fefcf9228",
            "instance_initiated_shutdown_behavior": "stop",
            "instance_lifecycle": "",
            "instance_market_options": [],
            "instance_state": "running",
            "instance_type": "m7i.2xlarge",
            "ipv6_address_count": 0,
            "ipv6_addresses": [],
            "key_name": "ndelma-gtm-202504091000",
            "launch_template": [],
            "maintenance_options": [
              {
                "auto_recovery": "default"
              }
            ],
            "metadata_options": [
              {
                "http_endpoint": "enabled",
                "http_protocol_ipv6": "disabled",
                "http_put_response_hop_limit": 2,
                "http_tokens": "required",
                "instance_metadata_tags": "disabled"
              }
            ],
            "monitoring": true,
            "network_interface": [],
            "outpost_arn": "",
            "password_data": "",
            "placement_group": "p-202603061651-cluster-pg",
            "placement_partition_number": 0,
            "primary_network_interface_id": "eni-098fb91b0f46cc93c",
            "private_dns": "ip-10-112-2-222.eu-west-2.compute.internal",
            "private_dns_name_options": [
              {
                "enable_resource_name_dns_a_record": false,
                "enable_resource_name_dns_aaaa_record": false,
                "hostname_type": "ip-name"
              }
            ],
            "private_ip": "10.112.2.222",
            "public_dns": "",
            "public_ip": "",
            "root_block_device": [
              {
                "delete_on_termination": true,
                "device_name": "/dev/sda1",
                "encrypted": true,
                "iops": 10000,
                "kms_key_id": "arn:aws:kms:eu-west-2:886403637725:key/b22ce7a5-0dd6-47d8-b624-314db3e7f934",
                "tags": {
                  "CreatedAt": "2026-04-30T11:33:14Z",
                  "Environment": "perf-test",
                  "ManagedBy": "Terraform",
                  "Name": "p-202603061651-fsp201-root",
                  "Project": "p-202603061651"
                },
                "tags_all": {
                  "CreatedAt": "2026-04-30T11:33:14Z",
                  "Environment": "perf-test",
                  "ManagedBy": "Terraform",
                  "Name": "p-202603061651-fsp201-root",
                  "Project": "p-202603061651"
                },
                "throughput": 500,
                "volume_id": "vol-0073310cf8ec03996",
                "volume_size": 128,
                "volume_type": "gp3"
              }
            ],
            "secondary_private_ips": [],
            "security_groups": [],
            "source_dest_check": true,
            "spot_instance_request_id": "",
            "subnet_id": "subnet-0f11d2b15dab58cc0",
            "tags": {
              "CreatedAt": "2026-04-30T11:33:14Z",
              "Environment": "perf-test",
              "ManagedBy": "Terraform",
              "Name": "p-202603061651-fsp201",
              "NodeNumber": "101",
              "Project": "p-202603061651",
              "Role": "ml-dfsp"
            },
            "tags_all": {
              "CreatedAt": "2026-04-30T11:33:14Z",
              "Environment": "perf-test",
              "ManagedBy": "Terraform",
              "Name": "p-202603061651-fsp201",
              "NodeNumber": "101",
              "Project": "p-202603061651",
              "Role": "ml-dfsp"
            },
            "tenancy": "default",
            "timeouts": null,
            "user_data": "832a5ab2f9c9ac840f6cb8a8b13c445e31d81d07",
            "user_data_base64": null,
            "user_data_replace_on_change": false,
            "volume_tags": null,
            "vpc_security_group_ids": [
              "sg-04de874c6c25d6ef1"
            ]
          },
          "sensitive_attributes": [],
          "identity_schema_version": 0,
          "private": "eyJlMmJmYjczMC1lY2FhLTExZTYtOGY4OC0zNDM2M2JjN2M0YzAiOnsiY3JlYXRlIjo2MDAwMDAwMDAwMDAsImRlbGV0ZSI6MTIwMDAwMDAwMDAwMCwicmVhZCI6OTAwMDAwMDAwMDAwLCJ1cGRhdGUiOjYwMDAwMDAwMDAwMH0sInNjaGVtYV92ZXJzaW9uIjoiMSJ9",
          "dependencies": [
            "aws_placement_group.cluster",
            "aws_security_group.internal",
            "aws_subnet.private",
            "aws_vpc.main",
            "data.aws_availability_zones.available",
            "data.aws_key_pair.existing"
          ]
        },
        {
          "index_key": "fsp202",
          "schema_version": 1,
          "attributes": {
            "ami": "ami-044415bb13eee2391",
            "arn": "arn:aws:ec2:eu-west-2:886403637725:instance/i-089898425cd15c20e",
            "associate_public_ip_address": false,
            "availability_zone": "eu-west-2a",
            "capacity_reservation_specification": [
              {
                "capacity_reservation_preference": "open",
                "capacity_reservation_target": []
              }
            ],
            "cpu_core_count": 4,
            "cpu_options": [
              {
                "amd_sev_snp": "",
                "core_count": 4,
                "threads_per_core": 2
              }
            ],
            "cpu_threads_per_core": 2,
            "credit_specification": [],
            "disable_api_stop": false,
            "disable_api_termination": false,
            "ebs_block_device": [],
            "ebs_optimized": false,
            "enable_primary_ipv6": null,
            "enclave_options": [
              {
                "enabled": false
              }
            ],
            "ephemeral_block_device": [],
            "get_password_data": false,
            "hibernation": false,
            "host_id": "",
            "host_resource_group_arn": null,
            "iam_instance_profile": "",
            "id": "i-089898425cd15c20e",
            "instance_initiated_shutdown_behavior": "stop",
            "instance_lifecycle": "",
            "instance_market_options": [],
            "instance_state": "running",
            "instance_type": "m7i.2xlarge",
            "ipv6_address_count": 0,
            "ipv6_addresses": [],
            "key_name": "ndelma-gtm-202504091000",
            "launch_template": [],
            "maintenance_options": [
              {
                "auto_recovery": "default"
              }
            ],
            "metadata_options": [
              {
                "http_endpoint": "enabled",
                "http_protocol_ipv6": "disabled",
                "http_put_response_hop_limit": 2,
                "http_tokens": "required",
                "instance_metadata_tags": "disabled"
              }
            ],
            "monitoring": true,
            "network_interface": [],
            "outpost_arn": "",
            "password_data": "",
            "placement_group": "p-202603061651-cluster-pg",
            "placement_partition_number": 0,
            "primary_network_interface_id": "eni-00b3d4d27d0bdc53c",
            "private_dns": "ip-10-112-2-57.eu-west-2.compute.internal",
            "private_dns_name_options": [
              {
                "enable_resource_name_dns_a_record": false,
                "enable_resource_name_dns_aaaa_record": false,
                "hostname_type": "ip-name"
              }
            ],
            "private_ip": "10.112.2.57",
            "public_dns": "",
            "public_ip": "",
            "root_block_device": [
              {
                "delete_on_termination": true,
                "device_name": "/dev/sda1",
                "encrypted": true,
                "iops": 10000,
                "kms_key_id": "arn:aws:kms:eu-west-2:886403637725:key/b22ce7a5-0dd6-47d8-b624-314db3e7f934",
                "tags": {
                  "CreatedAt": "2026-04-30T11:33:14Z",
                  "Environment": "perf-test",
                  "ManagedBy": "Terraform",
                  "Name": "p-202603061651-fsp202-root",
                  "Project": "p-202603061651"
                },
                "tags_all": {
                  "CreatedAt": "2026-04-30T11:33:14Z",
                  "Environment": "perf-test",
                  "ManagedBy": "Terraform",
                  "Name": "p-202603061651-fsp202-root",
                  "Project": "p-202603061651"
                },
                "throughput": 500,
                "volume_id": "vol-0b94941880dd45e65",
                "volume_size": 128,
                "volume_type": "gp3"
              }
            ],
            "secondary_private_ips": [],
            "security_groups": [],
            "source_dest_check": true,
            "spot_instance_request_id": "",
            "subnet_id": "subnet-0f11d2b15dab58cc0",
            "tags": {
              "CreatedAt": "2026-04-30T11:33:14Z",
              "Environment": "perf-test",
              "ManagedBy": "Terraform",
              "Name": "p-202603061651-fsp202",
              "NodeNumber": "102",
              "Project": "p-202603061651",
              "Role": "ml-dfsp"
            },
            "tags_all": {
              "CreatedAt": "2026-04-30T11:33:14Z",
              "Environment": "perf-test",
              "ManagedBy": "Terraform",
              "Name": "p-202603061651-fsp202",
              "NodeNumber": "102",
              "Project": "p-202603061651",
              "Role": "ml-dfsp"
            },
            "tenancy": "default",
            "timeouts": null,
            "user_data": "eb002e98aeab3a45584fda9b0dc29d7c24b5ca80",
            "user_data_base64": null,
            "user_data_replace_on_change": false,
            "volume_tags": null,
            "vpc_security_group_ids": [
              "sg-04de874c6c25d6ef1"
            ]
          },
          "sensitive_attributes": [],
          "identity_schema_version": 0,
          "private": "eyJlMmJmYjczMC1lY2FhLTExZTYtOGY4OC0zNDM2M2JjN2M0YzAiOnsiY3JlYXRlIjo2MDAwMDAwMDAwMDAsImRlbGV0ZSI6MTIwMDAwMDAwMDAwMCwicmVhZCI6OTAwMDAwMDAwMDAwLCJ1cGRhdGUiOjYwMDAwMDAwMDAwMH0sInNjaGVtYV92ZXJzaW9uIjoiMSJ9",
          "dependencies": [
            "aws_placement_group.cluster",
            "aws_security_group.internal",
            "aws_subnet.private",
            "aws_vpc.main",
            "data.aws_availability_zones.available",
            "data.aws_key_pair.existing"
          ]
        },
        {
          "index_key": "fsp203",
          "schema_version": 1,
          "attributes": {
            "ami": "ami-044415bb13eee2391",
            "arn": "arn:aws:ec2:eu-west-2:886403637725:instance/i-0a058a9eabe157327",
            "associate_public_ip_address": false,
            "availability_zone": "eu-west-2a",
            "capacity_reservation_specification": [
              {
                "capacity_reservation_preference": "open",
                "capacity_reservation_target": []
              }
            ],
            "cpu_core_count": 4,
            "cpu_options": [
              {
                "amd_sev_snp": "",
                "core_count": 4,
                "threads_per_core": 2
              }
            ],
            "cpu_threads_per_core": 2,
            "credit_specification": [],
            "disable_api_stop": false,
            "disable_api_termination": false,
            "ebs_block_device": [],
            "ebs_optimized": false,
            "enable_primary_ipv6": null,
            "enclave_options": [
              {
                "enabled": false
              }
            ],
            "ephemeral_block_device": [],
            "get_password_data": false,
            "hibernation": false,
            "host_id": "",
            "host_resource_group_arn": null,
            "iam_instance_profile": "",
            "id": "i-0a058a9eabe157327",
            "instance_initiated_shutdown_behavior": "stop",
            "instance_lifecycle": "",
            "instance_market_options": [],
            "instance_state": "running",
            "instance_type": "m7i.2xlarge",
            "ipv6_address_count": 0,
            "ipv6_addresses": [],
            "key_name": "ndelma-gtm-202504091000",
            "launch_template": [],
            "maintenance_options": [
              {
                "auto_recovery": "default"
              }
            ],
            "metadata_options": [
              {
                "http_endpoint": "enabled",
                "http_protocol_ipv6": "disabled",
                "http_put_response_hop_limit": 2,
                "http_tokens": "required",
                "instance_metadata_tags": "disabled"
              }
            ],
            "monitoring": true,
            "network_interface": [],
            "outpost_arn": "",
            "password_data": "",
            "placement_group": "p-202603061651-cluster-pg",
            "placement_partition_number": 0,
            "primary_network_interface_id": "eni-0beb854da757ca688",
            "private_dns": "ip-10-112-2-134.eu-west-2.compute.internal",
            "private_dns_name_options": [
              {
                "enable_resource_name_dns_a_record": false,
                "enable_resource_name_dns_aaaa_record": false,
                "hostname_type": "ip-name"
              }
            ],
            "private_ip": "10.112.2.134",
            "public_dns": "",
            "public_ip": "",
            "root_block_device": [
              {
                "delete_on_termination": true,
                "device_name": "/dev/sda1",
                "encrypted": true,
                "iops": 10000,
                "kms_key_id": "arn:aws:kms:eu-west-2:886403637725:key/b22ce7a5-0dd6-47d8-b624-314db3e7f934",
                "tags": {
                  "CreatedAt": "2026-04-30T11:33:14Z",
                  "Environment": "perf-test",
                  "ManagedBy": "Terraform",
                  "Name": "p-202603061651-fsp203-root",
                  "Project": "p-202603061651"
                },
                "tags_all": {
                  "CreatedAt": "2026-04-30T11:33:14Z",
                  "Environment": "perf-test",
                  "ManagedBy": "Terraform",
                  "Name": "p-202603061651-fsp203-root",
                  "Project": "p-202603061651"
                },
                "throughput": 500,
                "volume_id": "vol-0bf9770d39cd1889b",
                "volume_size": 128,
                "volume_type": "gp3"
              }
            ],
            "secondary_private_ips": [],
            "security_groups": [],
            "source_dest_check": true,
            "spot_instance_request_id": "",
            "subnet_id": "subnet-0f11d2b15dab58cc0",
            "tags": {
              "CreatedAt": "2026-04-30T11:33:14Z",
              "Environment": "perf-test",
              "ManagedBy": "Terraform",
              "Name": "p-202603061651-fsp203",
              "NodeNumber": "103",
              "Project": "p-202603061651",
              "Role": "ml-dfsp"
            },
            "tags_all": {
              "CreatedAt": "2026-04-30T11:33:14Z",
              "Environment": "perf-test",
              "ManagedBy": "Terraform",
              "Name": "p-202603061651-fsp203",
              "NodeNumber": "103",
              "Project": "p-202603061651",
              "Role": "ml-dfsp"
            },
            "tenancy": "default",
            "timeouts": null,
            "user_data": "37758b1f815f5938a9d91d56f4d75341ad18ff1e",
            "user_data_base64": null,
            "user_data_replace_on_change": false,
            "volume_tags": null,
            "vpc_security_group_ids": [
              "sg-04de874c6c25d6ef1"
            ]
          },
          "sensitive_attributes": [],
          "identity_schema_version": 0,
          "private": "eyJlMmJmYjczMC1lY2FhLTExZTYtOGY4OC0zNDM2M2JjN2M0YzAiOnsiY3JlYXRlIjo2MDAwMDAwMDAwMDAsImRlbGV0ZSI6MTIwMDAwMDAwMDAwMCwicmVhZCI6OTAwMDAwMDAwMDAwLCJ1cGRhdGUiOjYwMDAwMDAwMDAwMH0sInNjaGVtYV92ZXJzaW9uIjoiMSJ9",
          "dependencies": [
            "aws_placement_group.cluster",
            "aws_security_group.internal",
            "aws_subnet.private",
            "aws_vpc.main",
            "data.aws_availability_zones.available",
            "data.aws_key_pair.existing"
          ]
        },
        {
          "index_key": "fsp204",
          "schema_version": 1,
          "attributes": {
            "ami": "ami-044415bb13eee2391",
            "arn": "arn:aws:ec2:eu-west-2:886403637725:instance/i-0fe0c289bbdf88e6a",
            "associate_public_ip_address": false,
            "availability_zone": "eu-west-2a",
            "capacity_reservation_specification": [
              {
                "capacity_reservation_preference": "open",
                "capacity_reservation_target": []
              }
            ],
            "cpu_core_count": 4,
            "cpu_options": [
              {
                "amd_sev_snp": "",
                "core_count": 4,
                "threads_per_core": 2
              }
            ],
            "cpu_threads_per_core": 2,
            "credit_specification": [],
            "disable_api_stop": false,
            "disable_api_termination": false,
            "ebs_block_device": [],
            "ebs_optimized": false,
            "enable_primary_ipv6": null,
            "enclave_options": [
              {
                "enabled": false
              }
            ],
            "ephemeral_block_device": [],
            "get_password_data": false,
            "hibernation": false,
            "host_id": "",
            "host_resource_group_arn": null,
            "iam_instance_profile": "",
            "id": "i-0fe0c289bbdf88e6a",
            "instance_initiated_shutdown_behavior": "stop",
            "instance_lifecycle": "",
            "instance_market_options": [],
            "instance_state": "running",
            "instance_type": "m7i.2xlarge",
            "ipv6_address_count": 0,
            "ipv6_addresses": [],
            "key_name": "ndelma-gtm-202504091000",
            "launch_template": [],
            "maintenance_options": [
              {
                "auto_recovery": "default"
              }
            ],
            "metadata_options": [
              {
                "http_endpoint": "enabled",
                "http_protocol_ipv6": "disabled",
                "http_put_response_hop_limit": 2,
                "http_tokens": "required",
                "instance_metadata_tags": "disabled"
              }
            ],
            "monitoring": true,
            "network_interface": [],
            "outpost_arn": "",
            "password_data": "",
            "placement_group": "p-202603061651-cluster-pg",
            "placement_partition_number": 0,
            "primary_network_interface_id": "eni-0917f93a70b75ceaa",
            "private_dns": "ip-10-112-2-185.eu-west-2.compute.internal",
            "private_dns_name_options": [
              {
                "enable_resource_name_dns_a_record": false,
                "enable_resource_name_dns_aaaa_record": false,
                "hostname_type": "ip-name"
              }
            ],
            "private_ip": "10.112.2.185",
            "public_dns": "",
            "public_ip": "",
            "root_block_device": [
              {
                "delete_on_termination": true,
                "device_name": "/dev/sda1",
                "encrypted": true,
                "iops": 10000,
                "kms_key_id": "arn:aws:kms:eu-west-2:886403637725:key/b22ce7a5-0dd6-47d8-b624-314db3e7f934",
                "tags": {
                  "CreatedAt": "2026-04-30T11:33:14Z",
                  "Environment": "perf-test",
                  "ManagedBy": "Terraform",
                  "Name": "p-202603061651-fsp204-root",
                  "Project": "p-202603061651"
                },
                "tags_all": {
                  "CreatedAt": "2026-04-30T11:33:14Z",
                  "Environment": "perf-test",
                  "ManagedBy": "Terraform",
                  "Name": "p-202603061651-fsp204-root",
                  "Project": "p-202603061651"
                },
                "throughput": 500,
                "volume_id": "vol-069958f9abe9371c2",
                "volume_size": 128,
                "volume_type": "gp3"
              }
            ],
            "secondary_private_ips": [],
            "security_groups": [],
            "source_dest_check": true,
            "spot_instance_request_id": "",
            "subnet_id": "subnet-0f11d2b15dab58cc0",
            "tags": {
              "CreatedAt": "2026-04-30T11:33:14Z",
              "Environment": "perf-test",
              "ManagedBy": "Terraform",
              "Name": "p-202603061651-fsp204",
              "NodeNumber": "104",
              "Project": "p-202603061651",
              "Role": "ml-dfsp"
            },
            "tags_all": {
              "CreatedAt": "2026-04-30T11:33:14Z",
              "Environment": "perf-test",
              "ManagedBy": "Terraform",
              "Name": "p-202603061651-fsp204",
              "NodeNumber": "104",
              "Project": "p-202603061651",
              "Role": "ml-dfsp"
            },
            "tenancy": "default",
            "timeouts": null,
            "user_data": "0fbc67f3110ac8769602b37908707ca76d8ae399",
            "user_data_base64": null,
            "user_data_replace_on_change": false,
            "volume_tags": null,
            "vpc_security_group_ids": [
              "sg-04de874c6c25d6ef1"
            ]
          },
          "sensitive_attributes": [],
          "identity_schema_version": 0,
          "private": "eyJlMmJmYjczMC1lY2FhLTExZTYtOGY4OC0zNDM2M2JjN2M0YzAiOnsiY3JlYXRlIjo2MDAwMDAwMDAwMDAsImRlbGV0ZSI6MTIwMDAwMDAwMDAwMCwicmVhZCI6OTAwMDAwMDAwMDAwLCJ1cGRhdGUiOjYwMDAwMDAwMDAwMH0sInNjaGVtYV92ZXJzaW9uIjoiMSJ9",
          "dependencies": [
            "aws_placement_group.cluster",
            "aws_security_group.internal",
            "aws_subnet.private",
            "aws_vpc.main",
            "data.aws_availability_zones.available",
            "data.aws_key_pair.existing"
          ]
        },
        {
          "index_key": "fsp205",
          "schema_version": 1,
          "attributes": {
            "ami": "ami-044415bb13eee2391",
            "arn": "arn:aws:ec2:eu-west-2:886403637725:instance/i-08dc8ed35e0d5fe8d",
            "associate_public_ip_address": false,
            "availability_zone": "eu-west-2a",
            "capacity_reservation_specification": [
              {
                "capacity_reservation_preference": "open",
                "capacity_reservation_target": []
              }
            ],
            "cpu_core_count": 4,
            "cpu_options": [
              {
                "amd_sev_snp": "",
                "core_count": 4,
                "threads_per_core": 2
              }
            ],
            "cpu_threads_per_core": 2,
            "credit_specification": [],
            "disable_api_stop": false,
            "disable_api_termination": false,
            "ebs_block_device": [],
            "ebs_optimized": false,
            "enable_primary_ipv6": null,
            "enclave_options": [
              {
                "enabled": false
              }
            ],
            "ephemeral_block_device": [],
            "get_password_data": false,
            "hibernation": false,
            "host_id": "",
            "host_resource_group_arn": null,
            "iam_instance_profile": "",
            "id": "i-08dc8ed35e0d5fe8d",
            "instance_initiated_shutdown_behavior": "stop",
            "instance_lifecycle": "",
            "instance_market_options": [],
            "instance_state": "running",
            "instance_type": "m7i.2xlarge",
            "ipv6_address_count": 0,
            "ipv6_addresses": [],
            "key_name": "ndelma-gtm-202504091000",
            "launch_template": [],
            "maintenance_options": [
              {
                "auto_recovery": "default"
              }
            ],
            "metadata_options": [
              {
                "http_endpoint": "enabled",
                "http_protocol_ipv6": "disabled",
                "http_put_response_hop_limit": 2,
                "http_tokens": "required",
                "instance_metadata_tags": "disabled"
              }
            ],
            "monitoring": true,
            "network_interface": [],
            "outpost_arn": "",
            "password_data": "",
            "placement_group": "p-202603061651-cluster-pg",
            "placement_partition_number": 0,
            "primary_network_interface_id": "eni-0a7eb274db75cc232",
            "private_dns": "ip-10-112-2-92.eu-west-2.compute.internal",
            "private_dns_name_options": [
              {
                "enable_resource_name_dns_a_record": false,
                "enable_resource_name_dns_aaaa_record": false,
                "hostname_type": "ip-name"
              }
            ],
            "private_ip": "10.112.2.92",
            "public_dns": "",
            "public_ip": "",
            "root_block_device": [
              {
                "delete_on_termination": true,
                "device_name": "/dev/sda1",
                "encrypted": true,
                "iops": 10000,
                "kms_key_id": "arn:aws:kms:eu-west-2:886403637725:key/b22ce7a5-0dd6-47d8-b624-314db3e7f934",
                "tags": {
                  "CreatedAt": "2026-04-30T11:33:14Z",
                  "Environment": "perf-test",
                  "ManagedBy": "Terraform",
                  "Name": "p-202603061651-fsp205-root",
                  "Project": "p-202603061651"
                },
                "tags_all": {
                  "CreatedAt": "2026-04-30T11:33:14Z",
                  "Environment": "perf-test",
                  "ManagedBy": "Terraform",
                  "Name": "p-202603061651-fsp205-root",
                  "Project": "p-202603061651"
                },
                "throughput": 500,
                "volume_id": "vol-047d4243e4aeea892",
                "volume_size": 128,
                "volume_type": "gp3"
              }
            ],
            "secondary_private_ips": [],
            "security_groups": [],
            "source_dest_check": true,
            "spot_instance_request_id": "",
            "subnet_id": "subnet-0f11d2b15dab58cc0",
            "tags": {
              "CreatedAt": "2026-04-30T11:33:14Z",
              "Environment": "perf-test",
              "ManagedBy": "Terraform",
              "Name": "p-202603061651-fsp205",
              "NodeNumber": "105",
              "Project": "p-202603061651",
              "Role": "ml-dfsp"
            },
            "tags_all": {
              "CreatedAt": "2026-04-30T11:33:14Z",
              "Environment": "perf-test",
              "ManagedBy": "Terraform",
              "Name": "p-202603061651-fsp205",
              "NodeNumber": "105",
              "Project": "p-202603061651",
              "Role": "ml-dfsp"
            },
            "tenancy": "default",
            "timeouts": null,
            "user_data": "5c2ca66328ce5e37cd31112683241ec4a178d9d2",
            "user_data_base64": null,
            "user_data_replace_on_change": false,
            "volume_tags": null,
            "vpc_security_group_ids": [
              "sg-04de874c6c25d6ef1"
            ]
          },
          "sensitive_attributes": [],
          "identity_schema_version": 0,
          "private": "eyJlMmJmYjczMC1lY2FhLTExZTYtOGY4OC0zNDM2M2JjN2M0YzAiOnsiY3JlYXRlIjo2MDAwMDAwMDAwMDAsImRlbGV0ZSI6MTIwMDAwMDAwMDAwMCwicmVhZCI6OTAwMDAwMDAwMDAwLCJ1cGRhdGUiOjYwMDAwMDAwMDAwMH0sInNjaGVtYV92ZXJzaW9uIjoiMSJ9",
          "dependencies": [
            "aws_placement_group.cluster",
            "aws_security_group.internal",
            "aws_subnet.private",
            "aws_vpc.main",
            "data.aws_availability_zones.available",
            "data.aws_key_pair.existing"
          ]
        },
        {
          "index_key": "fsp206",
          "schema_version": 1,
          "attributes": {
            "ami": "ami-044415bb13eee2391",
            "arn": "arn:aws:ec2:eu-west-2:886403637725:instance/i-0b74098dc5cd699f5",
            "associate_public_ip_address": false,
            "availability_zone": "eu-west-2a",
            "capacity_reservation_specification": [
              {
                "capacity_reservation_preference": "open",
                "capacity_reservation_target": []
              }
            ],
            "cpu_core_count": 4,
            "cpu_options": [
              {
                "amd_sev_snp": "",
                "core_count": 4,
                "threads_per_core": 2
              }
            ],
            "cpu_threads_per_core": 2,
            "credit_specification": [],
            "disable_api_stop": false,
            "disable_api_termination": false,
            "ebs_block_device": [],
            "ebs_optimized": false,
            "enable_primary_ipv6": null,
            "enclave_options": [
              {
                "enabled": false
              }
            ],
            "ephemeral_block_device": [],
            "get_password_data": false,
            "hibernation": false,
            "host_id": "",
            "host_resource_group_arn": null,
            "iam_instance_profile": "",
            "id": "i-0b74098dc5cd699f5",
            "instance_initiated_shutdown_behavior": "stop",
            "instance_lifecycle": "",
            "instance_market_options": [],
            "instance_state": "running",
            "instance_type": "m7i.2xlarge",
            "ipv6_address_count": 0,
            "ipv6_addresses": [],
            "key_name": "ndelma-gtm-202504091000",
            "launch_template": [],
            "maintenance_options": [
              {
                "auto_recovery": "default"
              }
            ],
            "metadata_options": [
              {
                "http_endpoint": "enabled",
                "http_protocol_ipv6": "disabled",
                "http_put_response_hop_limit": 2,
                "http_tokens": "required",
                "instance_metadata_tags": "disabled"
              }
            ],
            "monitoring": true,
            "network_interface": [],
            "outpost_arn": "",
            "password_data": "",
            "placement_group": "p-202603061651-cluster-pg",
            "placement_partition_number": 0,
            "primary_network_interface_id": "eni-04f97dade9065e49c",
            "private_dns": "ip-10-112-2-160.eu-west-2.compute.internal",
            "private_dns_name_options": [
              {
                "enable_resource_name_dns_a_record": false,
                "enable_resource_name_dns_aaaa_record": false,
                "hostname_type": "ip-name"
              }
            ],
            "private_ip": "10.112.2.160",
            "public_dns": "",
            "public_ip": "",
            "root_block_device": [
              {
                "delete_on_termination": true,
                "device_name": "/dev/sda1",
                "encrypted": true,
                "iops": 10000,
                "kms_key_id": "arn:aws:kms:eu-west-2:886403637725:key/b22ce7a5-0dd6-47d8-b624-314db3e7f934",
                "tags": {
                  "CreatedAt": "2026-04-30T11:33:14Z",
                  "Environment": "perf-test",
                  "ManagedBy": "Terraform",
                  "Name": "p-202603061651-fsp206-root",
                  "Project": "p-202603061651"
                },
                "tags_all": {
                  "CreatedAt": "2026-04-30T11:33:14Z",
                  "Environment": "perf-test",
                  "ManagedBy": "Terraform",
                  "Name": "p-202603061651-fsp206-root",
                  "Project": "p-202603061651"
                },
                "throughput": 500,
                "volume_id": "vol-03153a1c336d40323",
                "volume_size": 128,
                "volume_type": "gp3"
              }
            ],
            "secondary_private_ips": [],
            "security_groups": [],
            "source_dest_check": true,
            "spot_instance_request_id": "",
            "subnet_id": "subnet-0f11d2b15dab58cc0",
            "tags": {
              "CreatedAt": "2026-04-30T11:33:14Z",
              "Environment": "perf-test",
              "ManagedBy": "Terraform",
              "Name": "p-202603061651-fsp206",
              "NodeNumber": "106",
              "Project": "p-202603061651",
              "Role": "ml-dfsp"
            },
            "tags_all": {
              "CreatedAt": "2026-04-30T11:33:14Z",
              "Environment": "perf-test",
              "ManagedBy": "Terraform",
              "Name": "p-202603061651-fsp206",
              "NodeNumber": "106",
              "Project": "p-202603061651",
              "Role": "ml-dfsp"
            },
            "tenancy": "default",
            "timeouts": null,
            "user_data": "db5614f709b7c5aa287fcab3aa19051279bbc2f6",
            "user_data_base64": null,
            "user_data_replace_on_change": false,
            "volume_tags": null,
            "vpc_security_group_ids": [
              "sg-04de874c6c25d6ef1"
            ]
          },
          "sensitive_attributes": [],
          "identity_schema_version": 0,
          "private": "eyJlMmJmYjczMC1lY2FhLTExZTYtOGY4OC0zNDM2M2JjN2M0YzAiOnsiY3JlYXRlIjo2MDAwMDAwMDAwMDAsImRlbGV0ZSI6MTIwMDAwMDAwMDAwMCwicmVhZCI6OTAwMDAwMDAwMDAwLCJ1cGRhdGUiOjYwMDAwMDAwMDAwMH0sInNjaGVtYV92ZXJzaW9uIjoiMSJ9",
          "dependencies": [
            "aws_placement_group.cluster",
            "aws_security_group.internal",
            "aws_subnet.private",
            "aws_vpc.main",
            "data.aws_availability_zones.available",
            "data.aws_key_pair.existing"
          ]
        },
        {
          "index_key": "fsp207",
          "schema_version": 1,
          "attributes": {
            "ami": "ami-044415bb13eee2391",
            "arn": "arn:aws:ec2:eu-west-2:886403637725:instance/i-0d2e7e15209b9f87e",
            "associate_public_ip_address": false,
            "availability_zone": "eu-west-2a",
            "capacity_reservation_specification": [
              {
                "capacity_reservation_preference": "open",
                "capacity_reservation_target": []
              }
            ],
            "cpu_core_count": 4,
            "cpu_options": [
              {
                "amd_sev_snp": "",
                "core_count": 4,
                "threads_per_core": 2
              }
            ],
            "cpu_threads_per_core": 2,
            "credit_specification": [],
            "disable_api_stop": false,
            "disable_api_termination": false,
            "ebs_block_device": [],
            "ebs_optimized": false,
            "enable_primary_ipv6": null,
            "enclave_options": [
              {
                "enabled": false
              }
            ],
            "ephemeral_block_device": [],
            "get_password_data": false,
            "hibernation": false,
            "host_id": "",
            "host_resource_group_arn": null,
            "iam_instance_profile": "",
            "id": "i-0d2e7e15209b9f87e",
            "instance_initiated_shutdown_behavior": "stop",
            "instance_lifecycle": "",
            "instance_market_options": [],
            "instance_state": "running",
            "instance_type": "m7i.2xlarge",
            "ipv6_address_count": 0,
            "ipv6_addresses": [],
            "key_name": "ndelma-gtm-202504091000",
            "launch_template": [],
            "maintenance_options": [
              {
                "auto_recovery": "default"
              }
            ],
            "metadata_options": [
              {
                "http_endpoint": "enabled",
                "http_protocol_ipv6": "disabled",
                "http_put_response_hop_limit": 2,
                "http_tokens": "required",
                "instance_metadata_tags": "disabled"
              }
            ],
            "monitoring": true,
            "network_interface": [],
            "outpost_arn": "",
            "password_data": "",
            "placement_group": "p-202603061651-cluster-pg",
            "placement_partition_number": 0,
            "primary_network_interface_id": "eni-05b2ee8c7276905e4",
            "private_dns": "ip-10-112-2-116.eu-west-2.compute.internal",
            "private_dns_name_options": [
              {
                "enable_resource_name_dns_a_record": false,
                "enable_resource_name_dns_aaaa_record": false,
                "hostname_type": "ip-name"
              }
            ],
            "private_ip": "10.112.2.116",
            "public_dns": "",
            "public_ip": "",
            "root_block_device": [
              {
                "delete_on_termination": true,
                "device_name": "/dev/sda1",
                "encrypted": true,
                "iops": 10000,
                "kms_key_id": "arn:aws:kms:eu-west-2:886403637725:key/b22ce7a5-0dd6-47d8-b624-314db3e7f934",
                "tags": {
                  "CreatedAt": "2026-04-30T11:33:14Z",
                  "Environment": "perf-test",
                  "ManagedBy": "Terraform",
                  "Name": "p-202603061651-fsp207-root",
                  "Project": "p-202603061651"
                },
                "tags_all": {
                  "CreatedAt": "2026-04-30T11:33:14Z",
                  "Environment": "perf-test",
                  "ManagedBy": "Terraform",
                  "Name": "p-202603061651-fsp207-root",
                  "Project": "p-202603061651"
                },
                "throughput": 500,
                "volume_id": "vol-033f5d7f43cd4ef74",
                "volume_size": 128,
                "volume_type": "gp3"
              }
            ],
            "secondary_private_ips": [],
            "security_groups": [],
            "source_dest_check": true,
            "spot_instance_request_id": "",
            "subnet_id": "subnet-0f11d2b15dab58cc0",
            "tags": {
              "CreatedAt": "2026-04-30T11:33:14Z",
              "Environment": "perf-test",
              "ManagedBy": "Terraform",
              "Name": "p-202603061651-fsp207",
              "NodeNumber": "107",
              "Project": "p-202603061651",
              "Role": "ml-dfsp"
            },
            "tags_all": {
              "CreatedAt": "2026-04-30T11:33:14Z",
              "Environment": "perf-test",
              "ManagedBy": "Terraform",
              "Name": "p-202603061651-fsp207",
              "NodeNumber": "107",
              "Project": "p-202603061651",
              "Role": "ml-dfsp"
            },
            "tenancy": "default",
            "timeouts": null,
            "user_data": "7a97902c57f45a57cc149246812a868d081f9005",
            "user_data_base64": null,
            "user_data_replace_on_change": false,
            "volume_tags": null,
            "vpc_security_group_ids": [
              "sg-04de874c6c25d6ef1"
            ]
          },
          "sensitive_attributes": [],
          "identity_schema_version": 0,
          "private": "eyJlMmJmYjczMC1lY2FhLTExZTYtOGY4OC0zNDM2M2JjN2M0YzAiOnsiY3JlYXRlIjo2MDAwMDAwMDAwMDAsImRlbGV0ZSI6MTIwMDAwMDAwMDAwMCwicmVhZCI6OTAwMDAwMDAwMDAwLCJ1cGRhdGUiOjYwMDAwMDAwMDAwMH0sInNjaGVtYV92ZXJzaW9uIjoiMSJ9",
          "dependencies": [
            "aws_placement_group.cluster",
            "aws_security_group.internal",
            "aws_subnet.private",
            "aws_vpc.main",
            "data.aws_availability_zones.available",
            "data.aws_key_pair.existing"
          ]
        },
        {
          "index_key": "fsp208",
          "schema_version": 1,
          "attributes": {
            "ami": "ami-044415bb13eee2391",
            "arn": "arn:aws:ec2:eu-west-2:886403637725:instance/i-053ad36fc419fdddf",
            "associate_public_ip_address": false,
            "availability_zone": "eu-west-2a",
            "capacity_reservation_specification": [
              {
                "capacity_reservation_preference": "open",
                "capacity_reservation_target": []
              }
            ],
            "cpu_core_count": 4,
            "cpu_options": [
              {
                "amd_sev_snp": "",
                "core_count": 4,
                "threads_per_core": 2
              }
            ],
            "cpu_threads_per_core": 2,
            "credit_specification": [],
            "disable_api_stop": false,
            "disable_api_termination": false,
            "ebs_block_device": [],
            "ebs_optimized": false,
            "enable_primary_ipv6": null,
            "enclave_options": [
              {
                "enabled": false
              }
            ],
            "ephemeral_block_device": [],
            "get_password_data": false,
            "hibernation": false,
            "host_id": "",
            "host_resource_group_arn": null,
            "iam_instance_profile": "",
            "id": "i-053ad36fc419fdddf",
            "instance_initiated_shutdown_behavior": "stop",
            "instance_lifecycle": "",
            "instance_market_options": [],
            "instance_state": "running",
            "instance_type": "m7i.2xlarge",
            "ipv6_address_count": 0,
            "ipv6_addresses": [],
            "key_name": "ndelma-gtm-202504091000",
            "launch_template": [],
            "maintenance_options": [
              {
                "auto_recovery": "default"
              }
            ],
            "metadata_options": [
              {
                "http_endpoint": "enabled",
                "http_protocol_ipv6": "disabled",
                "http_put_response_hop_limit": 2,
                "http_tokens": "required",
                "instance_metadata_tags": "disabled"
              }
            ],
            "monitoring": true,
            "network_interface": [],
            "outpost_arn": "",
            "password_data": "",
            "placement_group": "p-202603061651-cluster-pg",
            "placement_partition_number": 0,
            "primary_network_interface_id": "eni-0542ce72bc4689ac5",
            "private_dns": "ip-10-112-2-15.eu-west-2.compute.internal",
            "private_dns_name_options": [
              {
                "enable_resource_name_dns_a_record": false,
                "enable_resource_name_dns_aaaa_record": false,
                "hostname_type": "ip-name"
              }
            ],
            "private_ip": "10.112.2.15",
            "public_dns": "",
            "public_ip": "",
            "root_block_device": [
              {
                "delete_on_termination": true,
                "device_name": "/dev/sda1",
                "encrypted": true,
                "iops": 10000,
                "kms_key_id": "arn:aws:kms:eu-west-2:886403637725:key/b22ce7a5-0dd6-47d8-b624-314db3e7f934",
                "tags": {
                  "CreatedAt": "2026-04-30T11:33:14Z",
                  "Environment": "perf-test",
                  "ManagedBy": "Terraform",
                  "Name": "p-202603061651-fsp208-root",
                  "Project": "p-202603061651"
                },
                "tags_all": {
                  "CreatedAt": "2026-04-30T11:33:14Z",
                  "Environment": "perf-test",
                  "ManagedBy": "Terraform",
                  "Name": "p-202603061651-fsp208-root",
                  "Project": "p-202603061651"
                },
                "throughput": 500,
                "volume_id": "vol-0f6f3fadd12d72f1e",
                "volume_size": 128,
                "volume_type": "gp3"
              }
            ],
            "secondary_private_ips": [],
            "security_groups": [],
            "source_dest_check": true,
            "spot_instance_request_id": "",
            "subnet_id": "subnet-0f11d2b15dab58cc0",
            "tags": {
              "CreatedAt": "2026-04-30T11:33:14Z",
              "Environment": "perf-test",
              "ManagedBy": "Terraform",
              "Name": "p-202603061651-fsp208",
              "NodeNumber": "108",
              "Project": "p-202603061651",
              "Role": "ml-dfsp"
            },
            "tags_all": {
              "CreatedAt": "2026-04-30T11:33:14Z",
              "Environment": "perf-test",
              "ManagedBy": "Terraform",
              "Name": "p-202603061651-fsp208",
              "NodeNumber": "108",
              "Project": "p-202603061651",
              "Role": "ml-dfsp"
            },
            "tenancy": "default",
            "timeouts": null,
            "user_data": "8daa8440fac7b496f756f6dc5fa38e882bfb280f",
            "user_data_base64": null,
            "user_data_replace_on_change": false,
            "volume_tags": null,
            "vpc_security_group_ids": [
              "sg-04de874c6c25d6ef1"
            ]
          },
          "sensitive_attributes": [],
          "identity_schema_version": 0,
          "private": "eyJlMmJmYjczMC1lY2FhLTExZTYtOGY4OC0zNDM2M2JjN2M0YzAiOnsiY3JlYXRlIjo2MDAwMDAwMDAwMDAsImRlbGV0ZSI6MTIwMDAwMDAwMDAwMCwicmVhZCI6OTAwMDAwMDAwMDAwLCJ1cGRhdGUiOjYwMDAwMDAwMDAwMH0sInNjaGVtYV92ZXJzaW9uIjoiMSJ9",
          "dependencies": [
            "aws_placement_group.cluster",
            "aws_security_group.internal",
            "aws_subnet.private",
            "aws_vpc.main",
            "data.aws_availability_zones.available",
            "data.aws_key_pair.existing"
          ]
        },
        {
          "index_key": "k6",
          "schema_version": 1,
          "attributes": {
            "ami": "ami-044415bb13eee2391",
            "arn": "arn:aws:ec2:eu-west-2:886403637725:instance/i-0c4d19aa28b2bcd40",
            "associate_public_ip_address": false,
            "availability_zone": "eu-west-2a",
            "capacity_reservation_specification": [
              {
                "capacity_reservation_preference": "open",
                "capacity_reservation_target": []
              }
            ],
            "cpu_core_count": 8,
            "cpu_options": [
              {
                "amd_sev_snp": "",
                "core_count": 8,
                "threads_per_core": 2
              }
            ],
            "cpu_threads_per_core": 2,
            "credit_specification": [],
            "disable_api_stop": false,
            "disable_api_termination": false,
            "ebs_block_device": [],
            "ebs_optimized": false,
            "enable_primary_ipv6": null,
            "enclave_options": [
              {
                "enabled": false
              }
            ],
            "ephemeral_block_device": [],
            "get_password_data": false,
            "hibernation": false,
            "host_id": "",
            "host_resource_group_arn": null,
            "iam_instance_profile": "",
            "id": "i-0c4d19aa28b2bcd40",
            "instance_initiated_shutdown_behavior": "stop",
            "instance_lifecycle": "",
            "instance_market_options": [],
            "instance_state": "running",
            "instance_type": "m7i.4xlarge",
            "ipv6_address_count": 0,
            "ipv6_addresses": [],
            "key_name": "ndelma-gtm-202504091000",
            "launch_template": [],
            "maintenance_options": [
              {
                "auto_recovery": "default"
              }
            ],
            "metadata_options": [
              {
                "http_endpoint": "enabled",
                "http_protocol_ipv6": "disabled",
                "http_put_response_hop_limit": 2,
                "http_tokens": "required",
                "instance_metadata_tags": "disabled"
              }
            ],
            "monitoring": true,
            "network_interface": [],
            "outpost_arn": "",
            "password_data": "",
            "placement_group": "p-202603061651-cluster-pg",
            "placement_partition_number": 0,
            "primary_network_interface_id": "eni-0bada2a2ef926d091",
            "private_dns": "ip-10-112-2-129.eu-west-2.compute.internal",
            "private_dns_name_options": [
              {
                "enable_resource_name_dns_a_record": false,
                "enable_resource_name_dns_aaaa_record": false,
                "hostname_type": "ip-name"
              }
            ],
            "private_ip": "10.112.2.129",
            "public_dns": "",
            "public_ip": "",
            "root_block_device": [
              {
                "delete_on_termination": true,
                "device_name": "/dev/sda1",
                "encrypted": true,
                "iops": 10000,
                "kms_key_id": "arn:aws:kms:eu-west-2:886403637725:key/b22ce7a5-0dd6-47d8-b624-314db3e7f934",
                "tags": {
                  "CreatedAt": "2026-04-30T11:33:14Z",
                  "Environment": "perf-test",
                  "ManagedBy": "Terraform",
                  "Name": "p-202603061651-k6-root",
                  "Project": "p-202603061651"
                },
                "tags_all": {
                  "CreatedAt": "2026-04-30T11:33:14Z",
                  "Environment": "perf-test",
                  "ManagedBy": "Terraform",
                  "Name": "p-202603061651-k6-root",
                  "Project": "p-202603061651"
                },
                "throughput": 500,
                "volume_id": "vol-05d4bdbe3e1ed1db9",
                "volume_size": 128,
                "volume_type": "gp3"
              }
            ],
            "secondary_private_ips": [],
            "security_groups": [],
            "source_dest_check": true,
            "spot_instance_request_id": "",
            "subnet_id": "subnet-0f11d2b15dab58cc0",
            "tags": {
              "CreatedAt": "2026-04-30T11:33:14Z",
              "Environment": "perf-test",
              "ManagedBy": "Terraform",
              "Name": "p-202603061651-k6",
              "NodeNumber": "109",
              "Project": "p-202603061651",
              "Role": "ml-dfsp"
            },
            "tags_all": {
              "CreatedAt": "2026-04-30T11:33:14Z",
              "Environment": "perf-test",
              "ManagedBy": "Terraform",
              "Name": "p-202603061651-k6",
              "NodeNumber": "109",
              "Project": "p-202603061651",
              "Role": "ml-dfsp"
            },
            "tenancy": "default",
            "timeouts": null,
            "user_data": "255f94809e58de51c439e5e7c9b04fbb52af4430",
            "user_data_base64": null,
            "user_data_replace_on_change": false,
            "volume_tags": null,
            "vpc_security_group_ids": [
              "sg-04de874c6c25d6ef1"
            ]
          },
          "sensitive_attributes": [],
          "identity_schema_version": 0,
          "private": "eyJlMmJmYjczMC1lY2FhLTExZTYtOGY4OC0zNDM2M2JjN2M0YzAiOnsiY3JlYXRlIjo2MDAwMDAwMDAwMDAsImRlbGV0ZSI6MTIwMDAwMDAwMDAwMCwicmVhZCI6OTAwMDAwMDAwMDAwLCJ1cGRhdGUiOjYwMDAwMDAwMDAwMH0sInNjaGVtYV92ZXJzaW9uIjoiMSJ9",
          "dependencies": [
            "aws_placement_group.cluster",
            "aws_security_group.internal",
            "aws_subnet.private",
            "aws_vpc.main",
            "data.aws_availability_zones.available",
            "data.aws_key_pair.existing"
          ]
        }
      ]
    },
    {
      "mode": "managed",
      "type": "aws_instance",
      "name": "switch",
      "provider": "provider[\"registry.terraform.io/hashicorp/aws\"]",
      "instances": [
        {
          "index_key": "sw1-kafka-ctrl-1",
          "schema_version": 1,
          "attributes": {
            "ami": "ami-044415bb13eee2391",
            "arn": "arn:aws:ec2:eu-west-2:886403637725:instance/i-0c0bd218ec2a953ed",
            "associate_public_ip_address": false,
            "availability_zone": "eu-west-2a",
            "capacity_reservation_specification": [
              {
                "capacity_reservation_preference": "open",
                "capacity_reservation_target": []
              }
            ],
            "cpu_core_count": 8,
            "cpu_options": [
              {
                "amd_sev_snp": "",
                "core_count": 8,
                "threads_per_core": 2
              }
            ],
            "cpu_threads_per_core": 2,
            "credit_specification": [],
            "disable_api_stop": false,
            "disable_api_termination": false,
            "ebs_block_device": [],
            "ebs_optimized": true,
            "enable_primary_ipv6": null,
            "enclave_options": [
              {
                "enabled": false
              }
            ],
            "ephemeral_block_device": [],
            "get_password_data": false,
            "hibernation": false,
            "host_id": "",
            "host_resource_group_arn": null,
            "iam_instance_profile": "",
            "id": "i-0c0bd218ec2a953ed",
            "instance_initiated_shutdown_behavior": "stop",
            "instance_lifecycle": "",
            "instance_market_options": [],
            "instance_state": "running",
            "instance_type": "m7i.4xlarge",
            "ipv6_address_count": 0,
            "ipv6_addresses": [],
            "key_name": "ndelma-gtm-202504091000",
            "launch_template": [],
            "maintenance_options": [
              {
                "auto_recovery": "default"
              }
            ],
            "metadata_options": [
              {
                "http_endpoint": "enabled",
                "http_protocol_ipv6": "disabled",
                "http_put_response_hop_limit": 2,
                "http_tokens": "required",
                "instance_metadata_tags": "disabled"
              }
            ],
            "monitoring": true,
            "network_interface": [],
            "outpost_arn": "",
            "password_data": "",
            "placement_group": "p-202603061651-cluster-pg",
            "placement_partition_number": 0,
            "primary_network_interface_id": "eni-043f75a211be81012",
            "private_dns": "ip-10-112-2-65.eu-west-2.compute.internal",
            "private_dns_name_options": [
              {
                "enable_resource_name_dns_a_record": false,
                "enable_resource_name_dns_aaaa_record": false,
                "hostname_type": "ip-name"
              }
            ],
            "private_ip": "10.112.2.65",
            "public_dns": "",
            "public_ip": "",
            "root_block_device": [
              {
                "delete_on_termination": true,
                "device_name": "/dev/sda1",
                "encrypted": true,
                "iops": 10000,
                "kms_key_id": "arn:aws:kms:eu-west-2:886403637725:key/b22ce7a5-0dd6-47d8-b624-314db3e7f934",
                "tags": {
                  "CreatedAt": "2026-04-30T11:33:14Z",
                  "Environment": "perf-test",
                  "ManagedBy": "Terraform",
                  "Name": "p-202603061651-sw1-kafka-ctrl-1-root",
                  "Project": "p-202603061651"
                },
                "tags_all": {
                  "CreatedAt": "2026-04-30T11:33:14Z",
                  "Environment": "perf-test",
                  "ManagedBy": "Terraform",
                  "Name": "p-202603061651-sw1-kafka-ctrl-1-root",
                  "Project": "p-202603061651"
                },
                "throughput": 0,
                "volume_id": "vol-0f7d2999f02cf7ca8",
                "volume_size": 500,
                "volume_type": "io2"
              }
            ],
            "secondary_private_ips": [],
            "security_groups": [],
            "source_dest_check": true,
            "spot_instance_request_id": "",
            "subnet_id": "subnet-0f11d2b15dab58cc0",
            "tags": {
              "CreatedAt": "2026-04-30T11:33:14Z",
              "Environment": "perf-test",
              "ManagedBy": "Terraform",
              "Name": "p-202603061651-sw1-kafka-ctrl-1",
              "Project": "p-202603061651",
              "Role": "ml-sw-kafka",
              "Service": "kafka"
            },
            "tags_all": {
              "CreatedAt": "2026-04-30T11:33:14Z",
              "Environment": "perf-test",
              "ManagedBy": "Terraform",
              "Name": "p-202603061651-sw1-kafka-ctrl-1",
              "Project": "p-202603061651",
              "Role": "ml-sw-kafka",
              "Service": "kafka"
            },
            "tenancy": "default",
            "timeouts": null,
            "user_data": "d6bc0c39d953eaf4aaed2ab15f92db4c8ac1c61f",
            "user_data_base64": null,
            "user_data_replace_on_change": false,
            "volume_tags": null,
            "vpc_security_group_ids": [
              "sg-04de874c6c25d6ef1"
            ]
          },
          "sensitive_attributes": [],
          "identity_schema_version": 0,
          "private": "eyJlMmJmYjczMC1lY2FhLTExZTYtOGY4OC0zNDM2M2JjN2M0YzAiOnsiY3JlYXRlIjo2MDAwMDAwMDAwMDAsImRlbGV0ZSI6MTIwMDAwMDAwMDAwMCwicmVhZCI6OTAwMDAwMDAwMDAwLCJ1cGRhdGUiOjYwMDAwMDAwMDAwMH0sInNjaGVtYV92ZXJzaW9uIjoiMSJ9",
          "dependencies": [
            "aws_placement_group.cluster",
            "aws_security_group.internal",
            "aws_subnet.private",
            "aws_vpc.main",
            "data.aws_availability_zones.available",
            "data.aws_key_pair.existing"
          ]
        },
        {
          "index_key": "sw1-kafka-n1",
          "schema_version": 1,
          "attributes": {
            "ami": "ami-044415bb13eee2391",
            "arn": "arn:aws:ec2:eu-west-2:886403637725:instance/i-0ae4f8005b3500c32",
            "associate_public_ip_address": false,
            "availability_zone": "eu-west-2a",
            "capacity_reservation_specification": [
              {
                "capacity_reservation_preference": "open",
                "capacity_reservation_target": []
              }
            ],
            "cpu_core_count": 8,
            "cpu_options": [
              {
                "amd_sev_snp": "",
                "core_count": 8,
                "threads_per_core": 2
              }
            ],
            "cpu_threads_per_core": 2,
            "credit_specification": [],
            "disable_api_stop": false,
            "disable_api_termination": false,
            "ebs_block_device": [],
            "ebs_optimized": true,
            "enable_primary_ipv6": null,
            "enclave_options": [
              {
                "enabled": false
              }
            ],
            "ephemeral_block_device": [],
            "get_password_data": false,
            "hibernation": false,
            "host_id": "",
            "host_resource_group_arn": null,
            "iam_instance_profile": "",
            "id": "i-0ae4f8005b3500c32",
            "instance_initiated_shutdown_behavior": "stop",
            "instance_lifecycle": "",
            "instance_market_options": [],
            "instance_state": "running",
            "instance_type": "m7i.4xlarge",
            "ipv6_address_count": 0,
            "ipv6_addresses": [],
            "key_name": "ndelma-gtm-202504091000",
            "launch_template": [],
            "maintenance_options": [
              {
                "auto_recovery": "default"
              }
            ],
            "metadata_options": [
              {
                "http_endpoint": "enabled",
                "http_protocol_ipv6": "disabled",
                "http_put_response_hop_limit": 2,
                "http_tokens": "required",
                "instance_metadata_tags": "disabled"
              }
            ],
            "monitoring": true,
            "network_interface": [],
            "outpost_arn": "",
            "password_data": "",
            "placement_group": "p-202603061651-cluster-pg",
            "placement_partition_number": 0,
            "primary_network_interface_id": "eni-0c9cb5929ace39e6d",
            "private_dns": "ip-10-112-2-7.eu-west-2.compute.internal",
            "private_dns_name_options": [
              {
                "enable_resource_name_dns_a_record": false,
                "enable_resource_name_dns_aaaa_record": false,
                "hostname_type": "ip-name"
              }
            ],
            "private_ip": "10.112.2.7",
            "public_dns": "",
            "public_ip": "",
            "root_block_device": [
              {
                "delete_on_termination": true,
                "device_name": "/dev/sda1",
                "encrypted": true,
                "iops": 10000,
                "kms_key_id": "arn:aws:kms:eu-west-2:886403637725:key/b22ce7a5-0dd6-47d8-b624-314db3e7f934",
                "tags": {
                  "CreatedAt": "2026-04-30T11:33:14Z",
                  "Environment": "perf-test",
                  "ManagedBy": "Terraform",
                  "Name": "p-202603061651-sw1-kafka-n1-root",
                  "Project": "p-202603061651"
                },
                "tags_all": {
                  "CreatedAt": "2026-04-30T11:33:14Z",
                  "Environment": "perf-test",
                  "ManagedBy": "Terraform",
                  "Name": "p-202603061651-sw1-kafka-n1-root",
                  "Project": "p-202603061651"
                },
                "throughput": 0,
                "volume_id": "vol-024212e2c3d358d58",
                "volume_size": 500,
                "volume_type": "io2"
              }
            ],
            "secondary_private_ips": [],
            "security_groups": [],
            "source_dest_check": true,
            "spot_instance_request_id": "",
            "subnet_id": "subnet-0f11d2b15dab58cc0",
            "tags": {
              "CreatedAt": "2026-04-30T11:33:14Z",
              "Environment": "perf-test",
              "ManagedBy": "Terraform",
              "Name": "p-202603061651-sw1-kafka-n1",
              "Project": "p-202603061651",
              "Role": "ml-sw-kafka",
              "Service": "kafka"
            },
            "tags_all": {
              "CreatedAt": "2026-04-30T11:33:14Z",
              "Environment": "perf-test",
              "ManagedBy": "Terraform",
              "Name": "p-202603061651-sw1-kafka-n1",
              "Project": "p-202603061651",
              "Role": "ml-sw-kafka",
              "Service": "kafka"
            },
            "tenancy": "default",
            "timeouts": null,
            "user_data": "bf1b523b4b830f4597d0c74e43cb1db19b426ffc",
            "user_data_base64": null,
            "user_data_replace_on_change": false,
            "volume_tags": null,
            "vpc_security_group_ids": [
              "sg-04de874c6c25d6ef1"
            ]
          },
          "sensitive_attributes": [],
          "identity_schema_version": 0,
          "private": "eyJlMmJmYjczMC1lY2FhLTExZTYtOGY4OC0zNDM2M2JjN2M0YzAiOnsiY3JlYXRlIjo2MDAwMDAwMDAwMDAsImRlbGV0ZSI6MTIwMDAwMDAwMDAwMCwicmVhZCI6OTAwMDAwMDAwMDAwLCJ1cGRhdGUiOjYwMDAwMDAwMDAwMH0sInNjaGVtYV92ZXJzaW9uIjoiMSJ9",
          "dependencies": [
            "aws_placement_group.cluster",
            "aws_security_group.internal",
            "aws_subnet.private",
            "aws_vpc.main",
            "data.aws_availability_zones.available",
            "data.aws_key_pair.existing"
          ]
        },
        {
          "index_key": "sw1-kafka-n2",
          "schema_version": 1,
          "attributes": {
            "ami": "ami-044415bb13eee2391",
            "arn": "arn:aws:ec2:eu-west-2:886403637725:instance/i-08cc8accff20e53af",
            "associate_public_ip_address": false,
            "availability_zone": "eu-west-2a",
            "capacity_reservation_specification": [
              {
                "capacity_reservation_preference": "open",
                "capacity_reservation_target": []
              }
            ],
            "cpu_core_count": 8,
            "cpu_options": [
              {
                "amd_sev_snp": "",
                "core_count": 8,
                "threads_per_core": 2
              }
            ],
            "cpu_threads_per_core": 2,
            "credit_specification": [],
            "disable_api_stop": false,
            "disable_api_termination": false,
            "ebs_block_device": [],
            "ebs_optimized": true,
            "enable_primary_ipv6": null,
            "enclave_options": [
              {
                "enabled": false
              }
            ],
            "ephemeral_block_device": [],
            "get_password_data": false,
            "hibernation": false,
            "host_id": "",
            "host_resource_group_arn": null,
            "iam_instance_profile": "",
            "id": "i-08cc8accff20e53af",
            "instance_initiated_shutdown_behavior": "stop",
            "instance_lifecycle": "",
            "instance_market_options": [],
            "instance_state": "running",
            "instance_type": "m7i.4xlarge",
            "ipv6_address_count": 0,
            "ipv6_addresses": [],
            "key_name": "ndelma-gtm-202504091000",
            "launch_template": [],
            "maintenance_options": [
              {
                "auto_recovery": "default"
              }
            ],
            "metadata_options": [
              {
                "http_endpoint": "enabled",
                "http_protocol_ipv6": "disabled",
                "http_put_response_hop_limit": 2,
                "http_tokens": "required",
                "instance_metadata_tags": "disabled"
              }
            ],
            "monitoring": true,
            "network_interface": [],
            "outpost_arn": "",
            "password_data": "",
            "placement_group": "p-202603061651-cluster-pg",
            "placement_partition_number": 0,
            "primary_network_interface_id": "eni-064a4915c90e79674",
            "private_dns": "ip-10-112-2-189.eu-west-2.compute.internal",
            "private_dns_name_options": [
              {
                "enable_resource_name_dns_a_record": false,
                "enable_resource_name_dns_aaaa_record": false,
                "hostname_type": "ip-name"
              }
            ],
            "private_ip": "10.112.2.189",
            "public_dns": "",
            "public_ip": "",
            "root_block_device": [
              {
                "delete_on_termination": true,
                "device_name": "/dev/sda1",
                "encrypted": true,
                "iops": 10000,
                "kms_key_id": "arn:aws:kms:eu-west-2:886403637725:key/b22ce7a5-0dd6-47d8-b624-314db3e7f934",
                "tags": {
                  "CreatedAt": "2026-04-30T11:33:14Z",
                  "Environment": "perf-test",
                  "ManagedBy": "Terraform",
                  "Name": "p-202603061651-sw1-kafka-n2-root",
                  "Project": "p-202603061651"
                },
                "tags_all": {
                  "CreatedAt": "2026-04-30T11:33:14Z",
                  "Environment": "perf-test",
                  "ManagedBy": "Terraform",
                  "Name": "p-202603061651-sw1-kafka-n2-root",
                  "Project": "p-202603061651"
                },
                "throughput": 0,
                "volume_id": "vol-0e336481cffcc21ad",
                "volume_size": 500,
                "volume_type": "io2"
              }
            ],
            "secondary_private_ips": [],
            "security_groups": [],
            "source_dest_check": true,
            "spot_instance_request_id": "",
            "subnet_id": "subnet-0f11d2b15dab58cc0",
            "tags": {
              "CreatedAt": "2026-04-30T11:33:14Z",
              "Environment": "perf-test",
              "ManagedBy": "Terraform",
              "Name": "p-202603061651-sw1-kafka-n2",
              "Project": "p-202603061651",
              "Role": "ml-sw-kafka",
              "Service": "kafka"
            },
            "tags_all": {
              "CreatedAt": "2026-04-30T11:33:14Z",
              "Environment": "perf-test",
              "ManagedBy": "Terraform",
              "Name": "p-202603061651-sw1-kafka-n2",
              "Project": "p-202603061651",
              "Role": "ml-sw-kafka",
              "Service": "kafka"
            },
            "tenancy": "default",
            "timeouts": null,
            "user_data": "5d0be64d8df4d4a71d78c6564de442b5153f3c62",
            "user_data_base64": null,
            "user_data_replace_on_change": false,
            "volume_tags": null,
            "vpc_security_group_ids": [
              "sg-04de874c6c25d6ef1"
            ]
          },
          "sensitive_attributes": [],
          "identity_schema_version": 0,
          "private": "eyJlMmJmYjczMC1lY2FhLTExZTYtOGY4OC0zNDM2M2JjN2M0YzAiOnsiY3JlYXRlIjo2MDAwMDAwMDAwMDAsImRlbGV0ZSI6MTIwMDAwMDAwMDAwMCwicmVhZCI6OTAwMDAwMDAwMDAwLCJ1cGRhdGUiOjYwMDAwMDAwMDAwMH0sInNjaGVtYV92ZXJzaW9uIjoiMSJ9",
          "dependencies": [
            "aws_placement_group.cluster",
            "aws_security_group.internal",
            "aws_subnet.private",
            "aws_vpc.main",
            "data.aws_availability_zones.available",
            "data.aws_key_pair.existing"
          ]
        },
        {
          "index_key": "sw1-kafka-n3",
          "schema_version": 1,
          "attributes": {
            "ami": "ami-044415bb13eee2391",
            "arn": "arn:aws:ec2:eu-west-2:886403637725:instance/i-0397e512910a52d5d",
            "associate_public_ip_address": false,
            "availability_zone": "eu-west-2a",
            "capacity_reservation_specification": [
              {
                "capacity_reservation_preference": "open",
                "capacity_reservation_target": []
              }
            ],
            "cpu_core_count": 8,
            "cpu_options": [
              {
                "amd_sev_snp": "",
                "core_count": 8,
                "threads_per_core": 2
              }
            ],
            "cpu_threads_per_core": 2,
            "credit_specification": [],
            "disable_api_stop": false,
            "disable_api_termination": false,
            "ebs_block_device": [],
            "ebs_optimized": true,
            "enable_primary_ipv6": null,
            "enclave_options": [
              {
                "enabled": false
              }
            ],
            "ephemeral_block_device": [],
            "get_password_data": false,
            "hibernation": false,
            "host_id": "",
            "host_resource_group_arn": null,
            "iam_instance_profile": "",
            "id": "i-0397e512910a52d5d",
            "instance_initiated_shutdown_behavior": "stop",
            "instance_lifecycle": "",
            "instance_market_options": [],
            "instance_state": "running",
            "instance_type": "m7i.4xlarge",
            "ipv6_address_count": 0,
            "ipv6_addresses": [],
            "key_name": "ndelma-gtm-202504091000",
            "launch_template": [],
            "maintenance_options": [
              {
                "auto_recovery": "default"
              }
            ],
            "metadata_options": [
              {
                "http_endpoint": "enabled",
                "http_protocol_ipv6": "disabled",
                "http_put_response_hop_limit": 2,
                "http_tokens": "required",
                "instance_metadata_tags": "disabled"
              }
            ],
            "monitoring": true,
            "network_interface": [],
            "outpost_arn": "",
            "password_data": "",
            "placement_group": "p-202603061651-cluster-pg",
            "placement_partition_number": 0,
            "primary_network_interface_id": "eni-0ea7903049e489196",
            "private_dns": "ip-10-112-2-236.eu-west-2.compute.internal",
            "private_dns_name_options": [
              {
                "enable_resource_name_dns_a_record": false,
                "enable_resource_name_dns_aaaa_record": false,
                "hostname_type": "ip-name"
              }
            ],
            "private_ip": "10.112.2.236",
            "public_dns": "",
            "public_ip": "",
            "root_block_device": [
              {
                "delete_on_termination": true,
                "device_name": "/dev/sda1",
                "encrypted": true,
                "iops": 10000,
                "kms_key_id": "arn:aws:kms:eu-west-2:886403637725:key/b22ce7a5-0dd6-47d8-b624-314db3e7f934",
                "tags": {
                  "CreatedAt": "2026-04-30T11:33:14Z",
                  "Environment": "perf-test",
                  "ManagedBy": "Terraform",
                  "Name": "p-202603061651-sw1-kafka-n3-root",
                  "Project": "p-202603061651"
                },
                "tags_all": {
                  "CreatedAt": "2026-04-30T11:33:14Z",
                  "Environment": "perf-test",
                  "ManagedBy": "Terraform",
                  "Name": "p-202603061651-sw1-kafka-n3-root",
                  "Project": "p-202603061651"
                },
                "throughput": 0,
                "volume_id": "vol-04d53aa4285e63f5d",
                "volume_size": 500,
                "volume_type": "io2"
              }
            ],
            "secondary_private_ips": [],
            "security_groups": [],
            "source_dest_check": true,
            "spot_instance_request_id": "",
            "subnet_id": "subnet-0f11d2b15dab58cc0",
            "tags": {
              "CreatedAt": "2026-04-30T11:33:14Z",
              "Environment": "perf-test",
              "ManagedBy": "Terraform",
              "Name": "p-202603061651-sw1-kafka-n3",
              "Project": "p-202603061651",
              "Role": "ml-sw-kafka",
              "Service": "kafka"
            },
            "tags_all": {
              "CreatedAt": "2026-04-30T11:33:14Z",
              "Environment": "perf-test",
              "ManagedBy": "Terraform",
              "Name": "p-202603061651-sw1-kafka-n3",
              "Project": "p-202603061651",
              "Role": "ml-sw-kafka",
              "Service": "kafka"
            },
            "tenancy": "default",
            "timeouts": null,
            "user_data": "fabd399a8d0f020967c3f1398287f445361d727c",
            "user_data_base64": null,
            "user_data_replace_on_change": false,
            "volume_tags": null,
            "vpc_security_group_ids": [
              "sg-04de874c6c25d6ef1"
            ]
          },
          "sensitive_attributes": [],
          "identity_schema_version": 0,
          "private": "eyJlMmJmYjczMC1lY2FhLTExZTYtOGY4OC0zNDM2M2JjN2M0YzAiOnsiY3JlYXRlIjo2MDAwMDAwMDAwMDAsImRlbGV0ZSI6MTIwMDAwMDAwMDAwMCwicmVhZCI6OTAwMDAwMDAwMDAwLCJ1cGRhdGUiOjYwMDAwMDAwMDAwMH0sInNjaGVtYV92ZXJzaW9uIjoiMSJ9",
          "dependencies": [
            "aws_placement_group.cluster",
            "aws_security_group.internal",
            "aws_subnet.private",
            "aws_vpc.main",
            "data.aws_availability_zones.available",
            "data.aws_key_pair.existing"
          ]
        },
        {
          "index_key": "sw1-monitoring",
          "schema_version": 1,
          "attributes": {
            "ami": "ami-044415bb13eee2391",
            "arn": "arn:aws:ec2:eu-west-2:886403637725:instance/i-08ddf18a24b0b1374",
            "associate_public_ip_address": false,
            "availability_zone": "eu-west-2a",
            "capacity_reservation_specification": [
              {
                "capacity_reservation_preference": "open",
                "capacity_reservation_target": []
              }
            ],
            "cpu_core_count": 2,
            "cpu_options": [
              {
                "amd_sev_snp": "",
                "core_count": 2,
                "threads_per_core": 2
              }
            ],
            "cpu_threads_per_core": 2,
            "credit_specification": [],
            "disable_api_stop": false,
            "disable_api_termination": false,
            "ebs_block_device": [],
            "ebs_optimized": true,
            "enable_primary_ipv6": null,
            "enclave_options": [
              {
                "enabled": false
              }
            ],
            "ephemeral_block_device": [],
            "get_password_data": false,
            "hibernation": false,
            "host_id": "",
            "host_resource_group_arn": null,
            "iam_instance_profile": "",
            "id": "i-08ddf18a24b0b1374",
            "instance_initiated_shutdown_behavior": "stop",
            "instance_lifecycle": "",
            "instance_market_options": [],
            "instance_state": "running",
            "instance_type": "m7i.xlarge",
            "ipv6_address_count": 0,
            "ipv6_addresses": [],
            "key_name": "ndelma-gtm-202504091000",
            "launch_template": [],
            "maintenance_options": [
              {
                "auto_recovery": "default"
              }
            ],
            "metadata_options": [
              {
                "http_endpoint": "enabled",
                "http_protocol_ipv6": "disabled",
                "http_put_response_hop_limit": 2,
                "http_tokens": "required",
                "instance_metadata_tags": "disabled"
              }
            ],
            "monitoring": true,
            "network_interface": [],
            "outpost_arn": "",
            "password_data": "",
            "placement_group": "p-202603061651-cluster-pg",
            "placement_partition_number": 0,
            "primary_network_interface_id": "eni-0515e4081aa0e0598",
            "private_dns": "ip-10-112-2-23.eu-west-2.compute.internal",
            "private_dns_name_options": [
              {
                "enable_resource_name_dns_a_record": false,
                "enable_resource_name_dns_aaaa_record": false,
                "hostname_type": "ip-name"
              }
            ],
            "private_ip": "10.112.2.23",
            "public_dns": "",
            "public_ip": "",
            "root_block_device": [
              {
                "delete_on_termination": true,
                "device_name": "/dev/sda1",
                "encrypted": true,
                "iops": 10000,
                "kms_key_id": "arn:aws:kms:eu-west-2:886403637725:key/b22ce7a5-0dd6-47d8-b624-314db3e7f934",
                "tags": {
                  "CreatedAt": "2026-04-30T11:33:14Z",
                  "Environment": "perf-test",
                  "ManagedBy": "Terraform",
                  "Name": "p-202603061651-sw1-monitoring-root",
                  "Project": "p-202603061651"
                },
                "tags_all": {
                  "CreatedAt": "2026-04-30T11:33:14Z",
                  "Environment": "perf-test",
                  "ManagedBy": "Terraform",
                  "Name": "p-202603061651-sw1-monitoring-root",
                  "Project": "p-202603061651"
                },
                "throughput": 750,
                "volume_id": "vol-085d0b928f714487d",
                "volume_size": 256,
                "volume_type": "gp3"
              }
            ],
            "secondary_private_ips": [],
            "security_groups": [],
            "source_dest_check": true,
            "spot_instance_request_id": "",
            "subnet_id": "subnet-0f11d2b15dab58cc0",
            "tags": {
              "CreatedAt": "2026-04-30T11:33:14Z",
              "Environment": "perf-test",
              "ManagedBy": "Terraform",
              "Name": "p-202603061651-sw1-monitoring",
              "Project": "p-202603061651",
              "Role": "ml-sw-monitoring",
              "Service": "monitoring"
            },
            "tags_all": {
              "CreatedAt": "2026-04-30T11:33:14Z",
              "Environment": "perf-test",
              "ManagedBy": "Terraform",
              "Name": "p-202603061651-sw1-monitoring",
              "Project": "p-202603061651",
              "Role": "ml-sw-monitoring",
              "Service": "monitoring"
            },
            "tenancy": "default",
            "timeouts": null,
            "user_data": "468e8bbf304c8cd6467780697c191bf42a1bc891",
            "user_data_base64": null,
            "user_data_replace_on_change": false,
            "volume_tags": null,
            "vpc_security_group_ids": [
              "sg-04de874c6c25d6ef1"
            ]
          },
          "sensitive_attributes": [],
          "identity_schema_version": 0,
          "private": "eyJlMmJmYjczMC1lY2FhLTExZTYtOGY4OC0zNDM2M2JjN2M0YzAiOnsiY3JlYXRlIjo2MDAwMDAwMDAwMDAsImRlbGV0ZSI6MTIwMDAwMDAwMDAwMCwicmVhZCI6OTAwMDAwMDAwMDAwLCJ1cGRhdGUiOjYwMDAwMDAwMDAwMH0sInNjaGVtYV92ZXJzaW9uIjoiMSJ9",
          "dependencies": [
            "aws_placement_group.cluster",
            "aws_security_group.internal",
            "aws_subnet.private",
            "aws_vpc.main",
            "data.aws_availability_zones.available",
            "data.aws_key_pair.existing"
          ]
        },
        {
          "index_key": "sw1-mysql",
          "schema_version": 1,
          "attributes": {
            "ami": "ami-044415bb13eee2391",
            "arn": "arn:aws:ec2:eu-west-2:886403637725:instance/i-02a5e7ba88d73b6fc",
            "associate_public_ip_address": false,
            "availability_zone": "eu-west-2a",
            "capacity_reservation_specification": [
              {
                "capacity_reservation_preference": "open",
                "capacity_reservation_target": []
              }
            ],
            "cpu_core_count": 8,
            "cpu_options": [
              {
                "amd_sev_snp": "",
                "core_count": 8,
                "threads_per_core": 2
              }
            ],
            "cpu_threads_per_core": 2,
            "credit_specification": [],
            "disable_api_stop": false,
            "disable_api_termination": false,
            "ebs_block_device": [],
            "ebs_optimized": true,
            "enable_primary_ipv6": null,
            "enclave_options": [
              {
                "enabled": false
              }
            ],
            "ephemeral_block_device": [],
            "get_password_data": false,
            "hibernation": false,
            "host_id": "",
            "host_resource_group_arn": null,
            "iam_instance_profile": "",
            "id": "i-02a5e7ba88d73b6fc",
            "instance_initiated_shutdown_behavior": "stop",
            "instance_lifecycle": "",
            "instance_market_options": [],
            "instance_state": "running",
            "instance_type": "m7i.4xlarge",
            "ipv6_address_count": 0,
            "ipv6_addresses": [],
            "key_name": "ndelma-gtm-202504091000",
            "launch_template": [],
            "maintenance_options": [
              {
                "auto_recovery": "default"
              }
            ],
            "metadata_options": [
              {
                "http_endpoint": "enabled",
                "http_protocol_ipv6": "disabled",
                "http_put_response_hop_limit": 2,
                "http_tokens": "required",
                "instance_metadata_tags": "disabled"
              }
            ],
            "monitoring": true,
            "network_interface": [],
            "outpost_arn": "",
            "password_data": "",
            "placement_group": "p-202603061651-cluster-pg",
            "placement_partition_number": 0,
            "primary_network_interface_id": "eni-05a0ceb90fa696c3f",
            "private_dns": "ip-10-112-2-102.eu-west-2.compute.internal",
            "private_dns_name_options": [
              {
                "enable_resource_name_dns_a_record": false,
                "enable_resource_name_dns_aaaa_record": false,
                "hostname_type": "ip-name"
              }
            ],
            "private_ip": "10.112.2.102",
            "public_dns": "",
            "public_ip": "",
            "root_block_device": [
              {
                "delete_on_termination": true,
                "device_name": "/dev/sda1",
                "encrypted": true,
                "iops": 10000,
                "kms_key_id": "arn:aws:kms:eu-west-2:886403637725:key/b22ce7a5-0dd6-47d8-b624-314db3e7f934",
                "tags": {
                  "CreatedAt": "2026-04-30T11:33:14Z",
                  "Environment": "perf-test",
                  "ManagedBy": "Terraform",
                  "Name": "p-202603061651-sw1-mysql-root",
                  "Project": "p-202603061651"
                },
                "tags_all": {
                  "CreatedAt": "2026-04-30T11:33:14Z",
                  "Environment": "perf-test",
                  "ManagedBy": "Terraform",
                  "Name": "p-202603061651-sw1-mysql-root",
                  "Project": "p-202603061651"
                },
                "throughput": 0,
                "volume_id": "vol-006463f85790f6cde",
                "volume_size": 200,
                "volume_type": "io2"
              }
            ],
            "secondary_private_ips": [],
            "security_groups": [],
            "source_dest_check": true,
            "spot_instance_request_id": "",
            "subnet_id": "subnet-0f11d2b15dab58cc0",
            "tags": {
              "CreatedAt": "2026-04-30T11:33:14Z",
              "Environment": "perf-test",
              "ManagedBy": "Terraform",
              "Name": "p-202603061651-sw1-mysql",
              "Project": "p-202603061651",
              "Role": "ml-sw-mysql",
              "Service": "mysql"
            },
            "tags_all": {
              "CreatedAt": "2026-04-30T11:33:14Z",
              "Environment": "perf-test",
              "ManagedBy": "Terraform",
              "Name": "p-202603061651-sw1-mysql",
              "Project": "p-202603061651",
              "Role": "ml-sw-mysql",
              "Service": "mysql"
            },
            "tenancy": "default",
            "timeouts": null,
            "user_data": "983063d0eca5f5288d20da58d4ebab7d08c29b6e",
            "user_data_base64": null,
            "user_data_replace_on_change": false,
            "volume_tags": null,
            "vpc_security_group_ids": [
              "sg-04de874c6c25d6ef1"
            ]
          },
          "sensitive_attributes": [],
          "identity_schema_version": 0,
          "private": "eyJlMmJmYjczMC1lY2FhLTExZTYtOGY4OC0zNDM2M2JjN2M0YzAiOnsiY3JlYXRlIjo2MDAwMDAwMDAwMDAsImRlbGV0ZSI6MTIwMDAwMDAwMDAwMCwicmVhZCI6OTAwMDAwMDAwMDAwLCJ1cGRhdGUiOjYwMDAwMDAwMDAwMH0sInNjaGVtYV92ZXJzaW9uIjoiMSJ9",
          "dependencies": [
            "aws_placement_group.cluster",
            "aws_security_group.internal",
            "aws_subnet.private",
            "aws_vpc.main",
            "data.aws_availability_zones.available",
            "data.aws_key_pair.existing"
          ]
        },
        {
          "index_key": "sw1-n1",
          "schema_version": 1,
          "attributes": {
            "ami": "ami-044415bb13eee2391",
            "arn": "arn:aws:ec2:eu-west-2:886403637725:instance/i-009eb70a522b15893",
            "associate_public_ip_address": false,
            "availability_zone": "eu-west-2a",
            "capacity_reservation_specification": [
              {
                "capacity_reservation_preference": "open",
                "capacity_reservation_target": []
              }
            ],
            "cpu_core_count": 8,
            "cpu_options": [
              {
                "amd_sev_snp": "",
                "core_count": 8,
                "threads_per_core": 2
              }
            ],
            "cpu_threads_per_core": 2,
            "credit_specification": [],
            "disable_api_stop": false,
            "disable_api_termination": false,
            "ebs_block_device": [],
            "ebs_optimized": true,
            "enable_primary_ipv6": null,
            "enclave_options": [
              {
                "enabled": false
              }
            ],
            "ephemeral_block_device": [],
            "get_password_data": false,
            "hibernation": false,
            "host_id": "",
            "host_resource_group_arn": null,
            "iam_instance_profile": "",
            "id": "i-009eb70a522b15893",
            "instance_initiated_shutdown_behavior": "stop",
            "instance_lifecycle": "",
            "instance_market_options": [],
            "instance_state": "running",
            "instance_type": "m7i.4xlarge",
            "ipv6_address_count": 0,
            "ipv6_addresses": [],
            "key_name": "ndelma-gtm-202504091000",
            "launch_template": [],
            "maintenance_options": [
              {
                "auto_recovery": "default"
              }
            ],
            "metadata_options": [
              {
                "http_endpoint": "enabled",
                "http_protocol_ipv6": "disabled",
                "http_put_response_hop_limit": 2,
                "http_tokens": "required",
                "instance_metadata_tags": "disabled"
              }
            ],
            "monitoring": true,
            "network_interface": [],
            "outpost_arn": "",
            "password_data": "",
            "placement_group": "p-202603061651-cluster-pg",
            "placement_partition_number": 0,
            "primary_network_interface_id": "eni-0450e4dae88e42295",
            "private_dns": "ip-10-112-2-166.eu-west-2.compute.internal",
            "private_dns_name_options": [
              {
                "enable_resource_name_dns_a_record": false,
                "enable_resource_name_dns_aaaa_record": false,
                "hostname_type": "ip-name"
              }
            ],
            "private_ip": "10.112.2.166",
            "public_dns": "",
            "public_ip": "",
            "root_block_device": [
              {
                "delete_on_termination": true,
                "device_name": "/dev/sda1",
                "encrypted": true,
                "iops": 10000,
                "kms_key_id": "arn:aws:kms:eu-west-2:886403637725:key/b22ce7a5-0dd6-47d8-b624-314db3e7f934",
                "tags": {
                  "CreatedAt": "2026-04-30T11:33:14Z",
                  "Environment": "perf-test",
                  "ManagedBy": "Terraform",
                  "Name": "p-202603061651-sw1-n1-root",
                  "Project": "p-202603061651"
                },
                "tags_all": {
                  "CreatedAt": "2026-04-30T11:33:14Z",
                  "Environment": "perf-test",
                  "ManagedBy": "Terraform",
                  "Name": "p-202603061651-sw1-n1-root",
                  "Project": "p-202603061651"
                },
                "throughput": 1000,
                "volume_id": "vol-004db91dc775dae45",
                "volume_size": 128,
                "volume_type": "gp3"
              }
            ],
            "secondary_private_ips": [],
            "security_groups": [],
            "source_dest_check": true,
            "spot_instance_request_id": "",
            "subnet_id": "subnet-0f11d2b15dab58cc0",
            "tags": {
              "CreatedAt": "2026-04-30T11:33:14Z",
              "Environment": "perf-test",
              "ManagedBy": "Terraform",
              "Name": "p-202603061651-sw1-n1",
              "NodeNumber": "1",
              "Project": "p-202603061651",
              "Role": "ml-sw-generic"
            },
            "tags_all": {
              "CreatedAt": "2026-04-30T11:33:14Z",
              "Environment": "perf-test",
              "ManagedBy": "Terraform",
              "Name": "p-202603061651-sw1-n1",
              "NodeNumber": "1",
              "Project": "p-202603061651",
              "Role": "ml-sw-generic"
            },
            "tenancy": "default",
            "timeouts": null,
            "user_data": "27afb3d45aafc96a815b0b737a57279d68685abb",
            "user_data_base64": null,
            "user_data_replace_on_change": false,
            "volume_tags": null,
            "vpc_security_group_ids": [
              "sg-04de874c6c25d6ef1"
            ]
          },
          "sensitive_attributes": [],
          "identity_schema_version": 0,
          "private": "eyJlMmJmYjczMC1lY2FhLTExZTYtOGY4OC0zNDM2M2JjN2M0YzAiOnsiY3JlYXRlIjo2MDAwMDAwMDAwMDAsImRlbGV0ZSI6MTIwMDAwMDAwMDAwMCwicmVhZCI6OTAwMDAwMDAwMDAwLCJ1cGRhdGUiOjYwMDAwMDAwMDAwMH0sInNjaGVtYV92ZXJzaW9uIjoiMSJ9",
          "dependencies": [
            "aws_placement_group.cluster",
            "aws_security_group.internal",
            "aws_subnet.private",
            "aws_vpc.main",
            "data.aws_availability_zones.available",
            "data.aws_key_pair.existing"
          ]
        },
        {
          "index_key": "sw1-n2",
          "schema_version": 1,
          "attributes": {
            "ami": "ami-044415bb13eee2391",
            "arn": "arn:aws:ec2:eu-west-2:886403637725:instance/i-035cd05f99a017223",
            "associate_public_ip_address": false,
            "availability_zone": "eu-west-2a",
            "capacity_reservation_specification": [
              {
                "capacity_reservation_preference": "open",
                "capacity_reservation_target": []
              }
            ],
            "cpu_core_count": 8,
            "cpu_options": [
              {
                "amd_sev_snp": "",
                "core_count": 8,
                "threads_per_core": 2
              }
            ],
            "cpu_threads_per_core": 2,
            "credit_specification": [],
            "disable_api_stop": false,
            "disable_api_termination": false,
            "ebs_block_device": [],
            "ebs_optimized": true,
            "enable_primary_ipv6": null,
            "enclave_options": [
              {
                "enabled": false
              }
            ],
            "ephemeral_block_device": [],
            "get_password_data": false,
            "hibernation": false,
            "host_id": "",
            "host_resource_group_arn": null,
            "iam_instance_profile": "",
            "id": "i-035cd05f99a017223",
            "instance_initiated_shutdown_behavior": "stop",
            "instance_lifecycle": "",
            "instance_market_options": [],
            "instance_state": "running",
            "instance_type": "m7i.4xlarge",
            "ipv6_address_count": 0,
            "ipv6_addresses": [],
            "key_name": "ndelma-gtm-202504091000",
            "launch_template": [],
            "maintenance_options": [
              {
                "auto_recovery": "default"
              }
            ],
            "metadata_options": [
              {
                "http_endpoint": "enabled",
                "http_protocol_ipv6": "disabled",
                "http_put_response_hop_limit": 2,
                "http_tokens": "required",
                "instance_metadata_tags": "disabled"
              }
            ],
            "monitoring": true,
            "network_interface": [],
            "outpost_arn": "",
            "password_data": "",
            "placement_group": "p-202603061651-cluster-pg",
            "placement_partition_number": 0,
            "primary_network_interface_id": "eni-02897679375221a06",
            "private_dns": "ip-10-112-2-191.eu-west-2.compute.internal",
            "private_dns_name_options": [
              {
                "enable_resource_name_dns_a_record": false,
                "enable_resource_name_dns_aaaa_record": false,
                "hostname_type": "ip-name"
              }
            ],
            "private_ip": "10.112.2.191",
            "public_dns": "",
            "public_ip": "",
            "root_block_device": [
              {
                "delete_on_termination": true,
                "device_name": "/dev/sda1",
                "encrypted": true,
                "iops": 10000,
                "kms_key_id": "arn:aws:kms:eu-west-2:886403637725:key/b22ce7a5-0dd6-47d8-b624-314db3e7f934",
                "tags": {
                  "CreatedAt": "2026-04-30T11:33:14Z",
                  "Environment": "perf-test",
                  "ManagedBy": "Terraform",
                  "Name": "p-202603061651-sw1-n2-root",
                  "Project": "p-202603061651"
                },
                "tags_all": {
                  "CreatedAt": "2026-04-30T11:33:14Z",
                  "Environment": "perf-test",
                  "ManagedBy": "Terraform",
                  "Name": "p-202603061651-sw1-n2-root",
                  "Project": "p-202603061651"
                },
                "throughput": 1000,
                "volume_id": "vol-0d532ba01e87cc229",
                "volume_size": 128,
                "volume_type": "gp3"
              }
            ],
            "secondary_private_ips": [],
            "security_groups": [],
            "source_dest_check": true,
            "spot_instance_request_id": "",
            "subnet_id": "subnet-0f11d2b15dab58cc0",
            "tags": {
              "CreatedAt": "2026-04-30T11:33:14Z",
              "Environment": "perf-test",
              "ManagedBy": "Terraform",
              "Name": "p-202603061651-sw1-n2",
              "NodeNumber": "2",
              "Project": "p-202603061651",
              "Role": "ml-sw-generic"
            },
            "tags_all": {
              "CreatedAt": "2026-04-30T11:33:14Z",
              "Environment": "perf-test",
              "ManagedBy": "Terraform",
              "Name": "p-202603061651-sw1-n2",
              "NodeNumber": "2",
              "Project": "p-202603061651",
              "Role": "ml-sw-generic"
            },
            "tenancy": "default",
            "timeouts": null,
            "user_data": "bcb2a5b54d1393effbe3603aecb6cb9b1d06f586",
            "user_data_base64": null,
            "user_data_replace_on_change": false,
            "volume_tags": null,
            "vpc_security_group_ids": [
              "sg-04de874c6c25d6ef1"
            ]
          },
          "sensitive_attributes": [],
          "identity_schema_version": 0,
          "private": "eyJlMmJmYjczMC1lY2FhLTExZTYtOGY4OC0zNDM2M2JjN2M0YzAiOnsiY3JlYXRlIjo2MDAwMDAwMDAwMDAsImRlbGV0ZSI6MTIwMDAwMDAwMDAwMCwicmVhZCI6OTAwMDAwMDAwMDAwLCJ1cGRhdGUiOjYwMDAwMDAwMDAwMH0sInNjaGVtYV92ZXJzaW9uIjoiMSJ9",
          "dependencies": [
            "aws_placement_group.cluster",
            "aws_security_group.internal",
            "aws_subnet.private",
            "aws_vpc.main",
            "data.aws_availability_zones.available",
            "data.aws_key_pair.existing"
          ]
        },
        {
          "index_key": "sw1-n3",
          "schema_version": 1,
          "attributes": {
            "ami": "ami-044415bb13eee2391",
            "arn": "arn:aws:ec2:eu-west-2:886403637725:instance/i-0adb2f908a44d5aab",
            "associate_public_ip_address": false,
            "availability_zone": "eu-west-2a",
            "capacity_reservation_specification": [
              {
                "capacity_reservation_preference": "open",
                "capacity_reservation_target": []
              }
            ],
            "cpu_core_count": 8,
            "cpu_options": [
              {
                "amd_sev_snp": "",
                "core_count": 8,
                "threads_per_core": 2
              }
            ],
            "cpu_threads_per_core": 2,
            "credit_specification": [],
            "disable_api_stop": false,
            "disable_api_termination": false,
            "ebs_block_device": [],
            "ebs_optimized": true,
            "enable_primary_ipv6": null,
            "enclave_options": [
              {
                "enabled": false
              }
            ],
            "ephemeral_block_device": [],
            "get_password_data": false,
            "hibernation": false,
            "host_id": "",
            "host_resource_group_arn": null,
            "iam_instance_profile": "",
            "id": "i-0adb2f908a44d5aab",
            "instance_initiated_shutdown_behavior": "stop",
            "instance_lifecycle": "",
            "instance_market_options": [],
            "instance_state": "running",
            "instance_type": "m7i.4xlarge",
            "ipv6_address_count": 0,
            "ipv6_addresses": [],
            "key_name": "ndelma-gtm-202504091000",
            "launch_template": [],
            "maintenance_options": [
              {
                "auto_recovery": "default"
              }
            ],
            "metadata_options": [
              {
                "http_endpoint": "enabled",
                "http_protocol_ipv6": "disabled",
                "http_put_response_hop_limit": 2,
                "http_tokens": "required",
                "instance_metadata_tags": "disabled"
              }
            ],
            "monitoring": true,
            "network_interface": [],
            "outpost_arn": "",
            "password_data": "",
            "placement_group": "p-202603061651-cluster-pg",
            "placement_partition_number": 0,
            "primary_network_interface_id": "eni-01791e4cce17f29a4",
            "private_dns": "ip-10-112-2-41.eu-west-2.compute.internal",
            "private_dns_name_options": [
              {
                "enable_resource_name_dns_a_record": false,
                "enable_resource_name_dns_aaaa_record": false,
                "hostname_type": "ip-name"
              }
            ],
            "private_ip": "10.112.2.41",
            "public_dns": "",
            "public_ip": "",
            "root_block_device": [
              {
                "delete_on_termination": true,
                "device_name": "/dev/sda1",
                "encrypted": true,
                "iops": 10000,
                "kms_key_id": "arn:aws:kms:eu-west-2:886403637725:key/b22ce7a5-0dd6-47d8-b624-314db3e7f934",
                "tags": {
                  "CreatedAt": "2026-04-30T11:33:14Z",
                  "Environment": "perf-test",
                  "ManagedBy": "Terraform",
                  "Name": "p-202603061651-sw1-n3-root",
                  "Project": "p-202603061651"
                },
                "tags_all": {
                  "CreatedAt": "2026-04-30T11:33:14Z",
                  "Environment": "perf-test",
                  "ManagedBy": "Terraform",
                  "Name": "p-202603061651-sw1-n3-root",
                  "Project": "p-202603061651"
                },
                "throughput": 1000,
                "volume_id": "vol-0e7274735404fa546",
                "volume_size": 128,
                "volume_type": "gp3"
              }
            ],
            "secondary_private_ips": [],
            "security_groups": [],
            "source_dest_check": true,
            "spot_instance_request_id": "",
            "subnet_id": "subnet-0f11d2b15dab58cc0",
            "tags": {
              "CreatedAt": "2026-04-30T11:33:14Z",
              "Environment": "perf-test",
              "ManagedBy": "Terraform",
              "Name": "p-202603061651-sw1-n3",
              "NodeNumber": "3",
              "Project": "p-202603061651",
              "Role": "ml-sw-generic"
            },
            "tags_all": {
              "CreatedAt": "2026-04-30T11:33:14Z",
              "Environment": "perf-test",
              "ManagedBy": "Terraform",
              "Name": "p-202603061651-sw1-n3",
              "NodeNumber": "3",
              "Project": "p-202603061651",
              "Role": "ml-sw-generic"
            },
            "tenancy": "default",
            "timeouts": null,
            "user_data": "fb546de973268c8744a701cdc96a8eb396a39a21",
            "user_data_base64": null,
            "user_data_replace_on_change": false,
            "volume_tags": null,
            "vpc_security_group_ids": [
              "sg-04de874c6c25d6ef1"
            ]
          },
          "sensitive_attributes": [],
          "identity_schema_version": 0,
          "private": "eyJlMmJmYjczMC1lY2FhLTExZTYtOGY4OC0zNDM2M2JjN2M0YzAiOnsiY3JlYXRlIjo2MDAwMDAwMDAwMDAsImRlbGV0ZSI6MTIwMDAwMDAwMDAwMCwicmVhZCI6OTAwMDAwMDAwMDAwLCJ1cGRhdGUiOjYwMDAwMDAwMDAwMH0sInNjaGVtYV92ZXJzaW9uIjoiMSJ9",
          "dependencies": [
            "aws_placement_group.cluster",
            "aws_security_group.internal",
            "aws_subnet.private",
            "aws_vpc.main",
            "data.aws_availability_zones.available",
            "data.aws_key_pair.existing"
          ]
        }
      ]
    },
    {
      "mode": "managed",
      "type": "aws_internet_gateway",
      "name": "main",
      "provider": "provider[\"registry.terraform.io/hashicorp/aws\"]",
      "instances": [
        {
          "schema_version": 0,
          "attributes": {
            "arn": "arn:aws:ec2:eu-west-2:886403637725:internet-gateway/igw-074c2572757430b02",
            "id": "igw-074c2572757430b02",
            "owner_id": "886403637725",
            "tags": {
              "CreatedAt": "2026-04-30T11:33:14Z",
              "Environment": "perf-test",
              "ManagedBy": "Terraform",
              "Name": "p-202603061651-igw",
              "Project": "p-202603061651"
            },
            "tags_all": {
              "CreatedAt": "2026-04-30T11:33:14Z",
              "Environment": "perf-test",
              "ManagedBy": "Terraform",
              "Name": "p-202603061651-igw",
              "Project": "p-202603061651"
            },
            "timeouts": null,
            "vpc_id": "vpc-0fc7811d471daa9a9"
          },
          "sensitive_attributes": [],
          "identity_schema_version": 0,
          "private": "eyJlMmJmYjczMC1lY2FhLTExZTYtOGY4OC0zNDM2M2JjN2M0YzAiOnsiY3JlYXRlIjoxMjAwMDAwMDAwMDAwLCJkZWxldGUiOjEyMDAwMDAwMDAwMDAsInVwZGF0ZSI6MTIwMDAwMDAwMDAwMH19",
          "dependencies": [
            "aws_vpc.main"
          ]
        }
      ]
    },
    {
      "mode": "managed",
      "type": "aws_lb",
      "name": "switch_nlb",
      "provider": "provider[\"registry.terraform.io/hashicorp/aws\"]",
      "instances": [
        {
          "index_key": 0,
          "schema_version": 0,
          "attributes": {
            "access_logs": [
              {
                "bucket": "",
                "enabled": false,
                "prefix": ""
              }
            ],
            "arn": "arn:aws:elasticloadbalancing:eu-west-2:886403637725:loadbalancer/net/p-202603061651-switch-nlb/8d3362f8ec3979a3",
            "arn_suffix": "net/p-202603061651-switch-nlb/8d3362f8ec3979a3",
            "client_keep_alive": null,
            "connection_logs": [],
            "customer_owned_ipv4_pool": "",
            "desync_mitigation_mode": null,
            "dns_name": "p-202603061651-switch-nlb-8d3362f8ec3979a3.elb.eu-west-2.amazonaws.com",
            "dns_record_client_routing_policy": "any_availability_zone",
            "drop_invalid_header_fields": null,
            "enable_cross_zone_load_balancing": false,
            "enable_deletion_protection": false,
            "enable_http2": null,
            "enable_tls_version_and_cipher_suite_headers": null,
            "enable_waf_fail_open": null,
            "enable_xff_client_port": null,
            "enable_zonal_shift": false,
            "enforce_security_group_inbound_rules_on_private_link_traffic": "",
            "id": "arn:aws:elasticloadbalancing:eu-west-2:886403637725:loadbalancer/net/p-202603061651-switch-nlb/8d3362f8ec3979a3",
            "idle_timeout": null,
            "internal": true,
            "ip_address_type": "ipv4",
            "ipam_pools": [],
            "load_balancer_type": "network",
            "minimum_load_balancer_capacity": [],
            "name": "p-202603061651-switch-nlb",
            "name_prefix": "",
            "preserve_host_header": null,
            "security_groups": [],
            "subnet_mapping": [
              {
                "allocation_id": "",
                "ipv6_address": "",
                "outpost_id": "",
                "private_ipv4_address": "",
                "subnet_id": "subnet-0f11d2b15dab58cc0"
              }
            ],
            "subnets": [
              "subnet-0f11d2b15dab58cc0"
            ],
            "tags": {
              "CreatedAt": "2026-04-30T11:33:14Z",
              "Environment": "perf-test",
              "ManagedBy": "Terraform",
              "Name": "p-202603061651-switch-nlb",
              "Project": "p-202603061651",
              "Purpose": "Mojaloop TCP load balancing"
            },
            "tags_all": {
              "CreatedAt": "2026-04-30T11:33:14Z",
              "Environment": "perf-test",
              "ManagedBy": "Terraform",
              "Name": "p-202603061651-switch-nlb",
              "Project": "p-202603061651",
              "Purpose": "Mojaloop TCP load balancing"
            },
            "timeouts": null,
            "vpc_id": "vpc-0fc7811d471daa9a9",
            "xff_header_processing_mode": null,
            "zone_id": "ZD4D7Y8KGAS4G"
          },
          "sensitive_attributes": [],
          "identity_schema_version": 0,
          "private": "eyJlMmJmYjczMC1lY2FhLTExZTYtOGY4OC0zNDM2M2JjN2M0YzAiOnsiY3JlYXRlIjo2MDAwMDAwMDAwMDAsImRlbGV0ZSI6NjAwMDAwMDAwMDAwLCJ1cGRhdGUiOjYwMDAwMDAwMDAwMH19",
          "dependencies": [
            "aws_subnet.private",
            "aws_vpc.main",
            "data.aws_availability_zones.available"
          ]
        }
      ]
    },
    {
      "mode": "managed",
      "type": "aws_lb_listener",
      "name": "switch_tcp_443",
      "provider": "provider[\"registry.terraform.io/hashicorp/aws\"]",
      "instances": [
        {
          "index_key": 0,
          "schema_version": 0,
          "attributes": {
            "alpn_policy": null,
            "arn": "arn:aws:elasticloadbalancing:eu-west-2:886403637725:listener/net/p-202603061651-switch-nlb/8d3362f8ec3979a3/4da0a3390fe63b56",
            "certificate_arn": null,
            "default_action": [
              {
                "authenticate_cognito": [],
                "authenticate_oidc": [],
                "fixed_response": [],
                "forward": [],
                "order": 1,
                "redirect": [],
                "target_group_arn": "arn:aws:elasticloadbalancing:eu-west-2:886403637725:targetgroup/p-202603061651-tcp-443/bfd4758d9e3a5372",
                "type": "forward"
              }
            ],
            "id": "arn:aws:elasticloadbalancing:eu-west-2:886403637725:listener/net/p-202603061651-switch-nlb/8d3362f8ec3979a3/4da0a3390fe63b56",
            "load_balancer_arn": "arn:aws:elasticloadbalancing:eu-west-2:886403637725:loadbalancer/net/p-202603061651-switch-nlb/8d3362f8ec3979a3",
            "mutual_authentication": [],
            "port": 443,
            "protocol": "TCP",
            "routing_http_request_x_amzn_mtls_clientcert_header_name": null,
            "routing_http_request_x_amzn_mtls_clientcert_issuer_header_name": null,
            "routing_http_request_x_amzn_mtls_clientcert_leaf_header_name": null,
            "routing_http_request_x_amzn_mtls_clientcert_serial_number_header_name": null,
            "routing_http_request_x_amzn_mtls_clientcert_subject_header_name": null,
            "routing_http_request_x_amzn_mtls_clientcert_validity_header_name": null,
            "routing_http_request_x_amzn_tls_cipher_suite_header_name": null,
            "routing_http_request_x_amzn_tls_version_header_name": null,
            "routing_http_response_access_control_allow_credentials_header_value": null,
            "routing_http_response_access_control_allow_headers_header_value": null,
            "routing_http_response_access_control_allow_methods_header_value": null,
            "routing_http_response_access_control_allow_origin_header_value": null,
            "routing_http_response_access_control_expose_headers_header_value": null,
            "routing_http_response_access_control_max_age_header_value": null,
            "routing_http_response_content_security_policy_header_value": null,
            "routing_http_response_server_enabled": null,
            "routing_http_response_strict_transport_security_header_value": null,
            "routing_http_response_x_content_type_options_header_value": null,
            "routing_http_response_x_frame_options_header_value": null,
            "ssl_policy": "",
            "tags": null,
            "tags_all": {
              "CreatedAt": "2026-04-30T11:33:14Z",
              "Environment": "perf-test",
              "ManagedBy": "Terraform",
              "Project": "p-202603061651"
            },
            "tcp_idle_timeout_seconds": 350,
            "timeouts": null
          },
          "sensitive_attributes": [],
          "identity_schema_version": 0,
          "private": "eyJlMmJmYjczMC1lY2FhLTExZTYtOGY4OC0zNDM2M2JjN2M0YzAiOnsiY3JlYXRlIjozMDAwMDAwMDAwMDAsInVwZGF0ZSI6MzAwMDAwMDAwMDAwfX0=",
          "dependencies": [
            "aws_lb.switch_nlb",
            "aws_lb_target_group.switch_tcp_443",
            "aws_subnet.private",
            "aws_vpc.main",
            "data.aws_availability_zones.available"
          ]
        }
      ]
    },
    {
      "mode": "managed",
      "type": "aws_lb_listener",
      "name": "switch_tcp_80",
      "provider": "provider[\"registry.terraform.io/hashicorp/aws\"]",
      "instances": [
        {
          "index_key": 0,
          "schema_version": 0,
          "attributes": {
            "alpn_policy": null,
            "arn": "arn:aws:elasticloadbalancing:eu-west-2:886403637725:listener/net/p-202603061651-switch-nlb/8d3362f8ec3979a3/5164519cfeeba7ac",
            "certificate_arn": null,
            "default_action": [
              {
                "authenticate_cognito": [],
                "authenticate_oidc": [],
                "fixed_response": [],
                "forward": [],
                "order": 1,
                "redirect": [],
                "target_group_arn": "arn:aws:elasticloadbalancing:eu-west-2:886403637725:targetgroup/p-202603061651-tcp-80/7724fed64c25b45e",
                "type": "forward"
              }
            ],
            "id": "arn:aws:elasticloadbalancing:eu-west-2:886403637725:listener/net/p-202603061651-switch-nlb/8d3362f8ec3979a3/5164519cfeeba7ac",
            "load_balancer_arn": "arn:aws:elasticloadbalancing:eu-west-2:886403637725:loadbalancer/net/p-202603061651-switch-nlb/8d3362f8ec3979a3",
            "mutual_authentication": [],
            "port": 80,
            "protocol": "TCP",
            "routing_http_request_x_amzn_mtls_clientcert_header_name": null,
            "routing_http_request_x_amzn_mtls_clientcert_issuer_header_name": null,
            "routing_http_request_x_amzn_mtls_clientcert_leaf_header_name": null,
            "routing_http_request_x_amzn_mtls_clientcert_serial_number_header_name": null,
            "routing_http_request_x_amzn_mtls_clientcert_subject_header_name": null,
            "routing_http_request_x_amzn_mtls_clientcert_validity_header_name": null,
            "routing_http_request_x_amzn_tls_cipher_suite_header_name": null,
            "routing_http_request_x_amzn_tls_version_header_name": null,
            "routing_http_response_access_control_allow_credentials_header_value": null,
            "routing_http_response_access_control_allow_headers_header_value": null,
            "routing_http_response_access_control_allow_methods_header_value": null,
            "routing_http_response_access_control_allow_origin_header_value": null,
            "routing_http_response_access_control_expose_headers_header_value": null,
            "routing_http_response_access_control_max_age_header_value": null,
            "routing_http_response_content_security_policy_header_value": null,
            "routing_http_response_server_enabled": null,
            "routing_http_response_strict_transport_security_header_value": null,
            "routing_http_response_x_content_type_options_header_value": null,
            "routing_http_response_x_frame_options_header_value": null,
            "ssl_policy": "",
            "tags": null,
            "tags_all": {
              "CreatedAt": "2026-04-30T11:33:14Z",
              "Environment": "perf-test",
              "ManagedBy": "Terraform",
              "Project": "p-202603061651"
            },
            "tcp_idle_timeout_seconds": 350,
            "timeouts": null
          },
          "sensitive_attributes": [],
          "identity_schema_version": 0,
          "private": "eyJlMmJmYjczMC1lY2FhLTExZTYtOGY4OC0zNDM2M2JjN2M0YzAiOnsiY3JlYXRlIjozMDAwMDAwMDAwMDAsInVwZGF0ZSI6MzAwMDAwMDAwMDAwfX0=",
          "dependencies": [
            "aws_lb.switch_nlb",
            "aws_lb_target_group.switch_tcp_80",
            "aws_subnet.private",
            "aws_vpc.main",
            "data.aws_availability_zones.available"
          ]
        }
      ]
    },
    {
      "mode": "managed",
      "type": "aws_lb_target_group",
      "name": "switch_tcp_443",
      "provider": "provider[\"registry.terraform.io/hashicorp/aws\"]",
      "instances": [
        {
          "index_key": 0,
          "schema_version": 0,
          "attributes": {
            "arn": "arn:aws:elasticloadbalancing:eu-west-2:886403637725:targetgroup/p-202603061651-tcp-443/bfd4758d9e3a5372",
            "arn_suffix": "targetgroup/p-202603061651-tcp-443/bfd4758d9e3a5372",
            "connection_termination": false,
            "deregistration_delay": "30",
            "health_check": [
              {
                "enabled": true,
                "healthy_threshold": 2,
                "interval": 30,
                "matcher": "",
                "path": "",
                "port": "30080",
                "protocol": "TCP",
                "timeout": 10,
                "unhealthy_threshold": 3
              }
            ],
            "id": "arn:aws:elasticloadbalancing:eu-west-2:886403637725:targetgroup/p-202603061651-tcp-443/bfd4758d9e3a5372",
            "ip_address_type": "ipv4",
            "lambda_multi_value_headers_enabled": false,
            "load_balancer_arns": [],
            "load_balancing_algorithm_type": null,
            "load_balancing_anomaly_mitigation": null,
            "load_balancing_cross_zone_enabled": "use_load_balancer_configuration",
            "name": "p-202603061651-tcp-443",
            "name_prefix": "",
            "port": 30443,
            "preserve_client_ip": "true",
            "protocol": "TCP",
            "protocol_version": null,
            "proxy_protocol_v2": false,
            "slow_start": 0,
            "stickiness": [
              {
                "cookie_duration": 0,
                "cookie_name": "",
                "enabled": false,
                "type": "source_ip"
              }
            ],
            "tags": {
              "CreatedAt": "2026-04-30T11:33:14Z",
              "Environment": "perf-test",
              "ManagedBy": "Terraform",
              "Name": "p-202603061651-tcp-443-tg",
              "Project": "p-202603061651"
            },
            "tags_all": {
              "CreatedAt": "2026-04-30T11:33:14Z",
              "Environment": "perf-test",
              "ManagedBy": "Terraform",
              "Name": "p-202603061651-tcp-443-tg",
              "Project": "p-202603061651"
            },
            "target_failover": [
              {
                "on_deregistration": null,
                "on_unhealthy": null
              }
            ],
            "target_group_health": [
              {
                "dns_failover": [
                  {
                    "minimum_healthy_targets_count": "1",
                    "minimum_healthy_targets_percentage": "off"
                  }
                ],
                "unhealthy_state_routing": [
                  {
                    "minimum_healthy_targets_count": 1,
                    "minimum_healthy_targets_percentage": "off"
                  }
                ]
              }
            ],
            "target_health_state": [
              {
                "enable_unhealthy_connection_termination": true,
                "unhealthy_draining_interval": 0
              }
            ],
            "target_type": "instance",
            "vpc_id": "vpc-0fc7811d471daa9a9"
          },
          "sensitive_attributes": [],
          "identity_schema_version": 0,
          "private": "bnVsbA==",
          "dependencies": [
            "aws_vpc.main"
          ]
        }
      ]
    },
    {
      "mode": "managed",
      "type": "aws_lb_target_group",
      "name": "switch_tcp_80",
      "provider": "provider[\"registry.terraform.io/hashicorp/aws\"]",
      "instances": [
        {
          "index_key": 0,
          "schema_version": 0,
          "attributes": {
            "arn": "arn:aws:elasticloadbalancing:eu-west-2:886403637725:targetgroup/p-202603061651-tcp-80/7724fed64c25b45e",
            "arn_suffix": "targetgroup/p-202603061651-tcp-80/7724fed64c25b45e",
            "connection_termination": false,
            "deregistration_delay": "30",
            "health_check": [
              {
                "enabled": true,
                "healthy_threshold": 2,
                "interval": 30,
                "matcher": "",
                "path": "",
                "port": "30080",
                "protocol": "TCP",
                "timeout": 10,
                "unhealthy_threshold": 3
              }
            ],
            "id": "arn:aws:elasticloadbalancing:eu-west-2:886403637725:targetgroup/p-202603061651-tcp-80/7724fed64c25b45e",
            "ip_address_type": "ipv4",
            "lambda_multi_value_headers_enabled": false,
            "load_balancer_arns": [],
            "load_balancing_algorithm_type": null,
            "load_balancing_anomaly_mitigation": null,
            "load_balancing_cross_zone_enabled": "use_load_balancer_configuration",
            "name": "p-202603061651-tcp-80",
            "name_prefix": "",
            "port": 30080,
            "preserve_client_ip": "true",
            "protocol": "TCP",
            "protocol_version": null,
            "proxy_protocol_v2": false,
            "slow_start": 0,
            "stickiness": [
              {
                "cookie_duration": 0,
                "cookie_name": "",
                "enabled": false,
                "type": "source_ip"
              }
            ],
            "tags": {
              "CreatedAt": "2026-04-30T11:33:14Z",
              "Environment": "perf-test",
              "ManagedBy": "Terraform",
              "Name": "p-202603061651-tcp-80-tg",
              "Project": "p-202603061651"
            },
            "tags_all": {
              "CreatedAt": "2026-04-30T11:33:14Z",
              "Environment": "perf-test",
              "ManagedBy": "Terraform",
              "Name": "p-202603061651-tcp-80-tg",
              "Project": "p-202603061651"
            },
            "target_failover": [
              {
                "on_deregistration": null,
                "on_unhealthy": null
              }
            ],
            "target_group_health": [
              {
                "dns_failover": [
                  {
                    "minimum_healthy_targets_count": "1",
                    "minimum_healthy_targets_percentage": "off"
                  }
                ],
                "unhealthy_state_routing": [
                  {
                    "minimum_healthy_targets_count": 1,
                    "minimum_healthy_targets_percentage": "off"
                  }
                ]
              }
            ],
            "target_health_state": [
              {
                "enable_unhealthy_connection_termination": true,
                "unhealthy_draining_interval": 0
              }
            ],
            "target_type": "instance",
            "vpc_id": "vpc-0fc7811d471daa9a9"
          },
          "sensitive_attributes": [],
          "identity_schema_version": 0,
          "private": "bnVsbA==",
          "dependencies": [
            "aws_vpc.main"
          ]
        }
      ]
    },
    {
      "mode": "managed",
      "type": "aws_lb_target_group_attachment",
      "name": "switch_tcp_443",
      "provider": "provider[\"registry.terraform.io/hashicorp/aws\"]",
      "instances": [
        {
          "index_key": "sw1-n1",
          "schema_version": 0,
          "attributes": {
            "availability_zone": null,
            "id": "arn:aws:elasticloadbalancing:eu-west-2:886403637725:targetgroup/p-202603061651-tcp-443/bfd4758d9e3a5372-2026043011341447770000001b",
            "port": 30443,
            "target_group_arn": "arn:aws:elasticloadbalancing:eu-west-2:886403637725:targetgroup/p-202603061651-tcp-443/bfd4758d9e3a5372",
            "target_id": "i-009eb70a522b15893"
          },
          "sensitive_attributes": [],
          "identity_schema_version": 0,
          "private": "bnVsbA==",
          "dependencies": [
            "aws_instance.switch",
            "aws_lb_target_group.switch_tcp_443",
            "aws_placement_group.cluster",
            "aws_security_group.internal",
            "aws_subnet.private",
            "aws_vpc.main",
            "data.aws_availability_zones.available",
            "data.aws_key_pair.existing"
          ]
        },
        {
          "index_key": "sw1-n2",
          "schema_version": 0,
          "attributes": {
            "availability_zone": null,
            "id": "arn:aws:elasticloadbalancing:eu-west-2:886403637725:targetgroup/p-202603061651-tcp-443/bfd4758d9e3a5372-20260430113414245900000017",
            "port": 30443,
            "target_group_arn": "arn:aws:elasticloadbalancing:eu-west-2:886403637725:targetgroup/p-202603061651-tcp-443/bfd4758d9e3a5372",
            "target_id": "i-035cd05f99a017223"
          },
          "sensitive_attributes": [],
          "identity_schema_version": 0,
          "private": "bnVsbA==",
          "dependencies": [
            "aws_instance.switch",
            "aws_lb_target_group.switch_tcp_443",
            "aws_placement_group.cluster",
            "aws_security_group.internal",
            "aws_subnet.private",
            "aws_vpc.main",
            "data.aws_availability_zones.available",
            "data.aws_key_pair.existing"
          ]
        },
        {
          "index_key": "sw1-n3",
          "schema_version": 0,
          "attributes": {
            "availability_zone": null,
            "id": "arn:aws:elasticloadbalancing:eu-west-2:886403637725:targetgroup/p-202603061651-tcp-443/bfd4758d9e3a5372-20260430113414258000000018",
            "port": 30443,
            "target_group_arn": "arn:aws:elasticloadbalancing:eu-west-2:886403637725:targetgroup/p-202603061651-tcp-443/bfd4758d9e3a5372",
            "target_id": "i-0adb2f908a44d5aab"
          },
          "sensitive_attributes": [],
          "identity_schema_version": 0,
          "private": "bnVsbA==",
          "dependencies": [
            "aws_instance.switch",
            "aws_lb_target_group.switch_tcp_443",
            "aws_placement_group.cluster",
            "aws_security_group.internal",
            "aws_subnet.private",
            "aws_vpc.main",
            "data.aws_availability_zones.available",
            "data.aws_key_pair.existing"
          ]
        }
      ]
    },
    {
      "mode": "managed",
      "type": "aws_lb_target_group_attachment",
      "name": "switch_tcp_80",
      "provider": "provider[\"registry.terraform.io/hashicorp/aws\"]",
      "instances": [
        {
          "index_key": "sw1-n1",
          "schema_version": 0,
          "attributes": {
            "availability_zone": null,
            "id": "arn:aws:elasticloadbalancing:eu-west-2:886403637725:targetgroup/p-202603061651-tcp-80/7724fed64c25b45e-20260430113414242500000016",
            "port": 30080,
            "target_group_arn": "arn:aws:elasticloadbalancing:eu-west-2:886403637725:targetgroup/p-202603061651-tcp-80/7724fed64c25b45e",
            "target_id": "i-009eb70a522b15893"
          },
          "sensitive_attributes": [],
          "identity_schema_version": 0,
          "private": "bnVsbA==",
          "dependencies": [
            "aws_instance.switch",
            "aws_lb_target_group.switch_tcp_80",
            "aws_placement_group.cluster",
            "aws_security_group.internal",
            "aws_subnet.private",
            "aws_vpc.main",
            "data.aws_availability_zones.available",
            "data.aws_key_pair.existing"
          ]
        },
        {
          "index_key": "sw1-n2",
          "schema_version": 0,
          "attributes": {
            "availability_zone": null,
            "id": "arn:aws:elasticloadbalancing:eu-west-2:886403637725:targetgroup/p-202603061651-tcp-80/7724fed64c25b45e-20260430113414282200000019",
            "port": 30080,
            "target_group_arn": "arn:aws:elasticloadbalancing:eu-west-2:886403637725:targetgroup/p-202603061651-tcp-80/7724fed64c25b45e",
            "target_id": "i-035cd05f99a017223"
          },
          "sensitive_attributes": [],
          "identity_schema_version": 0,
          "private": "bnVsbA==",
          "dependencies": [
            "aws_instance.switch",
            "aws_lb_target_group.switch_tcp_80",
            "aws_placement_group.cluster",
            "aws_security_group.internal",
            "aws_subnet.private",
            "aws_vpc.main",
            "data.aws_availability_zones.available",
            "data.aws_key_pair.existing"
          ]
        },
        {
          "index_key": "sw1-n3",
          "schema_version": 0,
          "attributes": {
            "availability_zone": null,
            "id": "arn:aws:elasticloadbalancing:eu-west-2:886403637725:targetgroup/p-202603061651-tcp-80/7724fed64c25b45e-2026043011341431150000001a",
            "port": 30080,
            "target_group_arn": "arn:aws:elasticloadbalancing:eu-west-2:886403637725:targetgroup/p-202603061651-tcp-80/7724fed64c25b45e",
            "target_id": "i-0adb2f908a44d5aab"
          },
          "sensitive_attributes": [],
          "identity_schema_version": 0,
          "private": "bnVsbA==",
          "dependencies": [
            "aws_instance.switch",
            "aws_lb_target_group.switch_tcp_80",
            "aws_placement_group.cluster",
            "aws_security_group.internal",
            "aws_subnet.private",
            "aws_vpc.main",
            "data.aws_availability_zones.available",
            "data.aws_key_pair.existing"
          ]
        }
      ]
    },
    {
      "mode": "managed",
      "type": "aws_nat_gateway",
      "name": "main",
      "provider": "provider[\"registry.terraform.io/hashicorp/aws\"]",
      "instances": [
        {
          "schema_version": 0,
          "attributes": {
            "allocation_id": "eipalloc-08ba4e5f490eabb3f",
            "association_id": "eipassoc-0c6d87c1a869b7491",
            "connectivity_type": "public",
            "id": "nat-03e97a048f3311a14",
            "network_interface_id": "eni-0943d3347c03fa6bd",
            "private_ip": "10.112.1.112",
            "public_ip": "13.135.11.165",
            "secondary_allocation_ids": null,
            "secondary_private_ip_address_count": 0,
            "secondary_private_ip_addresses": [],
            "subnet_id": "subnet-0d7a99328fa4c8c35",
            "tags": {
              "CreatedAt": "2026-04-30T11:33:14Z",
              "Environment": "perf-test",
              "ManagedBy": "Terraform",
              "Name": "p-202603061651-nat",
              "Project": "p-202603061651"
            },
            "tags_all": {
              "CreatedAt": "2026-04-30T11:33:14Z",
              "Environment": "perf-test",
              "ManagedBy": "Terraform",
              "Name": "p-202603061651-nat",
              "Project": "p-202603061651"
            },
            "timeouts": null
          },
          "sensitive_attributes": [],
          "identity_schema_version": 0,
          "private": "eyJlMmJmYjczMC1lY2FhLTExZTYtOGY4OC0zNDM2M2JjN2M0YzAiOnsiY3JlYXRlIjo2MDAwMDAwMDAwMDAsImRlbGV0ZSI6MTgwMDAwMDAwMDAwMCwidXBkYXRlIjo2MDAwMDAwMDAwMDB9fQ==",
          "dependencies": [
            "aws_eip.nat",
            "aws_internet_gateway.main",
            "aws_subnet.public",
            "aws_vpc.main",
            "data.aws_availability_zones.available"
          ]
        }
      ]
    },
    {
      "mode": "managed",
      "type": "aws_placement_group",
      "name": "cluster",
      "provider": "provider[\"registry.terraform.io/hashicorp/aws\"]",
      "instances": [
        {
          "index_key": 0,
          "schema_version": 0,
          "attributes": {
            "arn": "arn:aws:ec2:eu-west-2:886403637725:placement-group/p-202603061651-cluster-pg",
            "id": "p-202603061651-cluster-pg",
            "name": "p-202603061651-cluster-pg",
            "partition_count": 0,
            "placement_group_id": "pg-0177e77ff6ae4fc0b",
            "spread_level": "",
            "strategy": "cluster",
            "tags": {
              "CreatedAt": "2026-04-30T11:33:14Z",
              "Environment": "perf-test",
              "ManagedBy": "Terraform",
              "Name": "p-202603061651-cluster-pg",
              "Project": "p-202603061651",
              "Purpose": "High-performance cluster placement"
            },
            "tags_all": {
              "CreatedAt": "2026-04-30T11:33:14Z",
              "Environment": "perf-test",
              "ManagedBy": "Terraform",
              "Name": "p-202603061651-cluster-pg",
              "Project": "p-202603061651",
              "Purpose": "High-performance cluster placement"
            }
          },
          "sensitive_attributes": [],
          "identity_schema_version": 0,
          "private": "bnVsbA=="
        }
      ]
    },
    {
      "mode": "managed",
      "type": "aws_route_table",
      "name": "private",
      "provider": "provider[\"registry.terraform.io/hashicorp/aws\"]",
      "instances": [
        {
          "schema_version": 0,
          "attributes": {
            "arn": "arn:aws:ec2:eu-west-2:886403637725:route-table/rtb-098cb0c964f2983f8",
            "id": "rtb-098cb0c964f2983f8",
            "owner_id": "886403637725",
            "propagating_vgws": [],
            "route": [
              {
                "carrier_gateway_id": "",
                "cidr_block": "0.0.0.0/0",
                "core_network_arn": "",
                "destination_prefix_list_id": "",
                "egress_only_gateway_id": "",
                "gateway_id": "",
                "ipv6_cidr_block": "",
                "local_gateway_id": "",
                "nat_gateway_id": "nat-03e97a048f3311a14",
                "network_interface_id": "",
                "transit_gateway_id": "",
                "vpc_endpoint_id": "",
                "vpc_peering_connection_id": ""
              }
            ],
            "tags": {
              "CreatedAt": "2026-04-30T11:33:14Z",
              "Environment": "perf-test",
              "ManagedBy": "Terraform",
              "Name": "p-202603061651-private-rtb",
              "Project": "p-202603061651"
            },
            "tags_all": {
              "CreatedAt": "2026-04-30T11:33:14Z",
              "Environment": "perf-test",
              "ManagedBy": "Terraform",
              "Name": "p-202603061651-private-rtb",
              "Project": "p-202603061651"
            },
            "timeouts": null,
            "vpc_id": "vpc-0fc7811d471daa9a9"
          },
          "sensitive_attributes": [],
          "identity_schema_version": 0,
          "private": "eyJlMmJmYjczMC1lY2FhLTExZTYtOGY4OC0zNDM2M2JjN2M0YzAiOnsiY3JlYXRlIjozMDAwMDAwMDAwMDAsImRlbGV0ZSI6MzAwMDAwMDAwMDAwLCJ1cGRhdGUiOjEyMDAwMDAwMDAwMH19",
          "dependencies": [
            "aws_eip.nat",
            "aws_internet_gateway.main",
            "aws_nat_gateway.main",
            "aws_subnet.public",
            "aws_vpc.main",
            "data.aws_availability_zones.available"
          ]
        }
      ]
    },
    {
      "mode": "managed",
      "type": "aws_route_table",
      "name": "public",
      "provider": "provider[\"registry.terraform.io/hashicorp/aws\"]",
      "instances": [
        {
          "schema_version": 0,
          "attributes": {
            "arn": "arn:aws:ec2:eu-west-2:886403637725:route-table/rtb-0bfa63aeeb22c8378",
            "id": "rtb-0bfa63aeeb22c8378",
            "owner_id": "886403637725",
            "propagating_vgws": [],
            "route": [
              {
                "carrier_gateway_id": "",
                "cidr_block": "0.0.0.0/0",
                "core_network_arn": "",
                "destination_prefix_list_id": "",
                "egress_only_gateway_id": "",
                "gateway_id": "igw-074c2572757430b02",
                "ipv6_cidr_block": "",
                "local_gateway_id": "",
                "nat_gateway_id": "",
                "network_interface_id": "",
                "transit_gateway_id": "",
                "vpc_endpoint_id": "",
                "vpc_peering_connection_id": ""
              }
            ],
            "tags": {
              "CreatedAt": "2026-04-30T11:33:14Z",
              "Environment": "perf-test",
              "ManagedBy": "Terraform",
              "Name": "p-202603061651-public-rtb",
              "Project": "p-202603061651"
            },
            "tags_all": {
              "CreatedAt": "2026-04-30T11:33:14Z",
              "Environment": "perf-test",
              "ManagedBy": "Terraform",
              "Name": "p-202603061651-public-rtb",
              "Project": "p-202603061651"
            },
            "timeouts": null,
            "vpc_id": "vpc-0fc7811d471daa9a9"
          },
          "sensitive_attributes": [],
          "identity_schema_version": 0,
          "private": "eyJlMmJmYjczMC1lY2FhLTExZTYtOGY4OC0zNDM2M2JjN2M0YzAiOnsiY3JlYXRlIjozMDAwMDAwMDAwMDAsImRlbGV0ZSI6MzAwMDAwMDAwMDAwLCJ1cGRhdGUiOjEyMDAwMDAwMDAwMH19",
          "dependencies": [
            "aws_internet_gateway.main",
            "aws_vpc.main"
          ]
        }
      ]
    },
    {
      "mode": "managed",
      "type": "aws_route_table_association",
      "name": "private",
      "provider": "provider[\"registry.terraform.io/hashicorp/aws\"]",
      "instances": [
        {
          "schema_version": 0,
          "attributes": {
            "gateway_id": "",
            "id": "rtbassoc-09703eea81a675cc6",
            "route_table_id": "rtb-098cb0c964f2983f8",
            "subnet_id": "subnet-0f11d2b15dab58cc0",
            "timeouts": null
          },
          "sensitive_attributes": [],
          "identity_schema_version": 0,
          "private": "eyJlMmJmYjczMC1lY2FhLTExZTYtOGY4OC0zNDM2M2JjN2M0YzAiOnsiY3JlYXRlIjozMDAwMDAwMDAwMDAsImRlbGV0ZSI6MzAwMDAwMDAwMDAwLCJ1cGRhdGUiOjEyMDAwMDAwMDAwMH19",
          "dependencies": [
            "aws_eip.nat",
            "aws_internet_gateway.main",
            "aws_nat_gateway.main",
            "aws_route_table.private",
            "aws_subnet.private",
            "aws_subnet.public",
            "aws_vpc.main",
            "data.aws_availability_zones.available"
          ]
        }
      ]
    },
    {
      "mode": "managed",
      "type": "aws_route_table_association",
      "name": "public",
      "provider": "provider[\"registry.terraform.io/hashicorp/aws\"]",
      "instances": [
        {
          "schema_version": 0,
          "attributes": {
            "gateway_id": "",
            "id": "rtbassoc-0cd8a55b42d551b81",
            "route_table_id": "rtb-0bfa63aeeb22c8378",
            "subnet_id": "subnet-0d7a99328fa4c8c35",
            "timeouts": null
          },
          "sensitive_attributes": [],
          "identity_schema_version": 0,
          "private": "eyJlMmJmYjczMC1lY2FhLTExZTYtOGY4OC0zNDM2M2JjN2M0YzAiOnsiY3JlYXRlIjozMDAwMDAwMDAwMDAsImRlbGV0ZSI6MzAwMDAwMDAwMDAwLCJ1cGRhdGUiOjEyMDAwMDAwMDAwMH19",
          "dependencies": [
            "aws_internet_gateway.main",
            "aws_route_table.public",
            "aws_subnet.public",
            "aws_vpc.main",
            "data.aws_availability_zones.available"
          ]
        }
      ]
    },
    {
      "mode": "managed",
      "type": "aws_security_group",
      "name": "bastion",
      "provider": "provider[\"registry.terraform.io/hashicorp/aws\"]",
      "instances": [
        {
          "index_key": 0,
          "schema_version": 1,
          "attributes": {
            "arn": "arn:aws:ec2:eu-west-2:886403637725:security-group/sg-05a7850f72345b889",
            "description": "Security group for bastion host",
            "egress": [],
            "id": "sg-05a7850f72345b889",
            "ingress": [],
            "name": "p-202603061651-bastion-sg",
            "name_prefix": "",
            "owner_id": "886403637725",
            "revoke_rules_on_delete": false,
            "tags": {
              "CreatedAt": "2026-04-30T11:33:14Z",
              "Environment": "perf-test",
              "ManagedBy": "Terraform",
              "Name": "p-202603061651-bastion-sg",
              "Project": "p-202603061651",
              "Purpose": "Bastion SSH access"
            },
            "tags_all": {
              "CreatedAt": "2026-04-30T11:33:14Z",
              "Environment": "perf-test",
              "ManagedBy": "Terraform",
              "Name": "p-202603061651-bastion-sg",
              "Project": "p-202603061651",
              "Purpose": "Bastion SSH access"
            },
            "timeouts": null,
            "vpc_id": "vpc-0fc7811d471daa9a9"
          },
          "sensitive_attributes": [],
          "identity_schema_version": 0,
          "private": "eyJlMmJmYjczMC1lY2FhLTExZTYtOGY4OC0zNDM2M2JjN2M0YzAiOnsiY3JlYXRlIjo2MDAwMDAwMDAwMDAsImRlbGV0ZSI6OTAwMDAwMDAwMDAwfSwic2NoZW1hX3ZlcnNpb24iOiIxIn0=",
          "dependencies": [
            "aws_vpc.main"
          ]
        }
      ]
    },
    {
      "mode": "managed",
      "type": "aws_security_group",
      "name": "internal",
      "provider": "provider[\"registry.terraform.io/hashicorp/aws\"]",
      "instances": [
        {
          "schema_version": 1,
          "attributes": {
            "arn": "arn:aws:ec2:eu-west-2:886403637725:security-group/sg-04de874c6c25d6ef1",
            "description": "Security group for internal cluster nodes",
            "egress": [],
            "id": "sg-04de874c6c25d6ef1",
            "ingress": [],
            "name": "p-202603061651-internal-sg",
            "name_prefix": "",
            "owner_id": "886403637725",
            "revoke_rules_on_delete": false,
            "tags": {
              "CreatedAt": "2026-04-30T11:33:14Z",
              "Environment": "perf-test",
              "ManagedBy": "Terraform",
              "Name": "p-202603061651-internal-sg",
              "Project": "p-202603061651",
              "Purpose": "Internal cluster communication"
            },
            "tags_all": {
              "CreatedAt": "2026-04-30T11:33:14Z",
              "Environment": "perf-test",
              "ManagedBy": "Terraform",
              "Name": "p-202603061651-internal-sg",
              "Project": "p-202603061651",
              "Purpose": "Internal cluster communication"
            },
            "timeouts": null,
            "vpc_id": "vpc-0fc7811d471daa9a9"
          },
          "sensitive_attributes": [],
          "identity_schema_version": 0,
          "private": "eyJlMmJmYjczMC1lY2FhLTExZTYtOGY4OC0zNDM2M2JjN2M0YzAiOnsiY3JlYXRlIjo2MDAwMDAwMDAwMDAsImRlbGV0ZSI6OTAwMDAwMDAwMDAwfSwic2NoZW1hX3ZlcnNpb24iOiIxIn0=",
          "dependencies": [
            "aws_vpc.main"
          ]
        }
      ]
    },
    {
      "mode": "managed",
      "type": "aws_security_group_rule",
      "name": "bastion_egress",
      "provider": "provider[\"registry.terraform.io/hashicorp/aws\"]",
      "instances": [
        {
          "index_key": "0",
          "schema_version": 2,
          "attributes": {
            "cidr_blocks": [
              "0.0.0.0/0"
            ],
            "description": "Allow all outbound internet traffic",
            "from_port": 0,
            "id": "sgrule-3244224533",
            "ipv6_cidr_blocks": null,
            "prefix_list_ids": null,
            "protocol": "-1",
            "security_group_id": "sg-05a7850f72345b889",
            "security_group_rule_id": "sgr-0af60076990aac805",
            "self": false,
            "source_security_group_id": null,
            "timeouts": null,
            "to_port": 0,
            "type": "egress"
          },
          "sensitive_attributes": [],
          "identity_schema_version": 0,
          "private": "eyJlMmJmYjczMC1lY2FhLTExZTYtOGY4OC0zNDM2M2JjN2M0YzAiOnsiY3JlYXRlIjozMDAwMDAwMDAwMDB9LCJzY2hlbWFfdmVyc2lvbiI6IjIifQ==",
          "dependencies": [
            "aws_security_group.bastion",
            "aws_vpc.main"
          ]
        }
      ]
    },
    {
      "mode": "managed",
      "type": "aws_security_group_rule",
      "name": "bastion_ingress",
      "provider": "provider[\"registry.terraform.io/hashicorp/aws\"]",
      "instances": [
        {
          "index_key": "0",
          "schema_version": 2,
          "attributes": {
            "cidr_blocks": [
              "0.0.0.0/0"
            ],
            "description": "SSH access to bastion",
            "from_port": 22,
            "id": "sgrule-4288525556",
            "ipv6_cidr_blocks": null,
            "prefix_list_ids": null,
            "protocol": "tcp",
            "security_group_id": "sg-05a7850f72345b889",
            "security_group_rule_id": "sgr-0d0700373914beb75",
            "self": false,
            "source_security_group_id": null,
            "timeouts": null,
            "to_port": 22,
            "type": "ingress"
          },
          "sensitive_attributes": [],
          "identity_schema_version": 0,
          "private": "eyJlMmJmYjczMC1lY2FhLTExZTYtOGY4OC0zNDM2M2JjN2M0YzAiOnsiY3JlYXRlIjozMDAwMDAwMDAwMDB9LCJzY2hlbWFfdmVyc2lvbiI6IjIifQ==",
          "dependencies": [
            "aws_security_group.bastion",
            "aws_vpc.main"
          ]
        }
      ]
    },
    {
      "mode": "managed",
      "type": "aws_security_group_rule",
      "name": "internal_egress",
      "provider": "provider[\"registry.terraform.io/hashicorp/aws\"]",
      "instances": [
        {
          "index_key": "0",
          "schema_version": 2,
          "attributes": {
            "cidr_blocks": [
              "0.0.0.0/0"
            ],
            "description": "Allow all outbound internet traffic (for package downloads, updates, etc.)",
            "from_port": 0,
            "id": "sgrule-1217571018",
            "ipv6_cidr_blocks": null,
            "prefix_list_ids": null,
            "protocol": "-1",
            "security_group_id": "sg-04de874c6c25d6ef1",
            "security_group_rule_id": "sgr-03b0fb8f2212bb95d",
            "self": false,
            "source_security_group_id": null,
            "timeouts": null,
            "to_port": 0,
            "type": "egress"
          },
          "sensitive_attributes": [],
          "identity_schema_version": 0,
          "private": "eyJlMmJmYjczMC1lY2FhLTExZTYtOGY4OC0zNDM2M2JjN2M0YzAiOnsiY3JlYXRlIjozMDAwMDAwMDAwMDB9LCJzY2hlbWFfdmVyc2lvbiI6IjIifQ==",
          "dependencies": [
            "aws_security_group.internal",
            "aws_vpc.main"
          ]
        }
      ]
    },
    {
      "mode": "managed",
      "type": "aws_security_group_rule",
      "name": "internal_from_vpc_for_nlb",
      "provider": "provider[\"registry.terraform.io/hashicorp/aws\"]",
      "instances": [
        {
          "index_key": 0,
          "schema_version": 2,
          "attributes": {
            "cidr_blocks": [
              "10.112.0.0/16"
            ],
            "description": "NodePort range from NLB (preserves source IP)",
            "from_port": 30000,
            "id": "sgrule-2420288866",
            "ipv6_cidr_blocks": null,
            "prefix_list_ids": null,
            "protocol": "tcp",
            "security_group_id": "sg-04de874c6c25d6ef1",
            "security_group_rule_id": "sgr-04a8bff7108e93d2d",
            "self": false,
            "source_security_group_id": null,
            "timeouts": null,
            "to_port": 32767,
            "type": "ingress"
          },
          "sensitive_attributes": [],
          "identity_schema_version": 0,
          "private": "eyJlMmJmYjczMC1lY2FhLTExZTYtOGY4OC0zNDM2M2JjN2M0YzAiOnsiY3JlYXRlIjozMDAwMDAwMDAwMDB9LCJzY2hlbWFfdmVyc2lvbiI6IjIifQ==",
          "dependencies": [
            "aws_security_group.internal",
            "aws_vpc.main"
          ]
        }
      ]
    },
    {
      "mode": "managed",
      "type": "aws_security_group_rule",
      "name": "internal_ingress",
      "provider": "provider[\"registry.terraform.io/hashicorp/aws\"]",
      "instances": [
        {
          "index_key": "0",
          "schema_version": 2,
          "attributes": {
            "cidr_blocks": null,
            "description": "SSH from bastion",
            "from_port": 22,
            "id": "sgrule-1192674623",
            "ipv6_cidr_blocks": null,
            "prefix_list_ids": null,
            "protocol": "tcp",
            "security_group_id": "sg-04de874c6c25d6ef1",
            "security_group_rule_id": "sgr-070fe091b21e0b592",
            "self": false,
            "source_security_group_id": "sg-05a7850f72345b889",
            "timeouts": null,
            "to_port": 22,
            "type": "ingress"
          },
          "sensitive_attributes": [],
          "identity_schema_version": 0,
          "private": "eyJlMmJmYjczMC1lY2FhLTExZTYtOGY4OC0zNDM2M2JjN2M0YzAiOnsiY3JlYXRlIjozMDAwMDAwMDAwMDB9LCJzY2hlbWFfdmVyc2lvbiI6IjIifQ==",
          "dependencies": [
            "aws_security_group.bastion",
            "aws_security_group.internal",
            "aws_vpc.main"
          ]
        },
        {
          "index_key": "1",
          "schema_version": 2,
          "attributes": {
            "cidr_blocks": null,
            "description": "MicroK8s API server from bastion",
            "from_port": 16443,
            "id": "sgrule-2803419200",
            "ipv6_cidr_blocks": null,
            "prefix_list_ids": null,
            "protocol": "tcp",
            "security_group_id": "sg-04de874c6c25d6ef1",
            "security_group_rule_id": "sgr-009be343fc2f5aa4a",
            "self": false,
            "source_security_group_id": "sg-05a7850f72345b889",
            "timeouts": null,
            "to_port": 16443,
            "type": "ingress"
          },
          "sensitive_attributes": [],
          "identity_schema_version": 0,
          "private": "eyJlMmJmYjczMC1lY2FhLTExZTYtOGY4OC0zNDM2M2JjN2M0YzAiOnsiY3JlYXRlIjozMDAwMDAwMDAwMDB9LCJzY2hlbWFfdmVyc2lvbiI6IjIifQ==",
          "dependencies": [
            "aws_security_group.bastion",
            "aws_security_group.internal",
            "aws_vpc.main"
          ]
        },
        {
          "index_key": "2",
          "schema_version": 2,
          "attributes": {
            "cidr_blocks": null,
            "description": "MicroK8s API server",
            "from_port": 16443,
            "id": "sgrule-4045343451",
            "ipv6_cidr_blocks": null,
            "prefix_list_ids": null,
            "protocol": "tcp",
            "security_group_id": "sg-04de874c6c25d6ef1",
            "security_group_rule_id": "sgr-0e808c329cc040f4f",
            "self": false,
            "source_security_group_id": "sg-04de874c6c25d6ef1",
            "timeouts": null,
            "to_port": 16443,
            "type": "ingress"
          },
          "sensitive_attributes": [],
          "identity_schema_version": 0,
          "private": "eyJlMmJmYjczMC1lY2FhLTExZTYtOGY4OC0zNDM2M2JjN2M0YzAiOnsiY3JlYXRlIjozMDAwMDAwMDAwMDB9LCJzY2hlbWFfdmVyc2lvbiI6IjIifQ==",
          "dependencies": [
            "aws_security_group.bastion",
            "aws_security_group.internal",
            "aws_vpc.main"
          ]
        },
        {
          "index_key": "3",
          "schema_version": 2,
          "attributes": {
            "cidr_blocks": null,
            "description": "MicroK8s clustering",
            "from_port": 25000,
            "id": "sgrule-2970555348",
            "ipv6_cidr_blocks": null,
            "prefix_list_ids": null,
            "protocol": "tcp",
            "security_group_id": "sg-04de874c6c25d6ef1",
            "security_group_rule_id": "sgr-06c84dde9213d4889",
            "self": false,
            "source_security_group_id": "sg-04de874c6c25d6ef1",
            "timeouts": null,
            "to_port": 25000,
            "type": "ingress"
          },
          "sensitive_attributes": [],
          "identity_schema_version": 0,
          "private": "eyJlMmJmYjczMC1lY2FhLTExZTYtOGY4OC0zNDM2M2JjN2M0YzAiOnsiY3JlYXRlIjozMDAwMDAwMDAwMDB9LCJzY2hlbWFfdmVyc2lvbiI6IjIifQ==",
          "dependencies": [
            "aws_security_group.bastion",
            "aws_security_group.internal",
            "aws_vpc.main"
          ]
        },
        {
          "index_key": "4",
          "schema_version": 2,
          "attributes": {
            "cidr_blocks": null,
            "description": "VXLAN for pod networking",
            "from_port": 4789,
            "id": "sgrule-3926930618",
            "ipv6_cidr_blocks": null,
            "prefix_list_ids": null,
            "protocol": "udp",
            "security_group_id": "sg-04de874c6c25d6ef1",
            "security_group_rule_id": "sgr-02c2055624707cd17",
            "self": false,
            "source_security_group_id": "sg-04de874c6c25d6ef1",
            "timeouts": null,
            "to_port": 4789,
            "type": "ingress"
          },
          "sensitive_attributes": [],
          "identity_schema_version": 0,
          "private": "eyJlMmJmYjczMC1lY2FhLTExZTYtOGY4OC0zNDM2M2JjN2M0YzAiOnsiY3JlYXRlIjozMDAwMDAwMDAwMDB9LCJzY2hlbWFfdmVyc2lvbiI6IjIifQ==",
          "dependencies": [
            "aws_security_group.bastion",
            "aws_security_group.internal",
            "aws_vpc.main"
          ]
        },
        {
          "index_key": "5",
          "schema_version": 2,
          "attributes": {
            "cidr_blocks": null,
            "description": "Calico BGP",
            "from_port": 179,
            "id": "sgrule-3407481814",
            "ipv6_cidr_blocks": null,
            "prefix_list_ids": null,
            "protocol": "tcp",
            "security_group_id": "sg-04de874c6c25d6ef1",
            "security_group_rule_id": "sgr-09e3ba82f51e1a4d1",
            "self": false,
            "source_security_group_id": "sg-04de874c6c25d6ef1",
            "timeouts": null,
            "to_port": 179,
            "type": "ingress"
          },
          "sensitive_attributes": [],
          "identity_schema_version": 0,
          "private": "eyJlMmJmYjczMC1lY2FhLTExZTYtOGY4OC0zNDM2M2JjN2M0YzAiOnsiY3JlYXRlIjozMDAwMDAwMDAwMDB9LCJzY2hlbWFfdmVyc2lvbiI6IjIifQ==",
          "dependencies": [
            "aws_security_group.bastion",
            "aws_security_group.internal",
            "aws_vpc.main"
          ]
        },
        {
          "index_key": "6",
          "schema_version": 2,
          "attributes": {
            "cidr_blocks": null,
            "description": "etcd",
            "from_port": 12379,
            "id": "sgrule-2986204365",
            "ipv6_cidr_blocks": null,
            "prefix_list_ids": null,
            "protocol": "tcp",
            "security_group_id": "sg-04de874c6c25d6ef1",
            "security_group_rule_id": "sgr-0710c9dfa77333670",
            "self": false,
            "source_security_group_id": "sg-04de874c6c25d6ef1",
            "timeouts": null,
            "to_port": 12379,
            "type": "ingress"
          },
          "sensitive_attributes": [],
          "identity_schema_version": 0,
          "private": "eyJlMmJmYjczMC1lY2FhLTExZTYtOGY4OC0zNDM2M2JjN2M0YzAiOnsiY3JlYXRlIjozMDAwMDAwMDAwMDB9LCJzY2hlbWFfdmVyc2lvbiI6IjIifQ==",
          "dependencies": [
            "aws_security_group.bastion",
            "aws_security_group.internal",
            "aws_vpc.main"
          ]
        },
        {
          "index_key": "7",
          "schema_version": 2,
          "attributes": {
            "cidr_blocks": null,
            "description": "NodePort range",
            "from_port": 30000,
            "id": "sgrule-3624171624",
            "ipv6_cidr_blocks": null,
            "prefix_list_ids": null,
            "protocol": "tcp",
            "security_group_id": "sg-04de874c6c25d6ef1",
            "security_group_rule_id": "sgr-043b98c271aaf0e74",
            "self": false,
            "source_security_group_id": "sg-05a7850f72345b889",
            "timeouts": null,
            "to_port": 30000,
            "type": "ingress"
          },
          "sensitive_attributes": [],
          "identity_schema_version": 0,
          "private": "eyJlMmJmYjczMC1lY2FhLTExZTYtOGY4OC0zNDM2M2JjN2M0YzAiOnsiY3JlYXRlIjozMDAwMDAwMDAwMDB9LCJzY2hlbWFfdmVyc2lvbiI6IjIifQ==",
          "dependencies": [
            "aws_security_group.bastion",
            "aws_security_group.internal",
            "aws_vpc.main"
          ]
        },
        {
          "index_key": "8",
          "schema_version": 2,
          "attributes": {
            "cidr_blocks": null,
            "description": "All internal cluster traffic",
            "from_port": 0,
            "id": "sgrule-3142446711",
            "ipv6_cidr_blocks": null,
            "prefix_list_ids": null,
            "protocol": "-1",
            "security_group_id": "sg-04de874c6c25d6ef1",
            "security_group_rule_id": "sgr-0aa8b4a9870a3eddb",
            "self": false,
            "source_security_group_id": "sg-04de874c6c25d6ef1",
            "timeouts": null,
            "to_port": 0,
            "type": "ingress"
          },
          "sensitive_attributes": [],
          "identity_schema_version": 0,
          "private": "eyJlMmJmYjczMC1lY2FhLTExZTYtOGY4OC0zNDM2M2JjN2M0YzAiOnsiY3JlYXRlIjozMDAwMDAwMDAwMDB9LCJzY2hlbWFfdmVyc2lvbiI6IjIifQ==",
          "dependencies": [
            "aws_security_group.bastion",
            "aws_security_group.internal",
            "aws_vpc.main"
          ]
        }
      ]
    },
    {
      "mode": "managed",
      "type": "aws_subnet",
      "name": "private",
      "provider": "provider[\"registry.terraform.io/hashicorp/aws\"]",
      "instances": [
        {
          "schema_version": 1,
          "attributes": {
            "arn": "arn:aws:ec2:eu-west-2:886403637725:subnet/subnet-0f11d2b15dab58cc0",
            "assign_ipv6_address_on_creation": false,
            "availability_zone": "eu-west-2a",
            "availability_zone_id": "euw2-az2",
            "cidr_block": "10.112.2.0/24",
            "customer_owned_ipv4_pool": "",
            "enable_dns64": false,
            "enable_lni_at_device_index": 0,
            "enable_resource_name_dns_a_record_on_launch": false,
            "enable_resource_name_dns_aaaa_record_on_launch": false,
            "id": "subnet-0f11d2b15dab58cc0",
            "ipv6_cidr_block": "",
            "ipv6_cidr_block_association_id": "",
            "ipv6_native": false,
            "map_customer_owned_ip_on_launch": false,
            "map_public_ip_on_launch": false,
            "outpost_arn": "",
            "owner_id": "886403637725",
            "private_dns_hostname_type_on_launch": "ip-name",
            "tags": {
              "CreatedAt": "2026-04-30T11:33:14Z",
              "Environment": "perf-test",
              "ManagedBy": "Terraform",
              "Name": "p-202603061651-private-subnet",
              "Project": "p-202603061651",
              "Type": "private"
            },
            "tags_all": {
              "CreatedAt": "2026-04-30T11:33:14Z",
              "Environment": "perf-test",
              "ManagedBy": "Terraform",
              "Name": "p-202603061651-private-subnet",
              "Project": "p-202603061651",
              "Type": "private"
            },
            "timeouts": null,
            "vpc_id": "vpc-0fc7811d471daa9a9"
          },
          "sensitive_attributes": [],
          "identity_schema_version": 0,
          "private": "eyJlMmJmYjczMC1lY2FhLTExZTYtOGY4OC0zNDM2M2JjN2M0YzAiOnsiY3JlYXRlIjo2MDAwMDAwMDAwMDAsImRlbGV0ZSI6MTIwMDAwMDAwMDAwMH0sInNjaGVtYV92ZXJzaW9uIjoiMSJ9",
          "dependencies": [
            "aws_vpc.main",
            "data.aws_availability_zones.available"
          ]
        }
      ]
    },
    {
      "mode": "managed",
      "type": "aws_subnet",
      "name": "public",
      "provider": "provider[\"registry.terraform.io/hashicorp/aws\"]",
      "instances": [
        {
          "schema_version": 1,
          "attributes": {
            "arn": "arn:aws:ec2:eu-west-2:886403637725:subnet/subnet-0d7a99328fa4c8c35",
            "assign_ipv6_address_on_creation": false,
            "availability_zone": "eu-west-2a",
            "availability_zone_id": "euw2-az2",
            "cidr_block": "10.112.1.0/24",
            "customer_owned_ipv4_pool": "",
            "enable_dns64": false,
            "enable_lni_at_device_index": 0,
            "enable_resource_name_dns_a_record_on_launch": false,
            "enable_resource_name_dns_aaaa_record_on_launch": false,
            "id": "subnet-0d7a99328fa4c8c35",
            "ipv6_cidr_block": "",
            "ipv6_cidr_block_association_id": "",
            "ipv6_native": false,
            "map_customer_owned_ip_on_launch": false,
            "map_public_ip_on_launch": true,
            "outpost_arn": "",
            "owner_id": "886403637725",
            "private_dns_hostname_type_on_launch": "ip-name",
            "tags": {
              "CreatedAt": "2026-04-30T11:33:14Z",
              "Environment": "perf-test",
              "ManagedBy": "Terraform",
              "Name": "p-202603061651-public-subnet",
              "Project": "p-202603061651",
              "Type": "public"
            },
            "tags_all": {
              "CreatedAt": "2026-04-30T11:33:14Z",
              "Environment": "perf-test",
              "ManagedBy": "Terraform",
              "Name": "p-202603061651-public-subnet",
              "Project": "p-202603061651",
              "Type": "public"
            },
            "timeouts": null,
            "vpc_id": "vpc-0fc7811d471daa9a9"
          },
          "sensitive_attributes": [],
          "identity_schema_version": 0,
          "private": "eyJlMmJmYjczMC1lY2FhLTExZTYtOGY4OC0zNDM2M2JjN2M0YzAiOnsiY3JlYXRlIjo2MDAwMDAwMDAwMDAsImRlbGV0ZSI6MTIwMDAwMDAwMDAwMH0sInNjaGVtYV92ZXJzaW9uIjoiMSJ9",
          "dependencies": [
            "aws_vpc.main",
            "data.aws_availability_zones.available"
          ]
        }
      ]
    },
    {
      "mode": "managed",
      "type": "aws_vpc",
      "name": "main",
      "provider": "provider[\"registry.terraform.io/hashicorp/aws\"]",
      "instances": [
        {
          "schema_version": 1,
          "attributes": {
            "arn": "arn:aws:ec2:eu-west-2:886403637725:vpc/vpc-0fc7811d471daa9a9",
            "assign_generated_ipv6_cidr_block": false,
            "cidr_block": "10.112.0.0/16",
            "default_network_acl_id": "acl-064ae6275a1d1da54",
            "default_route_table_id": "rtb-02547e075c67fc5de",
            "default_security_group_id": "sg-0fb2e274f9628c997",
            "dhcp_options_id": "dopt-98cf35f1",
            "enable_dns_hostnames": true,
            "enable_dns_support": true,
            "enable_network_address_usage_metrics": false,
            "id": "vpc-0fc7811d471daa9a9",
            "instance_tenancy": "default",
            "ipv4_ipam_pool_id": null,
            "ipv4_netmask_length": null,
            "ipv6_association_id": "",
            "ipv6_cidr_block": "",
            "ipv6_cidr_block_network_border_group": "",
            "ipv6_ipam_pool_id": "",
            "ipv6_netmask_length": 0,
            "main_route_table_id": "rtb-02547e075c67fc5de",
            "owner_id": "886403637725",
            "tags": {
              "CreatedAt": "2026-04-30T11:33:14Z",
              "Environment": "perf-test",
              "ManagedBy": "Terraform",
              "Name": "p-202603061651-vpc",
              "Project": "p-202603061651"
            },
            "tags_all": {
              "CreatedAt": "2026-04-30T11:33:14Z",
              "Environment": "perf-test",
              "ManagedBy": "Terraform",
              "Name": "p-202603061651-vpc",
              "Project": "p-202603061651"
            }
          },
          "sensitive_attributes": [],
          "identity_schema_version": 0,
          "private": "eyJzY2hlbWFfdmVyc2lvbiI6IjEifQ=="
        }
      ]
    },
    {
      "mode": "managed",
      "type": "local_file",
      "name": "ansible_inventory",
      "provider": "provider[\"registry.terraform.io/hashicorp/local\"]",
      "instances": [
        {
          "schema_version": 0,
          "attributes": {
            "content": "# Ansible Inventory - Auto-generated by Terraform\n# Generated at: 2026-04-30T11:34:20Z\n\nall:\n  vars:\n    ansible_user: ubuntu\n    ansible_python_interpreter: /usr/bin/python3\n    # SSH config handles ProxyJump - no need for ProxyCommand here\n\n    # Project variables\n    project_name: p-202603061651\n    environment: perf-test\n    region: eu-west-2\n\n    # Kubernetes configuration\n    k8s_version: \"1.28/stable\"\n    k8s_cluster_name: \"mojaloop-perf\"\n\n  children:\n    bastion:\n      hosts:\n        bastion-host:\n          ansible_host: 18.135.5.63\n          ansible_ssh_common_args: '-o StrictHostKeyChecking=no'\n          public_ip: 18.135.5.63\n          private_ip: 10.112.1.25\n          instance_id: i-08eb325b44b9cf2a9\n\n    switch:\n      hosts:\n        sw1-kafka-ctrl-1:\n          ansible_host: sw1-kafka-ctrl-1  # Use hostname from SSH config\n          private_ip: 10.112.2.65\n          instance_id: i-0c0bd218ec2a953ed\n          instance_type: m4.2xlarge\n          role: ml-sw\n          k8s_role: control-plane\n        sw1-kafka-n1:\n          ansible_host: sw1-kafka-n1  # Use hostname from SSH config\n          private_ip: 10.112.2.7\n          instance_id: i-0ae4f8005b3500c32\n          instance_type: m4.2xlarge\n          role: ml-sw\n          k8s_role: control-plane\n        sw1-kafka-n2:\n          ansible_host: sw1-kafka-n2  # Use hostname from SSH config\n          private_ip: 10.112.2.189\n          instance_id: i-08cc8accff20e53af\n          instance_type: m4.2xlarge\n          role: ml-sw\n          k8s_role: control-plane\n        sw1-kafka-n3:\n          ansible_host: sw1-kafka-n3  # Use hostname from SSH config\n          private_ip: 10.112.2.236\n          instance_id: i-0397e512910a52d5d\n          instance_type: m4.2xlarge\n          role: ml-sw\n          k8s_role: control-plane\n        sw1-monitoring:\n          ansible_host: sw1-monitoring  # Use hostname from SSH config\n          private_ip: 10.112.2.23\n          instance_id: i-08ddf18a24b0b1374\n          instance_type: m4.2xlarge\n          role: ml-sw\n          k8s_role: control-plane\n        sw1-mysql:\n          ansible_host: sw1-mysql  # Use hostname from SSH config\n          private_ip: 10.112.2.102\n          instance_id: i-02a5e7ba88d73b6fc\n          instance_type: m4.2xlarge\n          role: ml-sw\n          k8s_role: control-plane\n        sw1-n1:\n          ansible_host: sw1-n1  # Use hostname from SSH config\n          private_ip: 10.112.2.166\n          instance_id: i-009eb70a522b15893\n          instance_type: m4.2xlarge\n          role: ml-sw\n          k8s_role: control-plane\n        sw1-n2:\n          ansible_host: sw1-n2  # Use hostname from SSH config\n          private_ip: 10.112.2.191\n          instance_id: i-035cd05f99a017223\n          instance_type: m4.2xlarge\n          role: ml-sw\n          k8s_role: control-plane\n        sw1-n3:\n          ansible_host: sw1-n3  # Use hostname from SSH config\n          private_ip: 10.112.2.41\n          instance_id: i-0adb2f908a44d5aab\n          instance_type: m4.2xlarge\n          role: ml-sw\n          k8s_role: control-plane\n\n    dfsps:\n      hosts:\n        fsp201:\n          ansible_host: fsp201  # Use hostname from SSH config\n          private_ip: 10.112.2.222\n          instance_id: i-068de0e1fefcf9228\n          instance_type: m4.xlarge\n          role: ml-dfsp\n          k8s_role: worker\n        fsp202:\n          ansible_host: fsp202  # Use hostname from SSH config\n          private_ip: 10.112.2.57\n          instance_id: i-089898425cd15c20e\n          instance_type: m4.xlarge\n          role: ml-dfsp\n          k8s_role: worker\n        fsp203:\n          ansible_host: fsp203  # Use hostname from SSH config\n          private_ip: 10.112.2.134\n          instance_id: i-0a058a9eabe157327\n          instance_type: m4.xlarge\n          role: ml-dfsp\n          k8s_role: worker\n        fsp204:\n          ansible_host: fsp204  # Use hostname from SSH config\n          private_ip: 10.112.2.185\n          instance_id: i-0fe0c289bbdf88e6a\n          instance_type: m4.xlarge\n          role: ml-dfsp\n          k8s_role: worker\n        fsp205:\n          ansible_host: fsp205  # Use hostname from SSH config\n          private_ip: 10.112.2.92\n          instance_id: i-08dc8ed35e0d5fe8d\n          instance_type: m4.xlarge\n          role: ml-dfsp\n          k8s_role: worker\n        fsp206:\n          ansible_host: fsp206  # Use hostname from SSH config\n          private_ip: 10.112.2.160\n          instance_id: i-0b74098dc5cd699f5\n          instance_type: m4.xlarge\n          role: ml-dfsp\n          k8s_role: worker\n        fsp207:\n          ansible_host: fsp207  # Use hostname from SSH config\n          private_ip: 10.112.2.116\n          instance_id: i-0d2e7e15209b9f87e\n          instance_type: m4.xlarge\n          role: ml-dfsp\n          k8s_role: worker\n        fsp208:\n          ansible_host: fsp208  # Use hostname from SSH config\n          private_ip: 10.112.2.15\n          instance_id: i-053ad36fc419fdddf\n          instance_type: m4.xlarge\n          role: ml-dfsp\n          k8s_role: worker\n        k6:\n          ansible_host: k6  # Use hostname from SSH config\n          private_ip: 10.112.2.129\n          instance_id: i-0c4d19aa28b2bcd40\n          instance_type: m4.xlarge\n          role: ml-dfsp\n          k8s_role: worker\n\n    # Grouping by Kubernetes roles\n    k8s_control_plane:\n      hosts:\n        sw1-kafka-ctrl-1:\n        sw1-kafka-n1:\n        sw1-kafka-n2:\n        sw1-kafka-n3:\n        sw1-monitoring:\n        sw1-mysql:\n        sw1-n1:\n        sw1-n2:\n        sw1-n3:\n\n    k8s_workers:\n      hosts:\n        fsp201:\n        fsp202:\n        fsp203:\n        fsp204:\n        fsp205:\n        fsp206:\n        fsp207:\n        fsp208:\n        k6:\n\n    # Grouping all k8s nodes\n    k8s_cluster:\n      children:\n        k8s_control_plane:\n        k8s_workers:\n      # Note: k8s networking vars are now in config.yaml and read by Ansible",
            "content_base64": null,
            "content_base64sha256": "m9K0rMLl8IYSxCsab9LEDRqdnfJuE369dOGpVxCQEB8=",
            "content_base64sha512": "lkpU+FAjq1cz43/q5mcxpUOoBBAFrQkpBVKRQ7Ea9nqBppBje0z7a3UzP1puj6R0psPeT31gjhK5PODqfocWsg==",
            "content_md5": "6715e34b05ead55234bdf721584d8a54",
            "content_sha1": "8bcc71ab98b37948f3ed51a6c5369d1b8c811b08",
            "content_sha256": "9bd2b4acc2e5f08612c42b1a6fd2c40d1a9d9df26e137ebd74e1a9571090101f",
            "content_sha512": "964a54f85023ab5733e37feae66731a543a8041005ad092905529143b11af67a81a690637b4cfb6b75333f5a6e8fa474a6c3de4f7d608e12b93ce0ea7e8716b2",
            "directory_permission": "0777",
            "file_permission": "0777",
            "filename": "../../../performance-tests/results/500tps/artifacts/inventory.yaml",
            "id": "8bcc71ab98b37948f3ed51a6c5369d1b8c811b08",
            "sensitive_content": null,
            "source": null
          },
          "sensitive_attributes": [
            [
              {
                "type": "get_attr",
                "value": "sensitive_content"
              }
            ]
          ],
          "identity_schema_version": 0,
          "dependencies": [
            "aws_instance.bastion",
            "aws_instance.dfsp",
            "aws_instance.switch",
            "aws_placement_group.cluster",
            "aws_security_group.bastion",
            "aws_security_group.internal",
            "aws_subnet.private",
            "aws_subnet.public",
            "aws_vpc.main",
            "data.aws_availability_zones.available",
            "data.aws_key_pair.existing"
          ]
        }
      ]
    },
    {
      "mode": "managed",
      "type": "local_file",
      "name": "connection_info",
      "provider": "provider[\"registry.terraform.io/hashicorp/local\"]",
      "instances": [
        {
          "schema_version": 0,
          "attributes": {
            "content": "===============================================================================\nMojaloop Performance Testing Infrastructure - Connection Information\nGenerated: 2026-04-30T11:35:55Z\n===============================================================================\n\nBASTION HOST:\n  Public IP: 18.135.5.63\n  SSH: ssh -i ~/.ssh/ndelma-gtm-202504091000.pem ubuntu@18.135.5.63\n\nQUICK SETUP:\n  1. Append SSH config to your local SSH config:\n     cat artifacts/ssh-config \u003e\u003e ~/.ssh/config\n\n  2. Test connection to bastion:\n     ssh perf-jump-host\n\n  3. Connect to any node:\n     ssh sw1-n1\n     ssh sw1-kafka\n     ssh sw1-mysql\n     ssh fsp201\n\nLOAD BALANCER (NLB):\n  DNS: p-202603061651-switch-nlb-8d3362f8ec3979a3.elb.eu-west-2.amazonaws.com\n  URL: http://p-202603061651-switch-nlb-8d3362f8ec3979a3.elb.eu-west-2.amazonaws.com\n\nPLACEMENT GROUP: p-202603061651-cluster-pg\n\nFILES GENERATED:\n  - artifacts/inventory.yaml     : Ansible inventory\n  - artifacts/ssh-config        : SSH client configuration\n  - artifacts/hosts             : Hosts file entries\n  - artifacts/connection-info.txt : This file\n\nSWITCH NODES:\n  sw1-kafka-ctrl-1: 10.112.2.65\n  sw1-kafka-n1: 10.112.2.7\n  sw1-kafka-n2: 10.112.2.189\n  sw1-kafka-n3: 10.112.2.236\n  sw1-monitoring: 10.112.2.23\n  sw1-mysql: 10.112.2.102\n  sw1-n1: 10.112.2.166\n  sw1-n2: 10.112.2.191\n  sw1-n3: 10.112.2.41\n\nDFSP NODES:\n  fsp201: 10.112.2.222\n  fsp202: 10.112.2.57\n  fsp203: 10.112.2.134\n  fsp204: 10.112.2.185\n  fsp205: 10.112.2.92\n  fsp206: 10.112.2.160\n  fsp207: 10.112.2.116\n  fsp208: 10.112.2.15\n  k6: 10.112.2.129\n===============================================================================\n",
            "content_base64": null,
            "content_base64sha256": "KFpbNtir1jUYqJvtzbZ+Ngjrg0NllZsVB4MxDug/yLY=",
            "content_base64sha512": "5m18LjW1okG+isUagxBqoNDuP4ybpgonvgRAhuyrUqkRgE04eNdVDZCsQcRmGwbagwpyBl3FvR+2jP+dJJG1fw==",
            "content_md5": "5a296dc69489c012cbfa27fb6608512b",
            "content_sha1": "7428751ba7162a67eba481b2c99c3d5da225b055",
            "content_sha256": "285a5b36d8abd63518a89bedcdb67e3608eb834365959b150783310ee83fc8b6",
            "content_sha512": "e66d7c2e35b5a241be8ac51a83106aa0d0ee3f8c9ba60a27be044086ecab52a911804d3878d7550d90ac41c4661b06da830a72065dc5bd1fb68cff9d2491b57f",
            "directory_permission": "0777",
            "file_permission": "0777",
            "filename": "../../../performance-tests/results/500tps/artifacts/connection-info.txt",
            "id": "7428751ba7162a67eba481b2c99c3d5da225b055",
            "sensitive_content": null,
            "source": null
          },
          "sensitive_attributes": [
            [
              {
                "type": "get_attr",
                "value": "sensitive_content"
              }
            ]
          ],
          "identity_schema_version": 0,
          "dependencies": [
            "aws_instance.bastion",
            "aws_instance.dfsp",
            "aws_instance.switch",
            "aws_lb.switch_nlb",
            "aws_placement_group.cluster",
            "aws_security_group.bastion",
            "aws_security_group.internal",
            "aws_subnet.private",
            "aws_subnet.public",
            "aws_vpc.main",
            "data.aws_availability_zones.available",
            "data.aws_key_pair.existing"
          ]
        }
      ]
    },
    {
      "mode": "managed",
      "type": "local_file",
      "name": "hosts_file",
      "provider": "provider[\"registry.terraform.io/hashicorp/local\"]",
      "instances": [
        {
          "schema_version": 0,
          "attributes": {
            "content": "# Mojaloop Performance Testing Infrastructure Hosts\n# Generated by Terraform at: 2026-04-30T11:34:20Z\n# Add to /etc/hosts or use with --hosts-file\n\n# Bastion\n18.135.5.63    perf-jump-host bastion\n\n# Switch Nodes\n10.112.2.65    sw1-kafka-ctrl-1\n10.112.2.7    sw1-kafka-n1\n10.112.2.189    sw1-kafka-n2\n10.112.2.236    sw1-kafka-n3\n10.112.2.23    sw1-monitoring\n10.112.2.102    sw1-mysql\n10.112.2.166    sw1-n1\n10.112.2.191    sw1-n2\n10.112.2.41    sw1-n3\n\n# DFSP Nodes\n10.112.2.222    fsp201\n10.112.2.57    fsp202\n10.112.2.134    fsp203\n10.112.2.185    fsp204\n10.112.2.92    fsp205\n10.112.2.160    fsp206\n10.112.2.116    fsp207\n10.112.2.15    fsp208\n10.112.2.129    k6\n",
            "content_base64": null,
            "content_base64sha256": "ZA+1ZiAIlVb2C+0E2OzYAh3i6psU1ziAVWPcivVmRWI=",
            "content_base64sha512": "WVMZIdyepNF7YBr2cHfgH8YfVIFBe4cy1uS6FL44kZTD3uTW203E0QB1DdvFyxqF+0rHTp6QshAE3I6fFXdfWA==",
            "content_md5": "13b453088ddaaab49d326acfa7b86bf7",
            "content_sha1": "64f9a5244612499147c99efb2e7e83577be272e7",
            "content_sha256": "640fb56620089556f60bed04d8ecd8021de2ea9b14d738805563dc8af5664562",
            "content_sha512": "59531921dc9ea4d17b601af67077e01fc61f5481417b8732d6e4ba14be389194c3dee4d6db4dc4d100750ddbc5cb1a85fb4ac74e9e90b21004dc8e9f15775f58",
            "directory_permission": "0777",
            "file_permission": "0777",
            "filename": "../../../performance-tests/results/500tps/artifacts/hosts",
            "id": "64f9a5244612499147c99efb2e7e83577be272e7",
            "sensitive_content": null,
            "source": null
          },
          "sensitive_attributes": [
            [
              {
                "type": "get_attr",
                "value": "sensitive_content"
              }
            ]
          ],
          "identity_schema_version": 0,
          "dependencies": [
            "aws_instance.bastion",
            "aws_instance.dfsp",
            "aws_instance.switch",
            "aws_placement_group.cluster",
            "aws_security_group.bastion",
            "aws_security_group.internal",
            "aws_subnet.private",
            "aws_subnet.public",
            "aws_vpc.main",
            "data.aws_availability_zones.available",
            "data.aws_key_pair.existing"
          ]
        }
      ]
    },
    {
      "mode": "managed",
      "type": "local_file",
      "name": "ssh_config",
      "provider": "provider[\"registry.terraform.io/hashicorp/local\"]",
      "instances": [
        {
          "schema_version": 0,
          "attributes": {
            "content": "# SSH Configuration for Mojaloop Performance Testing Infrastructure\n# Generated by Terraform at: 2026-04-30T11:34:20Z\n#\n# Add this to your ~/.ssh/config file or use with:\n# ssh -F ssh-config.generated \u003chost\u003e\n\n# Bastion Jump Host\nHost perf-jump-host\n    HostName 18.135.5.63\n    User ubuntu\n    IdentityFile ~/.ssh/ndelma-gtm-202504091000.pem\n    ForwardAgent yes\n    StrictHostKeyChecking no\n    UserKnownHostsFile=/dev/null\n\n# Switch Nodes\nHost sw1-kafka-ctrl-1\n    HostName 10.112.2.65\n    User ubuntu\n    IdentityFile ~/.ssh/ndelma-gtm-202504091000.pem\n    ProxyJump perf-jump-host\n    StrictHostKeyChecking no\n    UserKnownHostsFile=/dev/null\n\nHost sw1-kafka-n1\n    HostName 10.112.2.7\n    User ubuntu\n    IdentityFile ~/.ssh/ndelma-gtm-202504091000.pem\n    ProxyJump perf-jump-host\n    StrictHostKeyChecking no\n    UserKnownHostsFile=/dev/null\n\nHost sw1-kafka-n2\n    HostName 10.112.2.189\n    User ubuntu\n    IdentityFile ~/.ssh/ndelma-gtm-202504091000.pem\n    ProxyJump perf-jump-host\n    StrictHostKeyChecking no\n    UserKnownHostsFile=/dev/null\n\nHost sw1-kafka-n3\n    HostName 10.112.2.236\n    User ubuntu\n    IdentityFile ~/.ssh/ndelma-gtm-202504091000.pem\n    ProxyJump perf-jump-host\n    StrictHostKeyChecking no\n    UserKnownHostsFile=/dev/null\n\nHost sw1-monitoring\n    HostName 10.112.2.23\n    User ubuntu\n    IdentityFile ~/.ssh/ndelma-gtm-202504091000.pem\n    ProxyJump perf-jump-host\n    StrictHostKeyChecking no\n    UserKnownHostsFile=/dev/null\n\nHost sw1-mysql\n    HostName 10.112.2.102\n    User ubuntu\n    IdentityFile ~/.ssh/ndelma-gtm-202504091000.pem\n    ProxyJump perf-jump-host\n    StrictHostKeyChecking no\n    UserKnownHostsFile=/dev/null\n\nHost sw1-n1\n    HostName 10.112.2.166\n    User ubuntu\n    IdentityFile ~/.ssh/ndelma-gtm-202504091000.pem\n    ProxyJump perf-jump-host\n    StrictHostKeyChecking no\n    UserKnownHostsFile=/dev/null\n\nHost sw1-n2\n    HostName 10.112.2.191\n    User ubuntu\n    IdentityFile ~/.ssh/ndelma-gtm-202504091000.pem\n    ProxyJump perf-jump-host\n    StrictHostKeyChecking no\n    UserKnownHostsFile=/dev/null\n\nHost sw1-n3\n    HostName 10.112.2.41\n    User ubuntu\n    IdentityFile ~/.ssh/ndelma-gtm-202504091000.pem\n    ProxyJump perf-jump-host\n    StrictHostKeyChecking no\n    UserKnownHostsFile=/dev/null\n\n# DFSP Nodes\nHost fsp201\n    HostName 10.112.2.222\n    User ubuntu\n    IdentityFile ~/.ssh/ndelma-gtm-202504091000.pem\n    ProxyJump perf-jump-host\n    StrictHostKeyChecking no\n    UserKnownHostsFile=/dev/null\n\nHost fsp202\n    HostName 10.112.2.57\n    User ubuntu\n    IdentityFile ~/.ssh/ndelma-gtm-202504091000.pem\n    ProxyJump perf-jump-host\n    StrictHostKeyChecking no\n    UserKnownHostsFile=/dev/null\n\nHost fsp203\n    HostName 10.112.2.134\n    User ubuntu\n    IdentityFile ~/.ssh/ndelma-gtm-202504091000.pem\n    ProxyJump perf-jump-host\n    StrictHostKeyChecking no\n    UserKnownHostsFile=/dev/null\n\nHost fsp204\n    HostName 10.112.2.185\n    User ubuntu\n    IdentityFile ~/.ssh/ndelma-gtm-202504091000.pem\n    ProxyJump perf-jump-host\n    StrictHostKeyChecking no\n    UserKnownHostsFile=/dev/null\n\nHost fsp205\n    HostName 10.112.2.92\n    User ubuntu\n    IdentityFile ~/.ssh/ndelma-gtm-202504091000.pem\n    ProxyJump perf-jump-host\n    StrictHostKeyChecking no\n    UserKnownHostsFile=/dev/null\n\nHost fsp206\n    HostName 10.112.2.160\n    User ubuntu\n    IdentityFile ~/.ssh/ndelma-gtm-202504091000.pem\n    ProxyJump perf-jump-host\n    StrictHostKeyChecking no\n    UserKnownHostsFile=/dev/null\n\nHost fsp207\n    HostName 10.112.2.116\n    User ubuntu\n    IdentityFile ~/.ssh/ndelma-gtm-202504091000.pem\n    ProxyJump perf-jump-host\n    StrictHostKeyChecking no\n    UserKnownHostsFile=/dev/null\n\nHost fsp208\n    HostName 10.112.2.15\n    User ubuntu\n    IdentityFile ~/.ssh/ndelma-gtm-202504091000.pem\n    ProxyJump perf-jump-host\n    StrictHostKeyChecking no\n    UserKnownHostsFile=/dev/null\n\nHost k6\n    HostName 10.112.2.129\n    User ubuntu\n    IdentityFile ~/.ssh/ndelma-gtm-202504091000.pem\n    ProxyJump perf-jump-host\n    StrictHostKeyChecking no\n    UserKnownHostsFile=/dev/null\n\n# Wildcard for all private subnet hosts\nHost 10.110.*\n    User ubuntu\n    IdentityFile ~/.ssh/ndelma-gtm-202504091000.pem\n    ProxyJump perf-jump-host\n    StrictHostKeyChecking no\n    UserKnownHostsFile=/dev/null",
            "content_base64": null,
            "content_base64sha256": "9KDeSa4M32B/b+k/uhKBb5VM0bETrAw+DoGDIPWseVE=",
            "content_base64sha512": "SbLA+VcaGVzB8yYfpl1aJVlC74tzbDhdeyFd5+mDsdoQ7yV52TlmrZWm28/qgQ/Jk5aVXNcocFWvnhF+/8jC7A==",
            "content_md5": "544298a501a68d47055f16998cde0ace",
            "content_sha1": "20b24b3527ac78da052ae157605d1b3a3d4556d5",
            "content_sha256": "f4a0de49ae0cdf607f6fe93fba12816f954cd1b113ac0c3e0e818320f5ac7951",
            "content_sha512": "49b2c0f9571a195cc1f3261fa65d5a255942ef8b736c385d7b215de7e983b1da10ef2579d93966ad95a6dbcfea810fc99396955cd7287055af9e117effc8c2ec",
            "directory_permission": "0777",
            "file_permission": "0777",
            "filename": "../../../performance-tests/results/500tps/artifacts/ssh-config",
            "id": "20b24b3527ac78da052ae157605d1b3a3d4556d5",
            "sensitive_content": null,
            "source": null
          },
          "sensitive_attributes": [
            [
              {
                "type": "get_attr",
                "value": "sensitive_content"
              }
            ]
          ],
          "identity_schema_version": 0,
          "dependencies": [
            "aws_instance.bastion",
            "aws_instance.dfsp",
            "aws_instance.switch",
            "aws_placement_group.cluster",
            "aws_security_group.bastion",
            "aws_security_group.internal",
            "aws_subnet.private",
            "aws_subnet.public",
            "aws_vpc.main",
            "data.aws_availability_zones.available",
            "data.aws_key_pair.existing"
          ]
        }
      ]
    }
  ],
  "check_results": null
}
